
Microsoft Visual Studio Solution File, Format Version 12.00
# Visual Studio Version 17
VisualStudioVersion = 17.8.34511.84
MinimumVisualStudioVersion = 10.0.40219.1
Project("{8BC9CEB8-8B4A-11D0-8D11-00A0C91BC942}") = "TheOneEditor", "TheOneEditor\TheOneEditor.vcxproj", "{4F643650-00D5-44F6-B376-1634C6583029}"
EndProject
Project("{8BC9CEB8-8B4A-11D0-8D11-00A0C91BC942}") = "TheOneEngine", "TheOneEngine\TheOneEngine.vcxproj", "{0E04F5B4-D4A2-4F7B-B350-A0EDCAE8A446}"
EndProject
Project("{8BC9CEB8-8B4A-11D0-8D11-00A0C91BC942}") = "TheOneAudio", "TheOneAudio\TheOneAudio.vcxproj", "{606662A0-B707-4C97-8361-5D46FD7FD1F3}"
EndProject
Global
	GlobalSection(SolutionConfigurationPlatforms) = preSolution
		Debug|x64 = Debug|x64
		Debug|x86 = Debug|x86
		Release|x64 = Release|x64
		Release|x86 = Release|x86
	EndGlobalSection
	GlobalSection(ProjectConfigurationPlatforms) = postSolution
		{4F643650-00D5-44F6-B376-1634C6583029}.Debug|x64.ActiveCfg = Debug|x64
		{4F643650-00D5-44F6-B376-1634C6583029}.Debug|x64.Build.0 = Debug|x64
		{4F643650-00D5-44F6-B376-1634C6583029}.Debug|x86.ActiveCfg = Debug|x64
		{4F643650-00D5-44F6-B376-1634C6583029}.Debug|x86.Build.0 = Debug|x64
		{4F643650-00D5-44F6-B376-1634C6583029}.Release|x64.ActiveCfg = Release|x64
		{4F643650-00D5-44F6-B376-1634C6583029}.Release|x64.Build.0 = Release|x64
		{4F643650-00D5-44F6-B376-1634C6583029}.Release|x86.ActiveCfg = Release|x64
		{4F643650-00D5-44F6-B376-1634C6583029}.Release|x86.Build.0 = Release|x64
		{0E04F5B4-D4A2-4F7B-B350-A0EDCAE8A446}.Debug|x64.ActiveCfg = Debug|x64
		{0E04F5B4-D4A2-4F7B-B350-A0EDCAE8A446}.Debug|x64.Build.0 = Debug|x64
		{0E04F5B4-D4A2-4F7B-B350-A0EDCAE8A446}.Debug|x86.ActiveCfg = Debug|x64
		{0E04F5B4-D4A2-4F7B-B350-A0EDCAE8A446}.Release|x64.ActiveCfg = Release|x64
		{0E04F5B4-D4A2-4F7B-B350-A0EDCAE8A446}.Release|x64.Build.0 = Release|x64
		{0E04F5B4-D4A2-4F7B-B350-A0EDCAE8A446}.Release|x86.ActiveCfg = Release|x64
		{606662A0-B707-4C97-8361-5D46FD7FD1F3}.Debug|x64.ActiveCfg = Debug|x64
		{606662A0-B707-4C97-8361-5D46FD7FD1F3}.Debug|x64.Build.0 = Debug|x64
		{606662A0-B707-4C97-8361-5D46FD7FD1F3}.Debug|x86.ActiveCfg = Debug|Win32
		{606662A0-B707-4C97-8361-5D46FD7FD1F3}.Debug|x86.Build.0 = Debug|Win32
		{606662A0-B707-4C97-8361-5D46FD7FD1F3}.Release|x64.ActiveCfg = Release|x64
		{606662A0-B707-4C97-8361-5D46FD7FD1F3}.Release|x64.Build.0 = Release|x64
		{606662A0-B707-4C97-8361-5D46FD7FD1F3}.Release|x86.ActiveCfg = Release|Win32
		{606662A0-B707-4C97-8361-5D46FD7FD1F3}.Release|x86.Build.0 = Release|Win32
	EndGlobalSection
	GlobalSection(SolutionProperties) = preSolution
		HideSolutionNode = FALSE
	EndGlobalSection
	GlobalSection(ExtensibilityGlobals) = postSolution
		SolutionGuid = {2A0F3070-F1B0-499F-BDE4-6931997F0884}
	EndGlobalSection
EndGlobal
