<?xml version="1.0" encoding="utf-8"?>
<Project ToolsVersion="4.0" xmlns="http://schemas.microsoft.com/developer/msbuild/2003">
  <ItemGroup>
    <Filter Include="Modules">
      <UniqueIdentifier>{182d53a6-8c69-4479-9113-64e8f4a0ccd5}</UniqueIdentifier>
    </Filter>
    <Filter Include="Main">
      <UniqueIdentifier>{d72c96f9-3d17-449b-a2fc-0e6ad8594658}</UniqueIdentifier>
    </Filter>
    <Filter Include="Timer">
      <UniqueIdentifier>{2ea60b0c-b574-4200-bd0e-f92a63561993}</UniqueIdentifier>
    </Filter>
    <Filter Include="Utils">
      <UniqueIdentifier>{ed4cb210-069c-48e5-84d7-de833520b2ac}</UniqueIdentifier>
    </Filter>
  </ItemGroup>
  <ItemGroup>
    <ClCompile Include="BuilderWindow.cpp">
      <Filter>Modules</Filter>
    </ClCompile>
    <ClCompile Include="Main.cpp">
      <Filter>Main</Filter>
    </ClCompile>
    <ClCompile Include="BuilderApp.cpp">
      <Filter>Main</Filter>
    </ClCompile>
    <ClCompile Include="Timer.cpp">
      <Filter>Timer</Filter>
    </ClCompile>
    <ClCompile Include="BuilderRenderer3D.cpp">
      <Filter>Modules</Filter>
    </ClCompile>
    <ClCompile Include="BuilderInput.cpp">
      <Filter>Modules</Filter>
    </ClCompile>
    <ClCompile Include="BuilderSceneManager.cpp">
      <Filter>Modules</Filter>
    </ClCompile>
  </ItemGroup>
  <ItemGroup>
    <ClInclude Include="BuilderWindow.h">
      <Filter>Modules</Filter>
    </ClInclude>
    <ClInclude Include="BuilderModule.h">
      <Filter>Modules</Filter>
    </ClInclude>
    <ClInclude Include="BuilderApp.h">
      <Filter>Main</Filter>
    </ClInclude>
    <ClInclude Include="Timer.h">
      <Filter>Timer</Filter>
    </ClInclude>
    <ClInclude Include="BuilderRenderer3D.h">
      <Filter>Modules</Filter>
    </ClInclude>
    <ClInclude Include="BuilderInput.h">
      <Filter>Modules</Filter>
    </ClInclude>
    <ClInclude Include="BuilderDefs.h">
      <Filter>Utils</Filter>
    </ClInclude>
    <ClInclude Include="BuilderSceneManager.h">
      <Filter>Modules</Filter>
    </ClInclude>
  </ItemGroup>
</Project>