<?xml version="1.0" encoding="utf-8"?>
<Project ToolsVersion="4.0" xmlns="http://schemas.microsoft.com/developer/msbuild/2003">
  <ItemGroup>
    <Filter Include="SoundEngine">
      <UniqueIdentifier>{9A73D964-068A-D7FA-4F01-631CBB56A882}</UniqueIdentifier>
    </Filter>
    <Filter Include="SoundEngine\Common">
      <UniqueIdentifier>{922F45CF-7E54-944F-A79F-79DF9323936D}</UniqueIdentifier>
    </Filter>
    <Filter Include="SoundEngine\Win32">
      <UniqueIdentifier>{FC76700F-68AE-B8A6-71B8-1CCADD6EDF9F}</UniqueIdentifier>
    </Filter>
    <Filter Include="Common">
      <UniqueIdentifier>{79269E1A-E590-5291-2ECF-03379A7830E6}</UniqueIdentifier>
    </Filter>
    <Filter Include="DemoPages">
      <UniqueIdentifier>{65DC54CF-513F-E473-FAC4-1C2AE606B0F6}</UniqueIdentifier>
    </Filter>
    <Filter Include="FreetypeRenderer">
      <UniqueIdentifier>{8B287A7A-F789-5788-80F7-9D3AEC578E47}</UniqueIdentifier>
    </Filter>
    <Filter Include="FreetypeRenderer\Assets">
      <UniqueIdentifier>{0D052E00-F914-DAD0-62CE-3EEF4EFDC869}</UniqueIdentifier>
    </Filter>
    <Filter Include="MenuSystem">
      <UniqueIdentifier>{8A5D27A1-F61D-A3D7-BF58-EC542BD8E7B3}</UniqueIdentifier>
    </Filter>
    <Filter Include="Windows">
      <UniqueIdentifier>{9BEBFD63-87A3-3FB1-F0AA-180DDC81DAA1}</UniqueIdentifier>
    </Filter>
    <Filter Include="Windows\D3D12">
      <UniqueIdentifier>{C80A9371-B403-B2C3-DD35-9748C98D91CF}</UniqueIdentifier>
    </Filter>
    <Filter Include="Windows\Shaders">
      <UniqueIdentifier>{747BF522-605F-B678-C9BF-B0CBB5C2A0FA}</UniqueIdentifier>
    </Filter>
  </ItemGroup>
  <ItemGroup>
    <ClInclude Include="..\..\SoundEngine\Common\AkDefaultLowLevelIODispatcher.h">
      <Filter>SoundEngine\Common</Filter>
    </ClInclude>
    <ClInclude Include="..\..\SoundEngine\Common\AkFileLocationBase.h">
      <Filter>SoundEngine\Common</Filter>
    </ClInclude>
    <ClInclude Include="..\..\SoundEngine\Common\AkFilePackage.h">
      <Filter>SoundEngine\Common</Filter>
    </ClInclude>
    <ClInclude Include="..\..\SoundEngine\Common\AkFilePackageLUT.h">
      <Filter>SoundEngine\Common</Filter>
    </ClInclude>
    <ClInclude Include="..\..\SoundEngine\Common\AkFilePackageLowLevelIO.h">
      <Filter>SoundEngine\Common</Filter>
    </ClInclude>
    <ClInclude Include="..\..\SoundEngine\Common\AkFilePackageLowLevelIO.inl">
      <Filter>SoundEngine\Common</Filter>
    </ClInclude>
    <ClInclude Include="..\..\SoundEngine\Common\AkGeneratedSoundBanksResolver.h">
      <Filter>SoundEngine\Common</Filter>
    </ClInclude>
    <ClInclude Include="..\..\SoundEngine\Common\AkJobWorkerMgr.h">
      <Filter>SoundEngine\Common</Filter>
    </ClInclude>
    <ClInclude Include="..\..\SoundEngine\Common\AkMultipleFileLocation.h">
      <Filter>SoundEngine\Common</Filter>
    </ClInclude>
    <ClInclude Include="..\..\SoundEngine\Win32\AkDefaultIOHookDeferred.h">
      <Filter>SoundEngine\Win32</Filter>
    </ClInclude>
    <ClInclude Include="..\..\SoundEngine\Win32\AkFileHelpers.h">
      <Filter>SoundEngine\Win32</Filter>
    </ClInclude>
    <ClInclude Include="..\Common\DemoOptionsUtil.h">
      <Filter>Common</Filter>
    </ClInclude>
    <ClInclude Include="..\Common\Drawing.h">
      <Filter>Common</Filter>
    </ClInclude>
    <ClInclude Include="..\Common\Helpers.h">
      <Filter>Common</Filter>
    </ClInclude>
    <ClInclude Include="..\Common\IAkInputMgr.h">
      <Filter>Common</Filter>
    </ClInclude>
    <ClInclude Include="..\Common\IntegrationDemo.h">
      <Filter>Common</Filter>
    </ClInclude>
    <ClInclude Include="..\Common\PlatformHooks.h">
      <Filter>Common</Filter>
    </ClInclude>
    <ClInclude Include="..\Common\Render.h">
      <Filter>Common</Filter>
    </ClInclude>
    <ClInclude Include="..\Common\SoundInputBase.h">
      <Filter>Common</Filter>
    </ClInclude>
    <ClInclude Include="..\Common\SpatialAudioHelpers.h">
      <Filter>Common</Filter>
    </ClInclude>
    <ClInclude Include="..\Common\UniversalInput.h">
      <Filter>Common</Filter>
    </ClInclude>
    <ClInclude Include="..\DemoPages\BaseMenuPage.h">
      <Filter>DemoPages</Filter>
    </ClInclude>
    <ClInclude Include="..\DemoPages\Demo3dAudio.h">
      <Filter>DemoPages</Filter>
    </ClInclude>
    <ClInclude Include="..\DemoPages\Demo3dBus.h">
      <Filter>DemoPages</Filter>
    </ClInclude>
    <ClInclude Include="..\DemoPages\DemoAutobanks.h">
      <Filter>DemoPages</Filter>
    </ClInclude>
    <ClInclude Include="..\DemoPages\DemoBGM.h">
      <Filter>DemoPages</Filter>
    </ClInclude>
    <ClInclude Include="..\DemoPages\DemoBankLoadingMenu.h">
      <Filter>DemoPages</Filter>
    </ClInclude>
    <ClInclude Include="..\DemoPages\DemoDialogueMenu.h">
      <Filter>DemoPages</Filter>
    </ClInclude>
    <ClInclude Include="..\DemoPages\DemoDynamicDialogue.h">
      <Filter>DemoPages</Filter>
    </ClInclude>
    <ClInclude Include="..\DemoPages\DemoExternalSources.h">
      <Filter>DemoPages</Filter>
    </ClInclude>
    <ClInclude Include="..\DemoPages\DemoFootstepsManyVariables.h">
      <Filter>DemoPages</Filter>
    </ClInclude>
    <ClInclude Include="..\DemoPages\DemoInteractiveMusic.h">
      <Filter>DemoPages</Filter>
    </ClInclude>
    <ClInclude Include="..\DemoPages\DemoLocalization.h">
      <Filter>DemoPages</Filter>
    </ClInclude>
    <ClInclude Include="..\DemoPages\DemoMIDIMetronome.h">
      <Filter>DemoPages</Filter>
    </ClInclude>
    <ClInclude Include="..\DemoPages\DemoMarkers.h">
      <Filter>DemoPages</Filter>
    </ClInclude>
    <ClInclude Include="..\DemoPages\DemoMotion.h">
      <Filter>DemoPages</Filter>
    </ClInclude>
    <ClInclude Include="..\DemoPages\DemoMusicCallbacks.h">
      <Filter>DemoPages</Filter>
    </ClInclude>
    <ClInclude Include="..\DemoPages\DemoMusicMIDIMenu.h">
      <Filter>DemoPages</Filter>
    </ClInclude>
    <ClInclude Include="..\DemoPages\DemoOptions.h">
      <Filter>DemoPages</Filter>
    </ClInclude>
    <ClInclude Include="..\DemoPages\DemoPositioning.h">
      <Filter>DemoPages</Filter>
    </ClInclude>
    <ClInclude Include="..\DemoPages\DemoPositioningMenu.h">
      <Filter>DemoPages</Filter>
    </ClInclude>
    <ClInclude Include="..\DemoPages\DemoPrepare.h">
      <Filter>DemoPages</Filter>
    </ClInclude>
    <ClInclude Include="..\DemoPages\DemoRTPCCarEngine.h">
      <Filter>DemoPages</Filter>
    </ClInclude>
    <ClInclude Include="..\DemoPages\DemoSpatialAudio.h">
      <Filter>DemoPages</Filter>
    </ClInclude>
    <ClInclude Include="..\DemoPages\DemoSpatialAudioGeometry.h">
      <Filter>DemoPages</Filter>
    </ClInclude>
    <ClInclude Include="..\DemoPages\DemoSpatialAudioMenu.h">
      <Filter>DemoPages</Filter>
    </ClInclude>
    <ClInclude Include="..\DemoPages\DemoSpatialAudioPortalReflect.h">
      <Filter>DemoPages</Filter>
    </ClInclude>
    <ClInclude Include="..\DemoPages\DemoSpatialAudioReflect.h">
      <Filter>DemoPages</Filter>
    </ClInclude>
    <ClInclude Include="..\DemoPages\DemoSpatialAudioReverbZones.h">
      <Filter>DemoPages</Filter>
    </ClInclude>
    <ClInclude Include="..\DemoPages\MenuPages.h">
      <Filter>DemoPages</Filter>
    </ClInclude>
    <ClInclude Include="..\FreetypeRenderer\Assets\GentiumPlusAm-R_ttf.h">
      <Filter>FreetypeRenderer\Assets</Filter>
    </ClInclude>
    <ClInclude Include="..\FreetypeRenderer\FreetypeGraphicRenderer.h">
      <Filter>FreetypeRenderer</Filter>
    </ClInclude>
    <ClInclude Include="..\FreetypeRenderer\stb_truetype.h">
      <Filter>FreetypeRenderer</Filter>
    </ClInclude>
    <ClInclude Include="..\MenuSystem\ButtonControl.h">
      <Filter>MenuSystem</Filter>
    </ClInclude>
    <ClInclude Include="..\MenuSystem\Control.h">
      <Filter>MenuSystem</Filter>
    </ClInclude>
    <ClInclude Include="..\MenuSystem\LabelControl.h">
      <Filter>MenuSystem</Filter>
    </ClInclude>
    <ClInclude Include="..\MenuSystem\Menu.h">
      <Filter>MenuSystem</Filter>
    </ClInclude>
    <ClInclude Include="..\MenuSystem\MenuControls.h">
      <Filter>MenuSystem</Filter>
    </ClInclude>
    <ClInclude Include="..\MenuSystem\MessagePage.h">
      <Filter>MenuSystem</Filter>
    </ClInclude>
    <ClInclude Include="..\MenuSystem\MovableChip.h">
      <Filter>MenuSystem</Filter>
    </ClInclude>
    <ClInclude Include="..\MenuSystem\MultiplayerPage.h">
      <Filter>MenuSystem</Filter>
    </ClInclude>
    <ClInclude Include="..\MenuSystem\NumericControl.h">
      <Filter>MenuSystem</Filter>
    </ClInclude>
    <ClInclude Include="..\MenuSystem\Page.h">
      <Filter>MenuSystem</Filter>
    </ClInclude>
    <ClInclude Include="..\MenuSystem\ToggleControl.h">
      <Filter>MenuSystem</Filter>
    </ClInclude>
    <ClInclude Include="..\Windows\D3D12\CommandQueue.h">
      <Filter>Windows\D3D12</Filter>
    </ClInclude>
    <ClInclude Include="..\Windows\D3D12\DynamicTexture2D.h">
      <Filter>Windows\D3D12</Filter>
    </ClInclude>
    <ClInclude Include="..\Windows\D3D12\LineGraphicsPipeline.h">
      <Filter>Windows\D3D12</Filter>
    </ClInclude>
    <ClInclude Include="..\Windows\D3D12\RenderDevice.h">
      <Filter>Windows\D3D12</Filter>
    </ClInclude>
    <ClInclude Include="..\Windows\D3D12\TextureGraphicsPipeline.h">
      <Filter>Windows\D3D12</Filter>
    </ClInclude>
    <ClInclude Include="..\Windows\D3D12\Utilities.h">
      <Filter>Windows\D3D12</Filter>
    </ClInclude>
    <ClInclude Include="..\Windows\D3D12\d3dx12.h">
      <Filter>Windows\D3D12</Filter>
    </ClInclude>
    <ClInclude Include="..\Windows\InputMgr.h">
      <Filter>Windows</Filter>
    </ClInclude>
    <ClInclude Include="..\Windows\InputMgrScePadHelpers.h">
      <Filter>Windows</Filter>
    </ClInclude>
    <ClInclude Include="..\Windows\Platform.h">
      <Filter>Windows</Filter>
    </ClInclude>
    <ClInclude Include="stdafx.h" />
  </ItemGroup>
  <ItemGroup>
    <ClCompile Include="..\..\SoundEngine\Common\AkDefaultLowLevelIODispatcher.cpp">
      <Filter>SoundEngine\Common</Filter>
    </ClCompile>
    <ClCompile Include="..\..\SoundEngine\Common\AkFileLocationBase.cpp">
      <Filter>SoundEngine\Common</Filter>
    </ClCompile>
    <ClCompile Include="..\..\SoundEngine\Common\AkFilePackage.cpp">
      <Filter>SoundEngine\Common</Filter>
    </ClCompile>
    <ClCompile Include="..\..\SoundEngine\Common\AkFilePackageLUT.cpp">
      <Filter>SoundEngine\Common</Filter>
    </ClCompile>
    <ClCompile Include="..\..\SoundEngine\Common\AkGeneratedSoundBanksResolver.cpp">
      <Filter>SoundEngine\Common</Filter>
    </ClCompile>
    <ClCompile Include="..\..\SoundEngine\Common\AkJobWorkerMgr.cpp">
      <Filter>SoundEngine\Common</Filter>
    </ClCompile>
    <ClCompile Include="..\..\SoundEngine\Common\AkMultipleFileLocation.cpp">
      <Filter>SoundEngine\Common</Filter>
    </ClCompile>
    <ClCompile Include="..\..\SoundEngine\Win32\AkDefaultIOHookDeferred.cpp">
      <Filter>SoundEngine\Win32</Filter>
    </ClCompile>
    <ClCompile Include="..\Common\Drawing.cpp">
      <Filter>Common</Filter>
    </ClCompile>
    <ClCompile Include="..\Common\Helpers.cpp">
      <Filter>Common</Filter>
    </ClCompile>
    <ClCompile Include="..\Common\IntegrationDemo.cpp">
      <Filter>Common</Filter>
    </ClCompile>
    <ClCompile Include="..\Common\IntegrationDemoPlugins.cpp">
      <Filter>Common</Filter>
    </ClCompile>
    <ClCompile Include="..\Common\PlatformHooks.cpp">
      <Filter>Common</Filter>
    </ClCompile>
    <ClCompile Include="..\Common\SoundInputBase.cpp">
      <Filter>Common</Filter>
    </ClCompile>
    <ClCompile Include="..\Common\SpatialAudioHelpers.cpp">
      <Filter>Common</Filter>
    </ClCompile>
    <ClCompile Include="..\Common\UniversalInput.cpp">
      <Filter>Common</Filter>
    </ClCompile>
    <ClCompile Include="..\Common\stdafx.cpp">
      <Filter>Common</Filter>
    </ClCompile>
    <ClCompile Include="..\DemoPages\BaseMenuPage.cpp">
      <Filter>DemoPages</Filter>
    </ClCompile>
    <ClCompile Include="..\DemoPages\Demo3dAudio.cpp">
      <Filter>DemoPages</Filter>
    </ClCompile>
    <ClCompile Include="..\DemoPages\Demo3dBus.cpp">
      <Filter>DemoPages</Filter>
    </ClCompile>
    <ClCompile Include="..\DemoPages\DemoAutobanks.cpp">
      <Filter>DemoPages</Filter>
    </ClCompile>
    <ClCompile Include="..\DemoPages\DemoBGM.cpp">
      <Filter>DemoPages</Filter>
    </ClCompile>
    <ClCompile Include="..\DemoPages\DemoBankLoadingMenu.cpp">
      <Filter>DemoPages</Filter>
    </ClCompile>
    <ClCompile Include="..\DemoPages\DemoDialogueMenu.cpp">
      <Filter>DemoPages</Filter>
    </ClCompile>
    <ClCompile Include="..\DemoPages\DemoDynamicDialogue.cpp">
      <Filter>DemoPages</Filter>
    </ClCompile>
    <ClCompile Include="..\DemoPages\DemoExternalSources.cpp">
      <Filter>DemoPages</Filter>
    </ClCompile>
    <ClCompile Include="..\DemoPages\DemoFootstepsManyVariables.cpp">
      <Filter>DemoPages</Filter>
    </ClCompile>
    <ClCompile Include="..\DemoPages\DemoInteractiveMusic.cpp">
      <Filter>DemoPages</Filter>
    </ClCompile>
    <ClCompile Include="..\DemoPages\DemoLocalization.cpp">
      <Filter>DemoPages</Filter>
    </ClCompile>
    <ClCompile Include="..\DemoPages\DemoMIDIMetronome.cpp">
      <Filter>DemoPages</Filter>
    </ClCompile>
    <ClCompile Include="..\DemoPages\DemoMarkers.cpp">
      <Filter>DemoPages</Filter>
    </ClCompile>
    <ClCompile Include="..\DemoPages\DemoMotion.cpp">
      <Filter>DemoPages</Filter>
    </ClCompile>
    <ClCompile Include="..\DemoPages\DemoMusicCallbacks.cpp">
      <Filter>DemoPages</Filter>
    </ClCompile>
    <ClCompile Include="..\DemoPages\DemoMusicMIDIMenu.cpp">
      <Filter>DemoPages</Filter>
    </ClCompile>
    <ClCompile Include="..\DemoPages\DemoOptions.cpp">
      <Filter>DemoPages</Filter>
    </ClCompile>
    <ClCompile Include="..\DemoPages\DemoPositioning.cpp">
      <Filter>DemoPages</Filter>
    </ClCompile>
    <ClCompile Include="..\DemoPages\DemoPositioningMenu.cpp">
      <Filter>DemoPages</Filter>
    </ClCompile>
    <ClCompile Include="..\DemoPages\DemoPrepare.cpp">
      <Filter>DemoPages</Filter>
    </ClCompile>
    <ClCompile Include="..\DemoPages\DemoRTPCCarEngine.cpp">
      <Filter>DemoPages</Filter>
    </ClCompile>
    <ClCompile Include="..\DemoPages\DemoSpatialAudio.cpp">
      <Filter>DemoPages</Filter>
    </ClCompile>
    <ClCompile Include="..\DemoPages\DemoSpatialAudioGeometry.cpp">
      <Filter>DemoPages</Filter>
    </ClCompile>
    <ClCompile Include="..\DemoPages\DemoSpatialAudioMenu.cpp">
      <Filter>DemoPages</Filter>
    </ClCompile>
    <ClCompile Include="..\DemoPages\DemoSpatialAudioPortalReflect.cpp">
      <Filter>DemoPages</Filter>
    </ClCompile>
    <ClCompile Include="..\DemoPages\DemoSpatialAudioReflect.cpp">
      <Filter>DemoPages</Filter>
    </ClCompile>
    <ClCompile Include="..\DemoPages\DemoSpatialAudioReverbZones.cpp">
      <Filter>DemoPages</Filter>
    </ClCompile>
    <ClCompile Include="..\FreetypeRenderer\FreetypeGraphicRenderer.cpp">
      <Filter>FreetypeRenderer</Filter>
    </ClCompile>
    <ClCompile Include="..\MenuSystem\ButtonControl.cpp">
      <Filter>MenuSystem</Filter>
    </ClCompile>
    <ClCompile Include="..\MenuSystem\Control.cpp">
      <Filter>MenuSystem</Filter>
    </ClCompile>
    <ClCompile Include="..\MenuSystem\LabelControl.cpp">
      <Filter>MenuSystem</Filter>
    </ClCompile>
    <ClCompile Include="..\MenuSystem\Menu.cpp">
      <Filter>MenuSystem</Filter>
    </ClCompile>
    <ClCompile Include="..\MenuSystem\MessagePage.cpp">
      <Filter>MenuSystem</Filter>
    </ClCompile>
    <ClCompile Include="..\MenuSystem\MovableChip.cpp">
      <Filter>MenuSystem</Filter>
    </ClCompile>
    <ClCompile Include="..\MenuSystem\MultiplayerPage.cpp">
      <Filter>MenuSystem</Filter>
    </ClCompile>
    <ClCompile Include="..\MenuSystem\NumericControl.cpp">
      <Filter>MenuSystem</Filter>
    </ClCompile>
    <ClCompile Include="..\MenuSystem\Page.cpp">
      <Filter>MenuSystem</Filter>
    </ClCompile>
    <ClCompile Include="..\MenuSystem\ToggleControl.cpp">
      <Filter>MenuSystem</Filter>
    </ClCompile>
    <ClCompile Include="..\Windows\D3D12\CommandQueue.cpp">
      <Filter>Windows\D3D12</Filter>
    </ClCompile>
    <ClCompile Include="..\Windows\D3D12\DynamicTexture2D.cpp">
      <Filter>Windows\D3D12</Filter>
    </ClCompile>
    <ClCompile Include="..\Windows\D3D12\LineGraphicsPipeline.cpp">
      <Filter>Windows\D3D12</Filter>
    </ClCompile>
    <ClCompile Include="..\Windows\D3D12\RenderDevice.cpp">
      <Filter>Windows\D3D12</Filter>
    </ClCompile>
    <ClCompile Include="..\Windows\D3D12\TextureGraphicsPipeline.cpp">
      <Filter>Windows\D3D12</Filter>
    </ClCompile>
    <ClCompile Include="..\Windows\DemoOptionsUtil.cpp">
      <Filter>Windows</Filter>
    </ClCompile>
    <ClCompile Include="..\Windows\InputMgr.cpp">
      <Filter>Windows</Filter>
    </ClCompile>
    <ClCompile Include="..\Windows\Main.cpp">
      <Filter>Windows</Filter>
    </ClCompile>
    <ClCompile Include="..\Windows\Platform.cpp">
      <Filter>Windows</Filter>
    </ClCompile>
    <ClCompile Include="..\Windows\Render_D3D11.cpp">
      <Filter>Windows</Filter>
    </ClCompile>
    <ClCompile Include="..\Windows\Render_D3D12.cpp">
      <Filter>Windows</Filter>
    </ClCompile>
    <ClCompile Include="stdafx.cpp" />
  </ItemGroup>
  <ItemGroup>
    <FxCompile Include="..\Windows\Shaders\Shader_Line2DSimpleCommon.hlsl">
      <Filter>Windows\Shaders</Filter>
    </FxCompile>
    <FxCompile Include="..\Windows\Shaders\Shader_Line2DSimplePs.hlsl">
      <Filter>Windows\Shaders</Filter>
    </FxCompile>
    <FxCompile Include="..\Windows\Shaders\Shader_Line2DSimpleVs.hlsl">
      <Filter>Windows\Shaders</Filter>
    </FxCompile>
    <FxCompile Include="..\Windows\Shaders\Shader_Tex2DSimpleCommon.hlsl">
      <Filter>Windows\Shaders</Filter>
    </FxCompile>
    <FxCompile Include="..\Windows\Shaders\Shader_Tex2DSimplePs.hlsl">
      <Filter>Windows\Shaders</Filter>
    </FxCompile>
    <FxCompile Include="..\Windows\Shaders\Shader_Tex2DSimpleVs.hlsl">
      <Filter>Windows\Shaders</Filter>
    </FxCompile>
  </ItemGroup>
  <ItemGroup>
    <None Include="..\FreetypeRenderer\Assets\GentiumPlusAm-R.ttf">
      <Filter>FreetypeRenderer\Assets</Filter>
    </None>
  </ItemGroup>
  <ItemGroup>
    <AppxManifest Include="Package.appxmanifest" />
  </ItemGroup>
</Project>