
Microsoft Visual Studio Solution File, Format Version 12.00
# Visual Studio Version 17
Project("{8BC9CEB8-8B4A-11D0-8D11-00A0C91BC942}") = "IntegrationDemo", "IntegrationDemo_vc170.vcxproj", "{A407CC46-E9B6-564F-050E-F95D0139591B}"
EndProject
Global
	GlobalSection(SolutionConfigurationPlatforms) = preSolution
		Debug|Gaming.Desktop.x64 = Debug|Gaming.Desktop.x64
		Profile|Gaming.Desktop.x64 = Profile|Gaming.Desktop.x64
		Release|Gaming.Desktop.x64 = Release|Gaming.Desktop.x64
	EndGlobalSection
	GlobalSection(ProjectConfigurationPlatforms) = postSolution
		{A407CC46-E9B6-564F-050E-F95D0139591B}.Debug|Gaming.Desktop.x64.ActiveCfg = Debug|Gaming.Desktop.x64
		{A407CC46-E9B6-564F-050E-F95D0139591B}.Debug|Gaming.Desktop.x64.Build.0 = Debug|Gaming.Desktop.x64
		{A407CC46-E9B6-564F-050E-F95D0139591B}.Debug|Gaming.Desktop.x64.Deploy.0 = Debug|Gaming.Desktop.x64
		{A407CC46-E9B6-564F-050E-F95D0139591B}.Profile|Gaming.Desktop.x64.ActiveCfg = Profile|Gaming.Desktop.x64
		{A407CC46-E9B6-564F-050E-F95D0139591B}.Profile|Gaming.Desktop.x64.Build.0 = Profile|Gaming.Desktop.x64
		{A407CC46-E9B6-564F-050E-F95D0139591B}.Profile|Gaming.Desktop.x64.Deploy.0 = Profile|Gaming.Desktop.x64
		{A407CC46-E9B6-564F-050E-F95D0139591B}.Release|Gaming.Desktop.x64.ActiveCfg = Release|Gaming.Desktop.x64
		{A407CC46-E9B6-564F-050E-F95D0139591B}.Release|Gaming.Desktop.x64.Build.0 = Release|Gaming.Desktop.x64
		{A407CC46-E9B6-564F-050E-F95D0139591B}.Release|Gaming.Desktop.x64.Deploy.0 = Release|Gaming.Desktop.x64
	EndGlobalSection
	GlobalSection(SolutionProperties) = preSolution
		HideSolutionNode = FALSE
	EndGlobalSection
EndGlobal
