<?xml version="1.0" encoding="utf-8"?>
<Project ToolsVersion="4.0" xmlns="http://schemas.microsoft.com/developer/msbuild/2003">
  <ItemGroup>
    <Filter Include="Core">
      <UniqueIdentifier>{93995380-89BD-4b04-88EB-625FBE52EBFB}</UniqueIdentifier>
      <Extensions>h;hh;hpp;hxx;h++;hm;inl;inc;ipp;xsd</Extensions>
    </Filter>
    <Filter Include="Utils">
      <UniqueIdentifier>{67DA6AB6-F800-4c08-8B7A-83BB121AAD01}</UniqueIdentifier>
      <Extensions>rc;ico;cur;bmp;dlg;rc2;rct;bin;rgs;gif;jpg;jpeg;jpe;resx;tiff;tif;png;wav;mfcribbon-ms</Extensions>
    </Filter>
    <Filter Include="GameObject">
      <UniqueIdentifier>{be4717a9-3513-4f49-a56d-244866777a45}</UniqueIdentifier>
    </Filter>
    <Filter Include="GameObject\Components">
      <UniqueIdentifier>{4FC737F1-C7A5-4376-A066-2A32D752A2FF}</UniqueIdentifier>
      <Extensions>cpp;c;cc;cxx;c++;cppm;ixx;def;odl;idl;hpj;bat;asm;asmx</Extensions>
    </Filter>
    <Filter Include="Loaders">
      <UniqueIdentifier>{ef205215-f4dd-4daf-80aa-0d87803bc3cc}</UniqueIdentifier>
    </Filter>
    <Filter Include="Math">
      <UniqueIdentifier>{cb5e54cb-4331-4568-a233-96dbbf6a216a}</UniqueIdentifier>
    </Filter>
    <Filter Include="GameObject\Audio">
      <UniqueIdentifier>{28ff298f-96d9-49e6-a589-a4e2474d62ce}</UniqueIdentifier>
    </Filter>
    <Filter Include="Managers">
      <UniqueIdentifier>{509cbd93-a5a3-42b0-992e-e74ce188fb4c}</UniqueIdentifier>
    </Filter>
    <Filter Include="SceneManagement">
      <UniqueIdentifier>{b1c8107a-58d8-42ed-98cb-a24c466d1ee2}</UniqueIdentifier>
    </Filter>
    <Filter Include="Scripting">
      <UniqueIdentifier>{a8075659-49bf-4b54-8265-8bcd515fb64f}</UniqueIdentifier>
    </Filter>
    <Filter Include="GameObject\Components\UI">
      <UniqueIdentifier>{87342d4f-f585-4fe8-b03c-1d020c977d50}</UniqueIdentifier>
    </Filter>
    <Filter Include="GameObject\Components\UI\Items">
      <UniqueIdentifier>{7687b297-b5a1-4afc-b2cf-ee4ea64309fe}</UniqueIdentifier>
    </Filter>
    <Filter Include="Input">
      <UniqueIdentifier>{318a6ab4-0570-4ece-9443-77b727edbae4}</UniqueIdentifier>
    </Filter>
  </ItemGroup>
  <ItemGroup>
    <ClInclude Include="EngineCore.h">
      <Filter>Core</Filter>
    </ClInclude>
    <ClInclude Include="Defs.h">
      <Filter>Utils</Filter>
    </ClInclude>
    <ClInclude Include="Camera.h">
      <Filter>GameObject\Components</Filter>
    </ClInclude>
    <ClInclude Include="GameObject.h">
      <Filter>GameObject</Filter>
    </ClInclude>
    <ClInclude Include="Component.h">
      <Filter>GameObject\Components</Filter>
    </ClInclude>
    <ClInclude Include="Transform.h">
      <Filter>GameObject\Components</Filter>
    </ClInclude>
    <ClInclude Include="Texture.h">
      <Filter>GameObject\Components</Filter>
    </ClInclude>
    <ClInclude Include="MeshLoader.h">
      <Filter>Loaders</Filter>
    </ClInclude>
    <ClInclude Include="Mesh.h">
      <Filter>GameObject\Components</Filter>
    </ClInclude>
    <ClInclude Include="UIDGen.h">
      <Filter>Utils</Filter>
    </ClInclude>
    <ClInclude Include="Graphic.h">
      <Filter>GameObject</Filter>
    </ClInclude>
    <ClInclude Include="CubeImmediateMode.h">
      <Filter>Utils</Filter>
    </ClInclude>
    <ClInclude Include="Cube.h">
      <Filter>Utils</Filter>
    </ClInclude>
    <ClInclude Include="Listener.h">
      <Filter>GameObject\Components</Filter>
    </ClInclude>
    <ClInclude Include="Source.h">
      <Filter>GameObject\Components</Filter>
    </ClInclude>
    <ClInclude Include="AudioComponent.h">
      <Filter>GameObject\Audio</Filter>
    </ClInclude>
    <ClInclude Include="Ray.h">
      <Filter>Math</Filter>
    </ClInclude>
    <ClInclude Include="N_SceneManager.h">
      <Filter>SceneManagement</Filter>
    </ClInclude>
    <ClInclude Include="MonoManager.h">
      <Filter>Scripting</Filter>
    </ClInclude>
    <ClInclude Include="Script.h">
      <Filter>GameObject\Components</Filter>
    </ClInclude>
    <ClInclude Include="MonoRegisterer.h">
      <Filter>Scripting</Filter>
    </ClInclude>
    <ClInclude Include="AudioManager.h">
      <Filter>Managers</Filter>
    </ClInclude>
    <ClInclude Include="Log.h">
      <Filter>Utils</Filter>
    </ClInclude>
    <ClInclude Include="InputManager.h">
      <Filter>Input</Filter>
    </ClInclude>
    <ClInclude Include="Canvas.h">
      <Filter>GameObject\Components\UI</Filter>
    </ClInclude>
    <ClInclude Include="ItemUI.h">
      <Filter>GameObject\Components\UI\Items</Filter>
    </ClInclude>
    <ClInclude Include="ImageUI.h">
      <Filter>GameObject\Components\UI\Items</Filter>
    </ClInclude>
  </ItemGroup>
  <ItemGroup>
    <ClCompile Include="EngineCore.cpp">
      <Filter>Core</Filter>
    </ClCompile>
    <ClCompile Include="Camera.cpp">
      <Filter>GameObject\Components</Filter>
    </ClCompile>
    <ClCompile Include="GameObject.cpp">
      <Filter>GameObject</Filter>
    </ClCompile>
    <ClCompile Include="Component.cpp">
      <Filter>GameObject\Components</Filter>
    </ClCompile>
    <ClCompile Include="Transform.cpp">
      <Filter>GameObject\Components</Filter>
    </ClCompile>
    <ClCompile Include="Texture.cpp">
      <Filter>GameObject\Components</Filter>
    </ClCompile>
    <ClCompile Include="MeshLoader.cpp">
      <Filter>Loaders</Filter>
    </ClCompile>
    <ClCompile Include="Mesh.cpp">
      <Filter>GameObject\Components</Filter>
    </ClCompile>
    <ClCompile Include="CubeImmediateMode.cpp">
      <Filter>Utils</Filter>
    </ClCompile>
    <ClCompile Include="Cube.cpp">
      <Filter>Utils</Filter>
    </ClCompile>
    <ClCompile Include="Ray.cpp">
      <Filter>Math</Filter>
    </ClCompile>
    <ClCompile Include="Listener.cpp">
      <Filter>GameObject\Components</Filter>
    </ClCompile>
    <ClCompile Include="Source.cpp">
      <Filter>GameObject\Components</Filter>
    </ClCompile>
    <ClCompile Include="AudioComponent.cpp">
      <Filter>GameObject\Audio</Filter>
    </ClCompile>
    <ClCompile Include="AudioManager.cpp">
      <Filter>Managers</Filter>
    </ClCompile>
    <ClCompile Include="N_SceneManager.cpp">
      <Filter>SceneManagement</Filter>
    </ClCompile>
    <ClCompile Include="MonoManager.cpp">
      <Filter>Scripting</Filter>
    </ClCompile>
    <ClCompile Include="Script.cpp">
      <Filter>GameObject\Components</Filter>
    </ClCompile>
    <ClCompile Include="MonoRegisterer.cpp">
      <Filter>Scripting</Filter>
    </ClCompile>
    <ClCompile Include="Log.cpp">
      <Filter>Utils</Filter>
    </ClCompile>
    <ClCompile Include="Canvas.cpp">
      <Filter>GameObject\Components\UI</Filter>
    </ClCompile>
    <ClCompile Include="ItemUI.cpp">
      <Filter>GameObject\Components\UI\Items</Filter>
    </ClCompile>
    <ClCompile Include="ImageUI.cpp">
      <Filter>GameObject\Components\UI\Items</Filter>
    </ClCompile>
    <ClCompile Include="InputManager.cpp">
      <Filter>Input</Filter>
    </ClCompile>
  </ItemGroup>
</Project>