<?xml version="1.0" encoding="utf-8"?>
<Project ToolsVersion="4.0" xmlns="http://schemas.microsoft.com/developer/msbuild/2003">
  <ItemGroup>
    <ClCompile Include="Panel.cpp">
      <Filter>Panels</Filter>
    </ClCompile>
    <ClCompile Include="PanelAbout.cpp">
      <Filter>Panels</Filter>
    </ClCompile>
    <ClCompile Include="PanelConsole.cpp">
      <Filter>Panels</Filter>
    </ClCompile>
    <ClCompile Include="PanelGame.cpp">
      <Filter>Panels</Filter>
    </ClCompile>
    <ClCompile Include="PanelHierarchy.cpp">
      <Filter>Panels</Filter>
    </ClCompile>
    <ClCompile Include="PanelInspector.cpp">
      <Filter>Panels</Filter>
    </ClCompile>
    <ClCompile Include="PanelProject.cpp">
      <Filter>Panels</Filter>
    </ClCompile>
    <ClCompile Include="PanelScene.cpp">
      <Filter>Panels</Filter>
    </ClCompile>
    <ClCompile Include="PanelSettings.cpp">
      <Filter>Panels</Filter>
    </ClCompile>
    <ClCompile Include="App.cpp">
      <Filter>Main</Filter>
    </ClCompile>
    <ClCompile Include="Main.cpp">
      <Filter>Main</Filter>
    </ClCompile>
    <ClCompile Include="AssetManager.cpp">
      <Filter>Modules</Filter>
    </ClCompile>
    <ClCompile Include="Gui.cpp">
      <Filter>Modules</Filter>
    </ClCompile>
    <ClCompile Include="Hardware.cpp">
      <Filter>Modules</Filter>
    </ClCompile>
    <ClCompile Include="Timer.cpp">
      <Filter>Timer</Filter>
    </ClCompile>
    <ClCompile Include="Importer.cpp">
      <Filter>Importers</Filter>
    </ClCompile>
    <ClCompile Include="Window.h">
      <Filter>Modules</Filter>
    </ClCompile>
    <ClCompile Include="Input.cpp">
      <Filter>Modules</Filter>
    </ClCompile>
    <ClCompile Include="Renderer3D.cpp">
      <Filter>Modules</Filter>
    </ClCompile>
    <ClCompile Include="Window.cpp">
      <Filter>Modules</Filter>
    </ClCompile>
    <ClCompile Include="SceneManager.cpp">
      <Filter>Modules</Filter>
    </ClCompile>
    <ClCompile Include="PanelBuild.cpp">
      <Filter>Panels</Filter>
    </ClCompile>
  </ItemGroup>
  <ItemGroup>
    <ClInclude Include="Panel.h">
      <Filter>Panels</Filter>
    </ClInclude>
    <ClInclude Include="PanelAbout.h">
      <Filter>Panels</Filter>
    </ClInclude>
    <ClInclude Include="PanelConsole.h">
      <Filter>Panels</Filter>
    </ClInclude>
    <ClInclude Include="PanelGame.h">
      <Filter>Panels</Filter>
    </ClInclude>
    <ClInclude Include="PanelHierarchy.h">
      <Filter>Panels</Filter>
    </ClInclude>
    <ClInclude Include="PanelInspector.h">
      <Filter>Panels</Filter>
    </ClInclude>
    <ClInclude Include="PanelProject.h">
      <Filter>Panels</Filter>
    </ClInclude>
    <ClInclude Include="PanelScene.h">
      <Filter>Panels</Filter>
    </ClInclude>
    <ClInclude Include="PanelSettings.h">
      <Filter>Panels</Filter>
    </ClInclude>
    <ClInclude Include="App.h">
      <Filter>Main</Filter>
    </ClInclude>
    <ClInclude Include="AssetManager.h">
      <Filter>Modules</Filter>
    </ClInclude>
    <ClInclude Include="Gui.h">
      <Filter>Modules</Filter>
    </ClInclude>
    <ClInclude Include="Hardware.h">
      <Filter>Modules</Filter>
    </ClInclude>
    <ClInclude Include="Timer.h">
      <Filter>Timer</Filter>
    </ClInclude>
    <ClInclude Include="Importer.h">
      <Filter>Importers</Filter>
    </ClInclude>
    <ClInclude Include="Input.h">
      <Filter>Modules</Filter>
    </ClInclude>
    <ClInclude Include="Module.h">
      <Filter>Modules</Filter>
    </ClInclude>
    <ClInclude Include="Renderer3D.h">
      <Filter>Modules</Filter>
    </ClInclude>
    <ClInclude Include="SceneManager.h">
      <Filter>Modules</Filter>
    </ClInclude>
    <ClInclude Include="PanelBuild.h">
      <Filter>Panels</Filter>
    </ClInclude>
  </ItemGroup>
  <ItemGroup>
    <Filter Include="Panels">
      <UniqueIdentifier>{e0b08bd5-662d-4a31-a710-81f318e3059f}</UniqueIdentifier>
    </Filter>
    <Filter Include="Utils">
      <UniqueIdentifier>{7dc5a596-0db5-4ebc-ab58-040c3565f4c6}</UniqueIdentifier>
    </Filter>
    <Filter Include="Main">
      <UniqueIdentifier>{5c983e3e-9dd8-4c83-95fd-ab58f87fd435}</UniqueIdentifier>
    </Filter>
    <Filter Include="Modules">
      <UniqueIdentifier>{f3f0a725-ef0a-4cd3-938d-418650b2ce06}</UniqueIdentifier>
    </Filter>
    <Filter Include="Importers">
      <UniqueIdentifier>{5f5e434c-f91b-433a-9db7-bba2b2d92fb4}</UniqueIdentifier>
    </Filter>
    <Filter Include="Timer">
      <UniqueIdentifier>{b74f5a04-4e4d-412c-a6db-646ebed46523}</UniqueIdentifier>
    </Filter>
  </ItemGroup>
</Project>