<?xml version="1.0" encoding="utf-8"?>
<Project ToolsVersion="4.0" xmlns="http://schemas.microsoft.com/developer/msbuild/2003">
  <ItemGroup>
    <Filter Include="IntegrationDemo">
      <UniqueIdentifier>{CE52AA28-3ADE-17ED-43EF-9AE1AFF973ED}</UniqueIdentifier>
    </Filter>
    <Filter Include="IntegrationDemo\Common">
      <UniqueIdentifier>{466CE47E-3266-0DD1-1BD3-A3E1076C733D}</UniqueIdentifier>
    </Filter>
    <Filter Include="IntegrationDemo\Windows">
      <UniqueIdentifier>{08EB0C51-7422-55E8-7D2C-B90BE9E27BE1}</UniqueIdentifier>
    </Filter>
    <Filter Include="Win32">
      <UniqueIdentifier>{78C2600E-E4D6-88BF-AD58-2C1F192C85F0}</UniqueIdentifier>
    </Filter>
    <Filter Include="res">
      <UniqueIdentifier>{4FA5880B-BBAE-887C-442A-9F7CB032947C}</UniqueIdentifier>
    </Filter>
  </ItemGroup>
  <ItemGroup>
    <ClInclude Include="..\..\..\..\IntegrationDemo\Common\SoundInputBase.h">
      <Filter>IntegrationDemo\Common</Filter>
    </ClInclude>
    <ClInclude Include="..\..\..\..\IntegrationDemo\Common\SoundInputMgrBase.h">
      <Filter>IntegrationDemo\Common</Filter>
    </ClInclude>
    <ClInclude Include="..\..\..\..\IntegrationDemo\Windows\SoundInput.h">
      <Filter>IntegrationDemo\Windows</Filter>
    </ClInclude>
    <ClInclude Include="..\..\..\..\IntegrationDemo\Windows\SoundInputMgr.h">
      <Filter>IntegrationDemo\Windows</Filter>
    </ClInclude>
    <ClInclude Include="AudioInputPlugin.h" />
    <ClInclude Include="Win32\AudioInputPluginGUI.h">
      <Filter>Win32</Filter>
    </ClInclude>
    <ClInclude Include="resource.h" />
    <ClInclude Include="stdafx.h" />
  </ItemGroup>
  <ItemGroup>
    <ClCompile Include="..\..\..\..\IntegrationDemo\Common\SoundInputBase.cpp">
      <Filter>IntegrationDemo\Common</Filter>
    </ClCompile>
    <ClCompile Include="..\..\..\..\IntegrationDemo\Common\SoundInputMgrBase.cpp">
      <Filter>IntegrationDemo\Common</Filter>
    </ClCompile>
    <ClCompile Include="..\..\..\..\IntegrationDemo\Windows\SoundInput.cpp">
      <Filter>IntegrationDemo\Windows</Filter>
    </ClCompile>
    <ClCompile Include="..\..\..\..\IntegrationDemo\Windows\SoundInputMgr.cpp">
      <Filter>IntegrationDemo\Windows</Filter>
    </ClCompile>
    <ClCompile Include="AudioInputPlugin.cpp" />
    <ClCompile Include="Win32\AudioInputPluginGUI.cpp">
      <Filter>Win32</Filter>
    </ClCompile>
    <ClCompile Include="stdafx.cpp" />
  </ItemGroup>
  <ItemGroup>
    <None Include="AudioInput.def" />
  </ItemGroup>
  <ItemGroup>
    <ResourceCompile Include="AudioInput.rc" />
  </ItemGroup>
  <ItemGroup>
    <CustomBuild Include="res\AkAudioInput.xml">
      <Filter>res</Filter>
    </CustomBuild>
  </ItemGroup>
</Project>