
Microsoft Visual Studio Solution File, Format Version 12.00
# Visual Studio Version 16
Project("{8BC9CEB8-8B4A-11D0-8D11-00A0C91BC942}") = "SampleClient", "SampleClient\SampleClientWindows_vc160.vcxproj", "{E5011C42-9AEE-2625-E52D-47831BF27EB3}"
	ProjectSection(ProjectDependencies) = postProject
		{433B2FF1-78F3-72BC-0FCD-A316072FF700} = {433B2FF1-78F3-72BC-0FCD-A316072FF700}
	EndProjectSection
EndProject
Project("{8BC9CEB8-8B4A-11D0-8D11-00A0C91BC942}") = "AkAutobahn", "AkAutobahn\AkAutobahnWindows_vc160.vcxproj", "{433B2FF1-78F3-72BC-0FCD-A316072FF700}"
EndProject
Global
	GlobalSection(SolutionConfigurationPlatforms) = preSolution
		Debug(StaticCRT)|Win32 = Debug(StaticCRT)|Win32
		Debug(StaticCRT)|x64 = Debug(StaticCRT)|x64
		Debug|Win32 = Debug|Win32
		Debug|x64 = Debug|x64
		Profile(StaticCRT)|Win32 = Profile(StaticCRT)|Win32
		Profile(StaticCRT)|x64 = Profile(StaticCRT)|x64
		Profile|Win32 = Profile|Win32
		Profile|x64 = Profile|x64
		Release(StaticCRT)|Win32 = Release(StaticCRT)|Win32
		Release(StaticCRT)|x64 = Release(StaticCRT)|x64
		Release|Win32 = Release|Win32
		Release|x64 = Release|x64
	EndGlobalSection
	GlobalSection(ProjectConfigurationPlatforms) = postSolution
		{E5011C42-9AEE-2625-E52D-47831BF27EB3}.Debug(StaticCRT)|Win32.ActiveCfg = Debug(StaticCRT)|Win32
		{E5011C42-9AEE-2625-E52D-47831BF27EB3}.Debug(StaticCRT)|Win32.Build.0 = Debug(StaticCRT)|Win32
		{E5011C42-9AEE-2625-E52D-47831BF27EB3}.Debug(StaticCRT)|Win32.Deploy.0 = Debug(StaticCRT)|Win32
		{E5011C42-9AEE-2625-E52D-47831BF27EB3}.Debug(StaticCRT)|x64.ActiveCfg = Debug(StaticCRT)|x64
		{E5011C42-9AEE-2625-E52D-47831BF27EB3}.Debug(StaticCRT)|x64.Build.0 = Debug(StaticCRT)|x64
		{E5011C42-9AEE-2625-E52D-47831BF27EB3}.Debug(StaticCRT)|x64.Deploy.0 = Debug(StaticCRT)|x64
		{E5011C42-9AEE-2625-E52D-47831BF27EB3}.Debug|Win32.ActiveCfg = Debug|Win32
		{E5011C42-9AEE-2625-E52D-47831BF27EB3}.Debug|Win32.Build.0 = Debug|Win32
		{E5011C42-9AEE-2625-E52D-47831BF27EB3}.Debug|Win32.Deploy.0 = Debug|Win32
		{E5011C42-9AEE-2625-E52D-47831BF27EB3}.Debug|x64.ActiveCfg = Debug|x64
		{E5011C42-9AEE-2625-E52D-47831BF27EB3}.Debug|x64.Build.0 = Debug|x64
		{E5011C42-9AEE-2625-E52D-47831BF27EB3}.Debug|x64.Deploy.0 = Debug|x64
		{E5011C42-9AEE-2625-E52D-47831BF27EB3}.Profile(StaticCRT)|Win32.ActiveCfg = Profile(StaticCRT)|Win32
		{E5011C42-9AEE-2625-E52D-47831BF27EB3}.Profile(StaticCRT)|Win32.Build.0 = Profile(StaticCRT)|Win32
		{E5011C42-9AEE-2625-E52D-47831BF27EB3}.Profile(StaticCRT)|Win32.Deploy.0 = Profile(StaticCRT)|Win32
		{E5011C42-9AEE-2625-E52D-47831BF27EB3}.Profile(StaticCRT)|x64.ActiveCfg = Profile(StaticCRT)|x64
		{E5011C42-9AEE-2625-E52D-47831BF27EB3}.Profile(StaticCRT)|x64.Build.0 = Profile(StaticCRT)|x64
		{E5011C42-9AEE-2625-E52D-47831BF27EB3}.Profile(StaticCRT)|x64.Deploy.0 = Profile(StaticCRT)|x64
		{E5011C42-9AEE-2625-E52D-47831BF27EB3}.Profile|Win32.ActiveCfg = Profile|Win32
		{E5011C42-9AEE-2625-E52D-47831BF27EB3}.Profile|Win32.Build.0 = Profile|Win32
		{E5011C42-9AEE-2625-E52D-47831BF27EB3}.Profile|Win32.Deploy.0 = Profile|Win32
		{E5011C42-9AEE-2625-E52D-47831BF27EB3}.Profile|x64.ActiveCfg = Profile|x64
		{E5011C42-9AEE-2625-E52D-47831BF27EB3}.Profile|x64.Build.0 = Profile|x64
		{E5011C42-9AEE-2625-E52D-47831BF27EB3}.Profile|x64.Deploy.0 = Profile|x64
		{E5011C42-9AEE-2625-E52D-47831BF27EB3}.Release(StaticCRT)|Win32.ActiveCfg = Release(StaticCRT)|Win32
		{E5011C42-9AEE-2625-E52D-47831BF27EB3}.Release(StaticCRT)|Win32.Build.0 = Release(StaticCRT)|Win32
		{E5011C42-9AEE-2625-E52D-47831BF27EB3}.Release(StaticCRT)|Win32.Deploy.0 = Release(StaticCRT)|Win32
		{E5011C42-9AEE-2625-E52D-47831BF27EB3}.Release(StaticCRT)|x64.ActiveCfg = Release(StaticCRT)|x64
		{E5011C42-9AEE-2625-E52D-47831BF27EB3}.Release(StaticCRT)|x64.Build.0 = Release(StaticCRT)|x64
		{E5011C42-9AEE-2625-E52D-47831BF27EB3}.Release(StaticCRT)|x64.Deploy.0 = Release(StaticCRT)|x64
		{E5011C42-9AEE-2625-E52D-47831BF27EB3}.Release|Win32.ActiveCfg = Release|Win32
		{E5011C42-9AEE-2625-E52D-47831BF27EB3}.Release|Win32.Build.0 = Release|Win32
		{E5011C42-9AEE-2625-E52D-47831BF27EB3}.Release|Win32.Deploy.0 = Release|Win32
		{E5011C42-9AEE-2625-E52D-47831BF27EB3}.Release|x64.ActiveCfg = Release|x64
		{E5011C42-9AEE-2625-E52D-47831BF27EB3}.Release|x64.Build.0 = Release|x64
		{E5011C42-9AEE-2625-E52D-47831BF27EB3}.Release|x64.Deploy.0 = Release|x64
		{433B2FF1-78F3-72BC-0FCD-A316072FF700}.Debug(StaticCRT)|Win32.ActiveCfg = Debug(StaticCRT)|Win32
		{433B2FF1-78F3-72BC-0FCD-A316072FF700}.Debug(StaticCRT)|Win32.Build.0 = Debug(StaticCRT)|Win32
		{433B2FF1-78F3-72BC-0FCD-A316072FF700}.Debug(StaticCRT)|x64.ActiveCfg = Debug(StaticCRT)|x64
		{433B2FF1-78F3-72BC-0FCD-A316072FF700}.Debug(StaticCRT)|x64.Build.0 = Debug(StaticCRT)|x64
		{433B2FF1-78F3-72BC-0FCD-A316072FF700}.Debug|Win32.ActiveCfg = Debug|Win32
		{433B2FF1-78F3-72BC-0FCD-A316072FF700}.Debug|Win32.Build.0 = Debug|Win32
		{433B2FF1-78F3-72BC-0FCD-A316072FF700}.Debug|x64.ActiveCfg = Debug|x64
		{433B2FF1-78F3-72BC-0FCD-A316072FF700}.Debug|x64.Build.0 = Debug|x64
		{433B2FF1-78F3-72BC-0FCD-A316072FF700}.Profile(StaticCRT)|Win32.ActiveCfg = Profile(StaticCRT)|Win32
		{433B2FF1-78F3-72BC-0FCD-A316072FF700}.Profile(StaticCRT)|Win32.Build.0 = Profile(StaticCRT)|Win32
		{433B2FF1-78F3-72BC-0FCD-A316072FF700}.Profile(StaticCRT)|x64.ActiveCfg = Profile(StaticCRT)|x64
		{433B2FF1-78F3-72BC-0FCD-A316072FF700}.Profile(StaticCRT)|x64.Build.0 = Profile(StaticCRT)|x64
		{433B2FF1-78F3-72BC-0FCD-A316072FF700}.Profile|Win32.ActiveCfg = Profile|Win32
		{433B2FF1-78F3-72BC-0FCD-A316072FF700}.Profile|Win32.Build.0 = Profile|Win32
		{433B2FF1-78F3-72BC-0FCD-A316072FF700}.Profile|x64.ActiveCfg = Profile|x64
		{433B2FF1-78F3-72BC-0FCD-A316072FF700}.Profile|x64.Build.0 = Profile|x64
		{433B2FF1-78F3-72BC-0FCD-A316072FF700}.Release(StaticCRT)|Win32.ActiveCfg = Release(StaticCRT)|Win32
		{433B2FF1-78F3-72BC-0FCD-A316072FF700}.Release(StaticCRT)|Win32.Build.0 = Release(StaticCRT)|Win32
		{433B2FF1-78F3-72BC-0FCD-A316072FF700}.Release(StaticCRT)|x64.ActiveCfg = Release(StaticCRT)|x64
		{433B2FF1-78F3-72BC-0FCD-A316072FF700}.Release(StaticCRT)|x64.Build.0 = Release(StaticCRT)|x64
		{433B2FF1-78F3-72BC-0FCD-A316072FF700}.Release|Win32.ActiveCfg = Release|Win32
		{433B2FF1-78F3-72BC-0FCD-A316072FF700}.Release|Win32.Build.0 = Release|Win32
		{433B2FF1-78F3-72BC-0FCD-A316072FF700}.Release|x64.ActiveCfg = Release|x64
		{433B2FF1-78F3-72BC-0FCD-A316072FF700}.Release|x64.Build.0 = Release|x64
	EndGlobalSection
	GlobalSection(SolutionProperties) = preSolution
		HideSolutionNode = FALSE
	EndGlobalSection
EndGlobal
