<?xml version="1.0" encoding="utf-8"?>
<Project ToolsVersion="4.0" xmlns="http://schemas.microsoft.com/developer/msbuild/2003">
  <ItemGroup>
    <Filter Include="Authoring">
      <UniqueIdentifier>{E240C2F8-4EAD-7DF3-17A1-155183CC9F5B}</UniqueIdentifier>
    </Filter>
    <Filter Include="Authoring\source">
      <UniqueIdentifier>{C2502588-AE0B-1534-57C3-8D7E435D5FC4}</UniqueIdentifier>
    </Filter>
    <Filter Include="Authoring\source\3rdParty">
      <UniqueIdentifier>{4A2DA989-B6F1-A779-7F57-D843EBDA43AF}</UniqueIdentifier>
    </Filter>
    <Filter Include="Authoring\source\3rdParty\Subversion">
      <UniqueIdentifier>{29529264-15FB-F993-3E91-15132A9914D5}</UniqueIdentifier>
    </Filter>
    <Filter Include="Authoring\source\3rdParty\Subversion\X64">
      <UniqueIdentifier>{FA816C2C-E6C0-16A8-8F43-F3D97B61CC12}</UniqueIdentifier>
    </Filter>
    <Filter Include="Authoring\source\3rdParty\Subversion\X64\debug">
      <UniqueIdentifier>{10B05587-FC6F-E62B-658D-CE36516CF93D}</UniqueIdentifier>
    </Filter>
    <Filter Include="Authoring\source\3rdParty\Subversion\X64\debug\bin">
      <UniqueIdentifier>{B8ACEA9B-A482-7199-8D2C-8CEC79A1A43A}</UniqueIdentifier>
    </Filter>
    <Filter Include="Authoring\source\3rdParty\Subversion\X64\release">
      <UniqueIdentifier>{4A6BDDE9-36D6-9DF5-DFF1-025BCB3B61D8}</UniqueIdentifier>
    </Filter>
    <Filter Include="Authoring\source\3rdParty\Subversion\X64\release\bin">
      <UniqueIdentifier>{F274F125-DE75-85A0-073E-F224F39DFB5A}</UniqueIdentifier>
    </Filter>
    <Filter Include="Common">
      <UniqueIdentifier>{79269E1A-E590-5291-2ECF-03379A7830E6}</UniqueIdentifier>
    </Filter>
  </ItemGroup>
  <ItemGroup>
    <ClInclude Include="..\Common\OperationResults.h">
      <Filter>Common</Filter>
    </ClInclude>
    <ClInclude Include="..\Common\SourceControlHelpers.h">
      <Filter>Common</Filter>
    </ClInclude>
    <ClInclude Include="DlgCommitMessage.h" />
    <ClInclude Include="DlgConfiguration.h" />
    <ClInclude Include="DlgLockMessage.h" />
    <ClInclude Include="DlgOnCreateModify.h" />
    <ClInclude Include="DlgRename.h" />
    <ClInclude Include="Subversion.h" />
    <ClInclude Include="SubversionPool.h" />
    <ClInclude Include="SubversionSourceControl.h" />
    <ClInclude Include="resource.h" />
    <ClInclude Include="stdafx.h" />
  </ItemGroup>
  <ItemGroup>
    <ClCompile Include="..\Common\OperationResults.cpp">
      <Filter>Common</Filter>
    </ClCompile>
    <ClCompile Include="..\Common\SourceControlHelpers.cpp">
      <Filter>Common</Filter>
    </ClCompile>
    <ClCompile Include="DlgCommitMessage.cpp" />
    <ClCompile Include="DlgConfiguration.cpp" />
    <ClCompile Include="DlgLockMessage.cpp" />
    <ClCompile Include="DlgOnCreateModify.cpp" />
    <ClCompile Include="DlgRename.cpp" />
    <ClCompile Include="DllInterface.cpp" />
    <ClCompile Include="Subversion.cpp" />
    <ClCompile Include="SubversionPool.cpp" />
    <ClCompile Include="SubversionSourceControl.cpp" />
    <ClCompile Include="stdafx.cpp" />
  </ItemGroup>
  <ItemGroup>
    <None Include="Subversion.def" />
  </ItemGroup>
  <ItemGroup>
    <ResourceCompile Include="Subversion.rc" />
  </ItemGroup>
  <ItemGroup>
    <CustomBuild Include="..\..\..\..\Authoring\source\3rdParty\Subversion\X64\debug\bin\intl3_tsvn.dll">
      <Filter>Authoring\source\3rdParty\Subversion\X64\debug\bin</Filter>
    </CustomBuild>
    <CustomBuild Include="..\..\..\..\Authoring\source\3rdParty\Subversion\X64\debug\bin\libapr_tsvn.dll">
      <Filter>Authoring\source\3rdParty\Subversion\X64\debug\bin</Filter>
    </CustomBuild>
    <CustomBuild Include="..\..\..\..\Authoring\source\3rdParty\Subversion\X64\debug\bin\libapr_tsvn.pdb">
      <Filter>Authoring\source\3rdParty\Subversion\X64\debug\bin</Filter>
    </CustomBuild>
    <CustomBuild Include="..\..\..\..\Authoring\source\3rdParty\Subversion\X64\debug\bin\libaprutil_tsvn.dll">
      <Filter>Authoring\source\3rdParty\Subversion\X64\debug\bin</Filter>
    </CustomBuild>
    <CustomBuild Include="..\..\..\..\Authoring\source\3rdParty\Subversion\X64\debug\bin\libaprutil_tsvn.pdb">
      <Filter>Authoring\source\3rdParty\Subversion\X64\debug\bin</Filter>
    </CustomBuild>
    <CustomBuild Include="..\..\..\..\Authoring\source\3rdParty\Subversion\X64\debug\bin\libsasl.dll">
      <Filter>Authoring\source\3rdParty\Subversion\X64\debug\bin</Filter>
    </CustomBuild>
    <CustomBuild Include="..\..\..\..\Authoring\source\3rdParty\Subversion\X64\debug\bin\libsasl.pdb">
      <Filter>Authoring\source\3rdParty\Subversion\X64\debug\bin</Filter>
    </CustomBuild>
    <CustomBuild Include="..\..\..\..\Authoring\source\3rdParty\Subversion\X64\debug\bin\libsvn_tsvn.dll">
      <Filter>Authoring\source\3rdParty\Subversion\X64\debug\bin</Filter>
    </CustomBuild>
    <CustomBuild Include="..\..\..\..\Authoring\source\3rdParty\Subversion\X64\debug\bin\libsvn_tsvn.pdb">
      <Filter>Authoring\source\3rdParty\Subversion\X64\debug\bin</Filter>
    </CustomBuild>
    <CustomBuild Include="..\..\..\..\Authoring\source\3rdParty\Subversion\X64\release\bin\intl3_tsvn.dll">
      <Filter>Authoring\source\3rdParty\Subversion\X64\release\bin</Filter>
    </CustomBuild>
    <CustomBuild Include="..\..\..\..\Authoring\source\3rdParty\Subversion\X64\release\bin\libapr_tsvn.dll">
      <Filter>Authoring\source\3rdParty\Subversion\X64\release\bin</Filter>
    </CustomBuild>
    <CustomBuild Include="..\..\..\..\Authoring\source\3rdParty\Subversion\X64\release\bin\libapr_tsvn.pdb">
      <Filter>Authoring\source\3rdParty\Subversion\X64\release\bin</Filter>
    </CustomBuild>
    <CustomBuild Include="..\..\..\..\Authoring\source\3rdParty\Subversion\X64\release\bin\libaprutil_tsvn.dll">
      <Filter>Authoring\source\3rdParty\Subversion\X64\release\bin</Filter>
    </CustomBuild>
    <CustomBuild Include="..\..\..\..\Authoring\source\3rdParty\Subversion\X64\release\bin\libaprutil_tsvn.pdb">
      <Filter>Authoring\source\3rdParty\Subversion\X64\release\bin</Filter>
    </CustomBuild>
    <CustomBuild Include="..\..\..\..\Authoring\source\3rdParty\Subversion\X64\release\bin\libsasl.dll">
      <Filter>Authoring\source\3rdParty\Subversion\X64\release\bin</Filter>
    </CustomBuild>
    <CustomBuild Include="..\..\..\..\Authoring\source\3rdParty\Subversion\X64\release\bin\libsasl.pdb">
      <Filter>Authoring\source\3rdParty\Subversion\X64\release\bin</Filter>
    </CustomBuild>
    <CustomBuild Include="..\..\..\..\Authoring\source\3rdParty\Subversion\X64\release\bin\libsvn_tsvn.dll">
      <Filter>Authoring\source\3rdParty\Subversion\X64\release\bin</Filter>
    </CustomBuild>
    <CustomBuild Include="..\..\..\..\Authoring\source\3rdParty\Subversion\X64\release\bin\libsvn_tsvn.pdb">
      <Filter>Authoring\source\3rdParty\Subversion\X64\release\bin</Filter>
    </CustomBuild>
  </ItemGroup>
</Project>