
Microsoft Visual Studio Solution File, Format Version 12.00
# Visual Studio Version 16
Project("{2150E333-8FDC-42A3-9474-1A3956D46DE8}") = "Plugins", "Plugins", "{6EEF9964-DAAF-159B-A3EA-5E180F6A5A77}"
EndProject
Project("{2150E333-8FDC-42A3-9474-1A3956D46DE8}") = "Effects", "Effects", "{1DFD763D-8969-3238-525D-CA95BE8854A0}"
EndProject
Project("{8BC9CEB8-8B4A-11D0-8D11-00A0C91BC942}") = "AkDelayFX", "AkDelay\Sources\AudioEngineFX\Win32\AkDelayFXWindows_vc160.vcxproj", "{462B7903-6384-A8B3-6065-D0E6428E3E25}"
EndProject
Project("{2150E333-8FDC-42A3-9474-1A3956D46DE8}") = "Sinks", "Sinks", "{452753D9-B188-30E7-3AF6-7699A65667A6}"
EndProject
Project("{8BC9CEB8-8B4A-11D0-8D11-00A0C91BC942}") = "AkSink", "AkSink\Sources\AudioEngineFX\Win32\AkSinkWindows_vc160.vcxproj", "{179AE581-C45E-5727-8E7B-F95775DEBABA}"
EndProject
Project("{2150E333-8FDC-42A3-9474-1A3956D46DE8}") = "Sources", "Sources", "{E14B3B89-4DB8-F683-16AC-8EE182D718EC}"
EndProject
Project("{8BC9CEB8-8B4A-11D0-8D11-00A0C91BC942}") = "AkAudioInputSource", "AkAudioInput\Sources\AudioEngineFX\Win32\AkAudioInputSourceWindows_vc160.vcxproj", "{3036D990-FC34-1673-4861-6389A906009B}"
EndProject
Project("{8BC9CEB8-8B4A-11D0-8D11-00A0C91BC942}") = "AkSineSource", "AkSineTone\Sources\AudioEngineFX\Win32\AkSineSourceWindows_vc160.vcxproj", "{9FC416DF-AF7A-B134-3B18-20C1813B6FEE}"
EndProject
Project("{8BC9CEB8-8B4A-11D0-8D11-00A0C91BC942}") = "AkToneSource", "AkToneGenerator\Sources\AudioEngineFX\Win32\AkToneSourceWindows_vc160.vcxproj", "{0177CEE4-7F12-8B0E-6844-4AD42B5158EA}"
EndProject
Global
	GlobalSection(SolutionConfigurationPlatforms) = preSolution
		Debug(StaticCRT)|Win32 = Debug(StaticCRT)|Win32
		Debug(StaticCRT)|x64 = Debug(StaticCRT)|x64
		Debug|Win32 = Debug|Win32
		Debug|x64 = Debug|x64
		Profile(StaticCRT)_EnableAsserts|Win32 = Profile(StaticCRT)_EnableAsserts|Win32
		Profile(StaticCRT)_EnableAsserts|x64 = Profile(StaticCRT)_EnableAsserts|x64
		Profile(StaticCRT)|Win32 = Profile(StaticCRT)|Win32
		Profile(StaticCRT)|x64 = Profile(StaticCRT)|x64
		Profile_EnableAsserts|Win32 = Profile_EnableAsserts|Win32
		Profile_EnableAsserts|x64 = Profile_EnableAsserts|x64
		Profile|Win32 = Profile|Win32
		Profile|x64 = Profile|x64
		Release(StaticCRT)|Win32 = Release(StaticCRT)|Win32
		Release(StaticCRT)|x64 = Release(StaticCRT)|x64
		Release|Win32 = Release|Win32
		Release|x64 = Release|x64
	EndGlobalSection
	GlobalSection(ProjectConfigurationPlatforms) = postSolution
		{462B7903-6384-A8B3-6065-D0E6428E3E25}.Debug(StaticCRT)|Win32.ActiveCfg = Debug(StaticCRT)|Win32
		{462B7903-6384-A8B3-6065-D0E6428E3E25}.Debug(StaticCRT)|Win32.Build.0 = Debug(StaticCRT)|Win32
		{462B7903-6384-A8B3-6065-D0E6428E3E25}.Debug(StaticCRT)|x64.ActiveCfg = Debug(StaticCRT)|x64
		{462B7903-6384-A8B3-6065-D0E6428E3E25}.Debug(StaticCRT)|x64.Build.0 = Debug(StaticCRT)|x64
		{462B7903-6384-A8B3-6065-D0E6428E3E25}.Debug|Win32.ActiveCfg = Debug|Win32
		{462B7903-6384-A8B3-6065-D0E6428E3E25}.Debug|Win32.Build.0 = Debug|Win32
		{462B7903-6384-A8B3-6065-D0E6428E3E25}.Debug|x64.ActiveCfg = Debug|x64
		{462B7903-6384-A8B3-6065-D0E6428E3E25}.Debug|x64.Build.0 = Debug|x64
		{462B7903-6384-A8B3-6065-D0E6428E3E25}.Profile(StaticCRT)_EnableAsserts|Win32.ActiveCfg = Profile(StaticCRT)_EnableAsserts|Win32
		{462B7903-6384-A8B3-6065-D0E6428E3E25}.Profile(StaticCRT)_EnableAsserts|Win32.Build.0 = Profile(StaticCRT)_EnableAsserts|Win32
		{462B7903-6384-A8B3-6065-D0E6428E3E25}.Profile(StaticCRT)_EnableAsserts|x64.ActiveCfg = Profile(StaticCRT)_EnableAsserts|x64
		{462B7903-6384-A8B3-6065-D0E6428E3E25}.Profile(StaticCRT)_EnableAsserts|x64.Build.0 = Profile(StaticCRT)_EnableAsserts|x64
		{462B7903-6384-A8B3-6065-D0E6428E3E25}.Profile(StaticCRT)|Win32.ActiveCfg = Profile(StaticCRT)|Win32
		{462B7903-6384-A8B3-6065-D0E6428E3E25}.Profile(StaticCRT)|Win32.Build.0 = Profile(StaticCRT)|Win32
		{462B7903-6384-A8B3-6065-D0E6428E3E25}.Profile(StaticCRT)|x64.ActiveCfg = Profile(StaticCRT)|x64
		{462B7903-6384-A8B3-6065-D0E6428E3E25}.Profile(StaticCRT)|x64.Build.0 = Profile(StaticCRT)|x64
		{462B7903-6384-A8B3-6065-D0E6428E3E25}.Profile_EnableAsserts|Win32.ActiveCfg = Profile_EnableAsserts|Win32
		{462B7903-6384-A8B3-6065-D0E6428E3E25}.Profile_EnableAsserts|Win32.Build.0 = Profile_EnableAsserts|Win32
		{462B7903-6384-A8B3-6065-D0E6428E3E25}.Profile_EnableAsserts|x64.ActiveCfg = Profile_EnableAsserts|x64
		{462B7903-6384-A8B3-6065-D0E6428E3E25}.Profile_EnableAsserts|x64.Build.0 = Profile_EnableAsserts|x64
		{462B7903-6384-A8B3-6065-D0E6428E3E25}.Profile|Win32.ActiveCfg = Profile|Win32
		{462B7903-6384-A8B3-6065-D0E6428E3E25}.Profile|Win32.Build.0 = Profile|Win32
		{462B7903-6384-A8B3-6065-D0E6428E3E25}.Profile|x64.ActiveCfg = Profile|x64
		{462B7903-6384-A8B3-6065-D0E6428E3E25}.Profile|x64.Build.0 = Profile|x64
		{462B7903-6384-A8B3-6065-D0E6428E3E25}.Release(StaticCRT)|Win32.ActiveCfg = Release(StaticCRT)|Win32
		{462B7903-6384-A8B3-6065-D0E6428E3E25}.Release(StaticCRT)|Win32.Build.0 = Release(StaticCRT)|Win32
		{462B7903-6384-A8B3-6065-D0E6428E3E25}.Release(StaticCRT)|x64.ActiveCfg = Release(StaticCRT)|x64
		{462B7903-6384-A8B3-6065-D0E6428E3E25}.Release(StaticCRT)|x64.Build.0 = Release(StaticCRT)|x64
		{462B7903-6384-A8B3-6065-D0E6428E3E25}.Release|Win32.ActiveCfg = Release|Win32
		{462B7903-6384-A8B3-6065-D0E6428E3E25}.Release|Win32.Build.0 = Release|Win32
		{462B7903-6384-A8B3-6065-D0E6428E3E25}.Release|x64.ActiveCfg = Release|x64
		{462B7903-6384-A8B3-6065-D0E6428E3E25}.Release|x64.Build.0 = Release|x64
		{179AE581-C45E-5727-8E7B-F95775DEBABA}.Debug(StaticCRT)|Win32.ActiveCfg = Debug(StaticCRT)|Win32
		{179AE581-C45E-5727-8E7B-F95775DEBABA}.Debug(StaticCRT)|Win32.Build.0 = Debug(StaticCRT)|Win32
		{179AE581-C45E-5727-8E7B-F95775DEBABA}.Debug(StaticCRT)|x64.ActiveCfg = Debug(StaticCRT)|x64
		{179AE581-C45E-5727-8E7B-F95775DEBABA}.Debug(StaticCRT)|x64.Build.0 = Debug(StaticCRT)|x64
		{179AE581-C45E-5727-8E7B-F95775DEBABA}.Debug|Win32.ActiveCfg = Debug|Win32
		{179AE581-C45E-5727-8E7B-F95775DEBABA}.Debug|Win32.Build.0 = Debug|Win32
		{179AE581-C45E-5727-8E7B-F95775DEBABA}.Debug|x64.ActiveCfg = Debug|x64
		{179AE581-C45E-5727-8E7B-F95775DEBABA}.Debug|x64.Build.0 = Debug|x64
		{179AE581-C45E-5727-8E7B-F95775DEBABA}.Profile(StaticCRT)_EnableAsserts|Win32.ActiveCfg = Profile(StaticCRT)_EnableAsserts|Win32
		{179AE581-C45E-5727-8E7B-F95775DEBABA}.Profile(StaticCRT)_EnableAsserts|Win32.Build.0 = Profile(StaticCRT)_EnableAsserts|Win32
		{179AE581-C45E-5727-8E7B-F95775DEBABA}.Profile(StaticCRT)_EnableAsserts|x64.ActiveCfg = Profile(StaticCRT)_EnableAsserts|x64
		{179AE581-C45E-5727-8E7B-F95775DEBABA}.Profile(StaticCRT)_EnableAsserts|x64.Build.0 = Profile(StaticCRT)_EnableAsserts|x64
		{179AE581-C45E-5727-8E7B-F95775DEBABA}.Profile(StaticCRT)|Win32.ActiveCfg = Profile(StaticCRT)|Win32
		{179AE581-C45E-5727-8E7B-F95775DEBABA}.Profile(StaticCRT)|Win32.Build.0 = Profile(StaticCRT)|Win32
		{179AE581-C45E-5727-8E7B-F95775DEBABA}.Profile(StaticCRT)|x64.ActiveCfg = Profile(StaticCRT)|x64
		{179AE581-C45E-5727-8E7B-F95775DEBABA}.Profile(StaticCRT)|x64.Build.0 = Profile(StaticCRT)|x64
		{179AE581-C45E-5727-8E7B-F95775DEBABA}.Profile_EnableAsserts|Win32.ActiveCfg = Profile_EnableAsserts|Win32
		{179AE581-C45E-5727-8E7B-F95775DEBABA}.Profile_EnableAsserts|Win32.Build.0 = Profile_EnableAsserts|Win32
		{179AE581-C45E-5727-8E7B-F95775DEBABA}.Profile_EnableAsserts|x64.ActiveCfg = Profile_EnableAsserts|x64
		{179AE581-C45E-5727-8E7B-F95775DEBABA}.Profile_EnableAsserts|x64.Build.0 = Profile_EnableAsserts|x64
		{179AE581-C45E-5727-8E7B-F95775DEBABA}.Profile|Win32.ActiveCfg = Profile|Win32
		{179AE581-C45E-5727-8E7B-F95775DEBABA}.Profile|Win32.Build.0 = Profile|Win32
		{179AE581-C45E-5727-8E7B-F95775DEBABA}.Profile|x64.ActiveCfg = Profile|x64
		{179AE581-C45E-5727-8E7B-F95775DEBABA}.Profile|x64.Build.0 = Profile|x64
		{179AE581-C45E-5727-8E7B-F95775DEBABA}.Release(StaticCRT)|Win32.ActiveCfg = Release(StaticCRT)|Win32
		{179AE581-C45E-5727-8E7B-F95775DEBABA}.Release(StaticCRT)|Win32.Build.0 = Release(StaticCRT)|Win32
		{179AE581-C45E-5727-8E7B-F95775DEBABA}.Release(StaticCRT)|x64.ActiveCfg = Release(StaticCRT)|x64
		{179AE581-C45E-5727-8E7B-F95775DEBABA}.Release(StaticCRT)|x64.Build.0 = Release(StaticCRT)|x64
		{179AE581-C45E-5727-8E7B-F95775DEBABA}.Release|Win32.ActiveCfg = Release|Win32
		{179AE581-C45E-5727-8E7B-F95775DEBABA}.Release|Win32.Build.0 = Release|Win32
		{179AE581-C45E-5727-8E7B-F95775DEBABA}.Release|x64.ActiveCfg = Release|x64
		{179AE581-C45E-5727-8E7B-F95775DEBABA}.Release|x64.Build.0 = Release|x64
		{3036D990-FC34-1673-4861-6389A906009B}.Debug(StaticCRT)|Win32.ActiveCfg = Debug(StaticCRT)|Win32
		{3036D990-FC34-1673-4861-6389A906009B}.Debug(StaticCRT)|Win32.Build.0 = Debug(StaticCRT)|Win32
		{3036D990-FC34-1673-4861-6389A906009B}.Debug(StaticCRT)|x64.ActiveCfg = Debug(StaticCRT)|x64
		{3036D990-FC34-1673-4861-6389A906009B}.Debug(StaticCRT)|x64.Build.0 = Debug(StaticCRT)|x64
		{3036D990-FC34-1673-4861-6389A906009B}.Debug|Win32.ActiveCfg = Debug|Win32
		{3036D990-FC34-1673-4861-6389A906009B}.Debug|Win32.Build.0 = Debug|Win32
		{3036D990-FC34-1673-4861-6389A906009B}.Debug|x64.ActiveCfg = Debug|x64
		{3036D990-FC34-1673-4861-6389A906009B}.Debug|x64.Build.0 = Debug|x64
		{3036D990-FC34-1673-4861-6389A906009B}.Profile(StaticCRT)_EnableAsserts|Win32.ActiveCfg = Profile(StaticCRT)_EnableAsserts|Win32
		{3036D990-FC34-1673-4861-6389A906009B}.Profile(StaticCRT)_EnableAsserts|Win32.Build.0 = Profile(StaticCRT)_EnableAsserts|Win32
		{3036D990-FC34-1673-4861-6389A906009B}.Profile(StaticCRT)_EnableAsserts|x64.ActiveCfg = Profile(StaticCRT)_EnableAsserts|x64
		{3036D990-FC34-1673-4861-6389A906009B}.Profile(StaticCRT)_EnableAsserts|x64.Build.0 = Profile(StaticCRT)_EnableAsserts|x64
		{3036D990-FC34-1673-4861-6389A906009B}.Profile(StaticCRT)|Win32.ActiveCfg = Profile(StaticCRT)|Win32
		{3036D990-FC34-1673-4861-6389A906009B}.Profile(StaticCRT)|Win32.Build.0 = Profile(StaticCRT)|Win32
		{3036D990-FC34-1673-4861-6389A906009B}.Profile(StaticCRT)|x64.ActiveCfg = Profile(StaticCRT)|x64
		{3036D990-FC34-1673-4861-6389A906009B}.Profile(StaticCRT)|x64.Build.0 = Profile(StaticCRT)|x64
		{3036D990-FC34-1673-4861-6389A906009B}.Profile_EnableAsserts|Win32.ActiveCfg = Profile_EnableAsserts|Win32
		{3036D990-FC34-1673-4861-6389A906009B}.Profile_EnableAsserts|Win32.Build.0 = Profile_EnableAsserts|Win32
		{3036D990-FC34-1673-4861-6389A906009B}.Profile_EnableAsserts|x64.ActiveCfg = Profile_EnableAsserts|x64
		{3036D990-FC34-1673-4861-6389A906009B}.Profile_EnableAsserts|x64.Build.0 = Profile_EnableAsserts|x64
		{3036D990-FC34-1673-4861-6389A906009B}.Profile|Win32.ActiveCfg = Profile|Win32
		{3036D990-FC34-1673-4861-6389A906009B}.Profile|Win32.Build.0 = Profile|Win32
		{3036D990-FC34-1673-4861-6389A906009B}.Profile|x64.ActiveCfg = Profile|x64
		{3036D990-FC34-1673-4861-6389A906009B}.Profile|x64.Build.0 = Profile|x64
		{3036D990-FC34-1673-4861-6389A906009B}.Release(StaticCRT)|Win32.ActiveCfg = Release(StaticCRT)|Win32
		{3036D990-FC34-1673-4861-6389A906009B}.Release(StaticCRT)|Win32.Build.0 = Release(StaticCRT)|Win32
		{3036D990-FC34-1673-4861-6389A906009B}.Release(StaticCRT)|x64.ActiveCfg = Release(StaticCRT)|x64
		{3036D990-FC34-1673-4861-6389A906009B}.Release(StaticCRT)|x64.Build.0 = Release(StaticCRT)|x64
		{3036D990-FC34-1673-4861-6389A906009B}.Release|Win32.ActiveCfg = Release|Win32
		{3036D990-FC34-1673-4861-6389A906009B}.Release|Win32.Build.0 = Release|Win32
		{3036D990-FC34-1673-4861-6389A906009B}.Release|x64.ActiveCfg = Release|x64
		{3036D990-FC34-1673-4861-6389A906009B}.Release|x64.Build.0 = Release|x64
		{9FC416DF-AF7A-B134-3B18-20C1813B6FEE}.Debug(StaticCRT)|Win32.ActiveCfg = Debug(StaticCRT)|Win32
		{9FC416DF-AF7A-B134-3B18-20C1813B6FEE}.Debug(StaticCRT)|Win32.Build.0 = Debug(StaticCRT)|Win32
		{9FC416DF-AF7A-B134-3B18-20C1813B6FEE}.Debug(StaticCRT)|x64.ActiveCfg = Debug(StaticCRT)|x64
		{9FC416DF-AF7A-B134-3B18-20C1813B6FEE}.Debug(StaticCRT)|x64.Build.0 = Debug(StaticCRT)|x64
		{9FC416DF-AF7A-B134-3B18-20C1813B6FEE}.Debug|Win32.ActiveCfg = Debug|Win32
		{9FC416DF-AF7A-B134-3B18-20C1813B6FEE}.Debug|Win32.Build.0 = Debug|Win32
		{9FC416DF-AF7A-B134-3B18-20C1813B6FEE}.Debug|x64.ActiveCfg = Debug|x64
		{9FC416DF-AF7A-B134-3B18-20C1813B6FEE}.Debug|x64.Build.0 = Debug|x64
		{9FC416DF-AF7A-B134-3B18-20C1813B6FEE}.Profile(StaticCRT)_EnableAsserts|Win32.ActiveCfg = Profile(StaticCRT)_EnableAsserts|Win32
		{9FC416DF-AF7A-B134-3B18-20C1813B6FEE}.Profile(StaticCRT)_EnableAsserts|Win32.Build.0 = Profile(StaticCRT)_EnableAsserts|Win32
		{9FC416DF-AF7A-B134-3B18-20C1813B6FEE}.Profile(StaticCRT)_EnableAsserts|x64.ActiveCfg = Profile(StaticCRT)_EnableAsserts|x64
		{9FC416DF-AF7A-B134-3B18-20C1813B6FEE}.Profile(StaticCRT)_EnableAsserts|x64.Build.0 = Profile(StaticCRT)_EnableAsserts|x64
		{9FC416DF-AF7A-B134-3B18-20C1813B6FEE}.Profile(StaticCRT)|Win32.ActiveCfg = Profile(StaticCRT)|Win32
		{9FC416DF-AF7A-B134-3B18-20C1813B6FEE}.Profile(StaticCRT)|Win32.Build.0 = Profile(StaticCRT)|Win32
		{9FC416DF-AF7A-B134-3B18-20C1813B6FEE}.Profile(StaticCRT)|x64.ActiveCfg = Profile(StaticCRT)|x64
		{9FC416DF-AF7A-B134-3B18-20C1813B6FEE}.Profile(StaticCRT)|x64.Build.0 = Profile(StaticCRT)|x64
		{9FC416DF-AF7A-B134-3B18-20C1813B6FEE}.Profile_EnableAsserts|Win32.ActiveCfg = Profile_EnableAsserts|Win32
		{9FC416DF-AF7A-B134-3B18-20C1813B6FEE}.Profile_EnableAsserts|Win32.Build.0 = Profile_EnableAsserts|Win32
		{9FC416DF-AF7A-B134-3B18-20C1813B6FEE}.Profile_EnableAsserts|x64.ActiveCfg = Profile_EnableAsserts|x64
		{9FC416DF-AF7A-B134-3B18-20C1813B6FEE}.Profile_EnableAsserts|x64.Build.0 = Profile_EnableAsserts|x64
		{9FC416DF-AF7A-B134-3B18-20C1813B6FEE}.Profile|Win32.ActiveCfg = Profile|Win32
		{9FC416DF-AF7A-B134-3B18-20C1813B6FEE}.Profile|Win32.Build.0 = Profile|Win32
		{9FC416DF-AF7A-B134-3B18-20C1813B6FEE}.Profile|x64.ActiveCfg = Profile|x64
		{9FC416DF-AF7A-B134-3B18-20C1813B6FEE}.Profile|x64.Build.0 = Profile|x64
		{9FC416DF-AF7A-B134-3B18-20C1813B6FEE}.Release(StaticCRT)|Win32.ActiveCfg = Release(StaticCRT)|Win32
		{9FC416DF-AF7A-B134-3B18-20C1813B6FEE}.Release(StaticCRT)|Win32.Build.0 = Release(StaticCRT)|Win32
		{9FC416DF-AF7A-B134-3B18-20C1813B6FEE}.Release(StaticCRT)|x64.ActiveCfg = Release(StaticCRT)|x64
		{9FC416DF-AF7A-B134-3B18-20C1813B6FEE}.Release(StaticCRT)|x64.Build.0 = Release(StaticCRT)|x64
		{9FC416DF-AF7A-B134-3B18-20C1813B6FEE}.Release|Win32.ActiveCfg = Release|Win32
		{9FC416DF-AF7A-B134-3B18-20C1813B6FEE}.Release|Win32.Build.0 = Release|Win32
		{9FC416DF-AF7A-B134-3B18-20C1813B6FEE}.Release|x64.ActiveCfg = Release|x64
		{9FC416DF-AF7A-B134-3B18-20C1813B6FEE}.Release|x64.Build.0 = Release|x64
		{0177CEE4-7F12-8B0E-6844-4AD42B5158EA}.Debug(StaticCRT)|Win32.ActiveCfg = Debug(StaticCRT)|Win32
		{0177CEE4-7F12-8B0E-6844-4AD42B5158EA}.Debug(StaticCRT)|Win32.Build.0 = Debug(StaticCRT)|Win32
		{0177CEE4-7F12-8B0E-6844-4AD42B5158EA}.Debug(StaticCRT)|x64.ActiveCfg = Debug(StaticCRT)|x64
		{0177CEE4-7F12-8B0E-6844-4AD42B5158EA}.Debug(StaticCRT)|x64.Build.0 = Debug(StaticCRT)|x64
		{0177CEE4-7F12-8B0E-6844-4AD42B5158EA}.Debug|Win32.ActiveCfg = Debug|Win32
		{0177CEE4-7F12-8B0E-6844-4AD42B5158EA}.Debug|Win32.Build.0 = Debug|Win32
		{0177CEE4-7F12-8B0E-6844-4AD42B5158EA}.Debug|x64.ActiveCfg = Debug|x64
		{0177CEE4-7F12-8B0E-6844-4AD42B5158EA}.Debug|x64.Build.0 = Debug|x64
		{0177CEE4-7F12-8B0E-6844-4AD42B5158EA}.Profile(StaticCRT)_EnableAsserts|Win32.ActiveCfg = Profile(StaticCRT)_EnableAsserts|Win32
		{0177CEE4-7F12-8B0E-6844-4AD42B5158EA}.Profile(StaticCRT)_EnableAsserts|Win32.Build.0 = Profile(StaticCRT)_EnableAsserts|Win32
		{0177CEE4-7F12-8B0E-6844-4AD42B5158EA}.Profile(StaticCRT)_EnableAsserts|x64.ActiveCfg = Profile(StaticCRT)_EnableAsserts|x64
		{0177CEE4-7F12-8B0E-6844-4AD42B5158EA}.Profile(StaticCRT)_EnableAsserts|x64.Build.0 = Profile(StaticCRT)_EnableAsserts|x64
		{0177CEE4-7F12-8B0E-6844-4AD42B5158EA}.Profile(StaticCRT)|Win32.ActiveCfg = Profile(StaticCRT)|Win32
		{0177CEE4-7F12-8B0E-6844-4AD42B5158EA}.Profile(StaticCRT)|Win32.Build.0 = Profile(StaticCRT)|Win32
		{0177CEE4-7F12-8B0E-6844-4AD42B5158EA}.Profile(StaticCRT)|x64.ActiveCfg = Profile(StaticCRT)|x64
		{0177CEE4-7F12-8B0E-6844-4AD42B5158EA}.Profile(StaticCRT)|x64.Build.0 = Profile(StaticCRT)|x64
		{0177CEE4-7F12-8B0E-6844-4AD42B5158EA}.Profile_EnableAsserts|Win32.ActiveCfg = Profile_EnableAsserts|Win32
		{0177CEE4-7F12-8B0E-6844-4AD42B5158EA}.Profile_EnableAsserts|Win32.Build.0 = Profile_EnableAsserts|Win32
		{0177CEE4-7F12-8B0E-6844-4AD42B5158EA}.Profile_EnableAsserts|x64.ActiveCfg = Profile_EnableAsserts|x64
		{0177CEE4-7F12-8B0E-6844-4AD42B5158EA}.Profile_EnableAsserts|x64.Build.0 = Profile_EnableAsserts|x64
		{0177CEE4-7F12-8B0E-6844-4AD42B5158EA}.Profile|Win32.ActiveCfg = Profile|Win32
		{0177CEE4-7F12-8B0E-6844-4AD42B5158EA}.Profile|Win32.Build.0 = Profile|Win32
		{0177CEE4-7F12-8B0E-6844-4AD42B5158EA}.Profile|x64.ActiveCfg = Profile|x64
		{0177CEE4-7F12-8B0E-6844-4AD42B5158EA}.Profile|x64.Build.0 = Profile|x64
		{0177CEE4-7F12-8B0E-6844-4AD42B5158EA}.Release(StaticCRT)|Win32.ActiveCfg = Release(StaticCRT)|Win32
		{0177CEE4-7F12-8B0E-6844-4AD42B5158EA}.Release(StaticCRT)|Win32.Build.0 = Release(StaticCRT)|Win32
		{0177CEE4-7F12-8B0E-6844-4AD42B5158EA}.Release(StaticCRT)|x64.ActiveCfg = Release(StaticCRT)|x64
		{0177CEE4-7F12-8B0E-6844-4AD42B5158EA}.Release(StaticCRT)|x64.Build.0 = Release(StaticCRT)|x64
		{0177CEE4-7F12-8B0E-6844-4AD42B5158EA}.Release|Win32.ActiveCfg = Release|Win32
		{0177CEE4-7F12-8B0E-6844-4AD42B5158EA}.Release|Win32.Build.0 = Release|Win32
		{0177CEE4-7F12-8B0E-6844-4AD42B5158EA}.Release|x64.ActiveCfg = Release|x64
		{0177CEE4-7F12-8B0E-6844-4AD42B5158EA}.Release|x64.Build.0 = Release|x64
	EndGlobalSection
	GlobalSection(SolutionProperties) = preSolution
		HideSolutionNode = FALSE
	EndGlobalSection
	GlobalSection(NestedProjects) = preSolution
		{1DFD763D-8969-3238-525D-CA95BE8854A0} = {6EEF9964-DAAF-159B-A3EA-5E180F6A5A77}
		{462B7903-6384-A8B3-6065-D0E6428E3E25} = {1DFD763D-8969-3238-525D-CA95BE8854A0}
		{452753D9-B188-30E7-3AF6-7699A65667A6} = {6EEF9964-DAAF-159B-A3EA-5E180F6A5A77}
		{179AE581-C45E-5727-8E7B-F95775DEBABA} = {452753D9-B188-30E7-3AF6-7699A65667A6}
		{E14B3B89-4DB8-F683-16AC-8EE182D718EC} = {6EEF9964-DAAF-159B-A3EA-5E180F6A5A77}
		{3036D990-FC34-1673-4861-6389A906009B} = {E14B3B89-4DB8-F683-16AC-8EE182D718EC}
		{9FC416DF-AF7A-B134-3B18-20C1813B6FEE} = {E14B3B89-4DB8-F683-16AC-8EE182D718EC}
		{0177CEE4-7F12-8B0E-6844-4AD42B5158EA} = {E14B3B89-4DB8-F683-16AC-8EE182D718EC}
	EndGlobalSection
EndGlobal
