
Microsoft Visual Studio Solution File, Format Version 12.00
# Visual Studio Version 17
Project("{2150E333-8FDC-42A3-9474-1A3956D46DE8}") = "Plugins", "Plugins", "{6EEF9964-DAAF-159B-A3EA-5E180F6A5A77}"
EndProject
Project("{2150E333-8FDC-42A3-9474-1A3956D46DE8}") = "Effects", "Effects", "{1DFD763D-8969-3238-525D-CA95BE8854A0}"
EndProject
Project("{8BC9CEB8-8B4A-11D0-8D11-00A0C91BC942}") = "AkDelayFX", "AkDelay\Sources\AudioEngineFX\Win32\AkDelayFXWindows_vc170.vcxproj", "{D7238377-598E-185C-15B8-80E3001F1BEB}"
EndProject
Project("{2150E333-8FDC-42A3-9474-1A3956D46DE8}") = "Sinks", "Sinks", "{452753D9-B188-30E7-3AF6-7699A65667A6}"
EndProject
Project("{8BC9CEB8-8B4A-11D0-8D11-00A0C91BC942}") = "AkSink", "AkSink\Sources\AudioEngineFX\Win32\AkSinkWindows_vc170.vcxproj", "{9C9D022B-BF5D-3A23-9BEE-6C134659EF60}"
EndProject
Project("{2150E333-8FDC-42A3-9474-1A3956D46DE8}") = "Sources", "Sources", "{E14B3B89-4DB8-F683-16AC-8EE182D718EC}"
EndProject
Project("{8BC9CEB8-8B4A-11D0-8D11-00A0C91BC942}") = "AkAudioInputSource", "AkAudioInput\Sources\AudioEngineFX\Win32\AkAudioInputSourceWindows_vc170.vcxproj", "{7C102F89-907B-6620-B98F-E4150CA6FAEA}"
EndProject
Project("{8BC9CEB8-8B4A-11D0-8D11-00A0C91BC942}") = "AkSineSource", "AkSineTone\Sources\AudioEngineFX\Win32\AkSineSourceWindows_vc170.vcxproj", "{AA3B3CDD-9403-2A47-9991-EFAA0C6F37A8}"
EndProject
Project("{8BC9CEB8-8B4A-11D0-8D11-00A0C91BC942}") = "AkToneSource", "AkToneGenerator\Sources\AudioEngineFX\Win32\AkToneSourceWindows_vc170.vcxproj", "{F52F6DB3-8891-5276-5B6F-7B15A478DA46}"
EndProject
Global
	GlobalSection(SolutionConfigurationPlatforms) = preSolution
		Debug(StaticCRT)|Win32 = Debug(StaticCRT)|Win32
		Debug(StaticCRT)|x64 = Debug(StaticCRT)|x64
		Debug|Win32 = Debug|Win32
		Debug|x64 = Debug|x64
		Profile(StaticCRT)_EnableAsserts|Win32 = Profile(StaticCRT)_EnableAsserts|Win32
		Profile(StaticCRT)_EnableAsserts|x64 = Profile(StaticCRT)_EnableAsserts|x64
		Profile(StaticCRT)|Win32 = Profile(StaticCRT)|Win32
		Profile(StaticCRT)|x64 = Profile(StaticCRT)|x64
		Profile_EnableAsserts|Win32 = Profile_EnableAsserts|Win32
		Profile_EnableAsserts|x64 = Profile_EnableAsserts|x64
		Profile|Win32 = Profile|Win32
		Profile|x64 = Profile|x64
		Release(StaticCRT)|Win32 = Release(StaticCRT)|Win32
		Release(StaticCRT)|x64 = Release(StaticCRT)|x64
		Release|Win32 = Release|Win32
		Release|x64 = Release|x64
	EndGlobalSection
	GlobalSection(ProjectConfigurationPlatforms) = postSolution
		{D7238377-598E-185C-15B8-80E3001F1BEB}.Debug(StaticCRT)|Win32.ActiveCfg = Debug(StaticCRT)|Win32
		{D7238377-598E-185C-15B8-80E3001F1BEB}.Debug(StaticCRT)|Win32.Build.0 = Debug(StaticCRT)|Win32
		{D7238377-598E-185C-15B8-80E3001F1BEB}.Debug(StaticCRT)|x64.ActiveCfg = Debug(StaticCRT)|x64
		{D7238377-598E-185C-15B8-80E3001F1BEB}.Debug(StaticCRT)|x64.Build.0 = Debug(StaticCRT)|x64
		{D7238377-598E-185C-15B8-80E3001F1BEB}.Debug|Win32.ActiveCfg = Debug|Win32
		{D7238377-598E-185C-15B8-80E3001F1BEB}.Debug|Win32.Build.0 = Debug|Win32
		{D7238377-598E-185C-15B8-80E3001F1BEB}.Debug|x64.ActiveCfg = Debug|x64
		{D7238377-598E-185C-15B8-80E3001F1BEB}.Debug|x64.Build.0 = Debug|x64
		{D7238377-598E-185C-15B8-80E3001F1BEB}.Profile(StaticCRT)_EnableAsserts|Win32.ActiveCfg = Profile(StaticCRT)_EnableAsserts|Win32
		{D7238377-598E-185C-15B8-80E3001F1BEB}.Profile(StaticCRT)_EnableAsserts|Win32.Build.0 = Profile(StaticCRT)_EnableAsserts|Win32
		{D7238377-598E-185C-15B8-80E3001F1BEB}.Profile(StaticCRT)_EnableAsserts|x64.ActiveCfg = Profile(StaticCRT)_EnableAsserts|x64
		{D7238377-598E-185C-15B8-80E3001F1BEB}.Profile(StaticCRT)_EnableAsserts|x64.Build.0 = Profile(StaticCRT)_EnableAsserts|x64
		{D7238377-598E-185C-15B8-80E3001F1BEB}.Profile(StaticCRT)|Win32.ActiveCfg = Profile(StaticCRT)|Win32
		{D7238377-598E-185C-15B8-80E3001F1BEB}.Profile(StaticCRT)|Win32.Build.0 = Profile(StaticCRT)|Win32
		{D7238377-598E-185C-15B8-80E3001F1BEB}.Profile(StaticCRT)|x64.ActiveCfg = Profile(StaticCRT)|x64
		{D7238377-598E-185C-15B8-80E3001F1BEB}.Profile(StaticCRT)|x64.Build.0 = Profile(StaticCRT)|x64
		{D7238377-598E-185C-15B8-80E3001F1BEB}.Profile_EnableAsserts|Win32.ActiveCfg = Profile_EnableAsserts|Win32
		{D7238377-598E-185C-15B8-80E3001F1BEB}.Profile_EnableAsserts|Win32.Build.0 = Profile_EnableAsserts|Win32
		{D7238377-598E-185C-15B8-80E3001F1BEB}.Profile_EnableAsserts|x64.ActiveCfg = Profile_EnableAsserts|x64
		{D7238377-598E-185C-15B8-80E3001F1BEB}.Profile_EnableAsserts|x64.Build.0 = Profile_EnableAsserts|x64
		{D7238377-598E-185C-15B8-80E3001F1BEB}.Profile|Win32.ActiveCfg = Profile|Win32
		{D7238377-598E-185C-15B8-80E3001F1BEB}.Profile|Win32.Build.0 = Profile|Win32
		{D7238377-598E-185C-15B8-80E3001F1BEB}.Profile|x64.ActiveCfg = Profile|x64
		{D7238377-598E-185C-15B8-80E3001F1BEB}.Profile|x64.Build.0 = Profile|x64
		{D7238377-598E-185C-15B8-80E3001F1BEB}.Release(StaticCRT)|Win32.ActiveCfg = Release(StaticCRT)|Win32
		{D7238377-598E-185C-15B8-80E3001F1BEB}.Release(StaticCRT)|Win32.Build.0 = Release(StaticCRT)|Win32
		{D7238377-598E-185C-15B8-80E3001F1BEB}.Release(StaticCRT)|x64.ActiveCfg = Release(StaticCRT)|x64
		{D7238377-598E-185C-15B8-80E3001F1BEB}.Release(StaticCRT)|x64.Build.0 = Release(StaticCRT)|x64
		{D7238377-598E-185C-15B8-80E3001F1BEB}.Release|Win32.ActiveCfg = Release|Win32
		{D7238377-598E-185C-15B8-80E3001F1BEB}.Release|Win32.Build.0 = Release|Win32
		{D7238377-598E-185C-15B8-80E3001F1BEB}.Release|x64.ActiveCfg = Release|x64
		{D7238377-598E-185C-15B8-80E3001F1BEB}.Release|x64.Build.0 = Release|x64
		{9C9D022B-BF5D-3A23-9BEE-6C134659EF60}.Debug(StaticCRT)|Win32.ActiveCfg = Debug(StaticCRT)|Win32
		{9C9D022B-BF5D-3A23-9BEE-6C134659EF60}.Debug(StaticCRT)|Win32.Build.0 = Debug(StaticCRT)|Win32
		{9C9D022B-BF5D-3A23-9BEE-6C134659EF60}.Debug(StaticCRT)|x64.ActiveCfg = Debug(StaticCRT)|x64
		{9C9D022B-BF5D-3A23-9BEE-6C134659EF60}.Debug(StaticCRT)|x64.Build.0 = Debug(StaticCRT)|x64
		{9C9D022B-BF5D-3A23-9BEE-6C134659EF60}.Debug|Win32.ActiveCfg = Debug|Win32
		{9C9D022B-BF5D-3A23-9BEE-6C134659EF60}.Debug|Win32.Build.0 = Debug|Win32
		{9C9D022B-BF5D-3A23-9BEE-6C134659EF60}.Debug|x64.ActiveCfg = Debug|x64
		{9C9D022B-BF5D-3A23-9BEE-6C134659EF60}.Debug|x64.Build.0 = Debug|x64
		{9C9D022B-BF5D-3A23-9BEE-6C134659EF60}.Profile(StaticCRT)_EnableAsserts|Win32.ActiveCfg = Profile(StaticCRT)_EnableAsserts|Win32
		{9C9D022B-BF5D-3A23-9BEE-6C134659EF60}.Profile(StaticCRT)_EnableAsserts|Win32.Build.0 = Profile(StaticCRT)_EnableAsserts|Win32
		{9C9D022B-BF5D-3A23-9BEE-6C134659EF60}.Profile(StaticCRT)_EnableAsserts|x64.ActiveCfg = Profile(StaticCRT)_EnableAsserts|x64
		{9C9D022B-BF5D-3A23-9BEE-6C134659EF60}.Profile(StaticCRT)_EnableAsserts|x64.Build.0 = Profile(StaticCRT)_EnableAsserts|x64
		{9C9D022B-BF5D-3A23-9BEE-6C134659EF60}.Profile(StaticCRT)|Win32.ActiveCfg = Profile(StaticCRT)|Win32
		{9C9D022B-BF5D-3A23-9BEE-6C134659EF60}.Profile(StaticCRT)|Win32.Build.0 = Profile(StaticCRT)|Win32
		{9C9D022B-BF5D-3A23-9BEE-6C134659EF60}.Profile(StaticCRT)|x64.ActiveCfg = Profile(StaticCRT)|x64
		{9C9D022B-BF5D-3A23-9BEE-6C134659EF60}.Profile(StaticCRT)|x64.Build.0 = Profile(StaticCRT)|x64
		{9C9D022B-BF5D-3A23-9BEE-6C134659EF60}.Profile_EnableAsserts|Win32.ActiveCfg = Profile_EnableAsserts|Win32
		{9C9D022B-BF5D-3A23-9BEE-6C134659EF60}.Profile_EnableAsserts|Win32.Build.0 = Profile_EnableAsserts|Win32
		{9C9D022B-BF5D-3A23-9BEE-6C134659EF60}.Profile_EnableAsserts|x64.ActiveCfg = Profile_EnableAsserts|x64
		{9C9D022B-BF5D-3A23-9BEE-6C134659EF60}.Profile_EnableAsserts|x64.Build.0 = Profile_EnableAsserts|x64
		{9C9D022B-BF5D-3A23-9BEE-6C134659EF60}.Profile|Win32.ActiveCfg = Profile|Win32
		{9C9D022B-BF5D-3A23-9BEE-6C134659EF60}.Profile|Win32.Build.0 = Profile|Win32
		{9C9D022B-BF5D-3A23-9BEE-6C134659EF60}.Profile|x64.ActiveCfg = Profile|x64
		{9C9D022B-BF5D-3A23-9BEE-6C134659EF60}.Profile|x64.Build.0 = Profile|x64
		{9C9D022B-BF5D-3A23-9BEE-6C134659EF60}.Release(StaticCRT)|Win32.ActiveCfg = Release(StaticCRT)|Win32
		{9C9D022B-BF5D-3A23-9BEE-6C134659EF60}.Release(StaticCRT)|Win32.Build.0 = Release(StaticCRT)|Win32
		{9C9D022B-BF5D-3A23-9BEE-6C134659EF60}.Release(StaticCRT)|x64.ActiveCfg = Release(StaticCRT)|x64
		{9C9D022B-BF5D-3A23-9BEE-6C134659EF60}.Release(StaticCRT)|x64.Build.0 = Release(StaticCRT)|x64
		{9C9D022B-BF5D-3A23-9BEE-6C134659EF60}.Release|Win32.ActiveCfg = Release|Win32
		{9C9D022B-BF5D-3A23-9BEE-6C134659EF60}.Release|Win32.Build.0 = Release|Win32
		{9C9D022B-BF5D-3A23-9BEE-6C134659EF60}.Release|x64.ActiveCfg = Release|x64
		{9C9D022B-BF5D-3A23-9BEE-6C134659EF60}.Release|x64.Build.0 = Release|x64
		{7C102F89-907B-6620-B98F-E4150CA6FAEA}.Debug(StaticCRT)|Win32.ActiveCfg = Debug(StaticCRT)|Win32
		{7C102F89-907B-6620-B98F-E4150CA6FAEA}.Debug(StaticCRT)|Win32.Build.0 = Debug(StaticCRT)|Win32
		{7C102F89-907B-6620-B98F-E4150CA6FAEA}.Debug(StaticCRT)|x64.ActiveCfg = Debug(StaticCRT)|x64
		{7C102F89-907B-6620-B98F-E4150CA6FAEA}.Debug(StaticCRT)|x64.Build.0 = Debug(StaticCRT)|x64
		{7C102F89-907B-6620-B98F-E4150CA6FAEA}.Debug|Win32.ActiveCfg = Debug|Win32
		{7C102F89-907B-6620-B98F-E4150CA6FAEA}.Debug|Win32.Build.0 = Debug|Win32
		{7C102F89-907B-6620-B98F-E4150CA6FAEA}.Debug|x64.ActiveCfg = Debug|x64
		{7C102F89-907B-6620-B98F-E4150CA6FAEA}.Debug|x64.Build.0 = Debug|x64
		{7C102F89-907B-6620-B98F-E4150CA6FAEA}.Profile(StaticCRT)_EnableAsserts|Win32.ActiveCfg = Profile(StaticCRT)_EnableAsserts|Win32
		{7C102F89-907B-6620-B98F-E4150CA6FAEA}.Profile(StaticCRT)_EnableAsserts|Win32.Build.0 = Profile(StaticCRT)_EnableAsserts|Win32
		{7C102F89-907B-6620-B98F-E4150CA6FAEA}.Profile(StaticCRT)_EnableAsserts|x64.ActiveCfg = Profile(StaticCRT)_EnableAsserts|x64
		{7C102F89-907B-6620-B98F-E4150CA6FAEA}.Profile(StaticCRT)_EnableAsserts|x64.Build.0 = Profile(StaticCRT)_EnableAsserts|x64
		{7C102F89-907B-6620-B98F-E4150CA6FAEA}.Profile(StaticCRT)|Win32.ActiveCfg = Profile(StaticCRT)|Win32
		{7C102F89-907B-6620-B98F-E4150CA6FAEA}.Profile(StaticCRT)|Win32.Build.0 = Profile(StaticCRT)|Win32
		{7C102F89-907B-6620-B98F-E4150CA6FAEA}.Profile(StaticCRT)|x64.ActiveCfg = Profile(StaticCRT)|x64
		{7C102F89-907B-6620-B98F-E4150CA6FAEA}.Profile(StaticCRT)|x64.Build.0 = Profile(StaticCRT)|x64
		{7C102F89-907B-6620-B98F-E4150CA6FAEA}.Profile_EnableAsserts|Win32.ActiveCfg = Profile_EnableAsserts|Win32
		{7C102F89-907B-6620-B98F-E4150CA6FAEA}.Profile_EnableAsserts|Win32.Build.0 = Profile_EnableAsserts|Win32
		{7C102F89-907B-6620-B98F-E4150CA6FAEA}.Profile_EnableAsserts|x64.ActiveCfg = Profile_EnableAsserts|x64
		{7C102F89-907B-6620-B98F-E4150CA6FAEA}.Profile_EnableAsserts|x64.Build.0 = Profile_EnableAsserts|x64
		{7C102F89-907B-6620-B98F-E4150CA6FAEA}.Profile|Win32.ActiveCfg = Profile|Win32
		{7C102F89-907B-6620-B98F-E4150CA6FAEA}.Profile|Win32.Build.0 = Profile|Win32
		{7C102F89-907B-6620-B98F-E4150CA6FAEA}.Profile|x64.ActiveCfg = Profile|x64
		{7C102F89-907B-6620-B98F-E4150CA6FAEA}.Profile|x64.Build.0 = Profile|x64
		{7C102F89-907B-6620-B98F-E4150CA6FAEA}.Release(StaticCRT)|Win32.ActiveCfg = Release(StaticCRT)|Win32
		{7C102F89-907B-6620-B98F-E4150CA6FAEA}.Release(StaticCRT)|Win32.Build.0 = Release(StaticCRT)|Win32
		{7C102F89-907B-6620-B98F-E4150CA6FAEA}.Release(StaticCRT)|x64.ActiveCfg = Release(StaticCRT)|x64
		{7C102F89-907B-6620-B98F-E4150CA6FAEA}.Release(StaticCRT)|x64.Build.0 = Release(StaticCRT)|x64
		{7C102F89-907B-6620-B98F-E4150CA6FAEA}.Release|Win32.ActiveCfg = Release|Win32
		{7C102F89-907B-6620-B98F-E4150CA6FAEA}.Release|Win32.Build.0 = Release|Win32
		{7C102F89-907B-6620-B98F-E4150CA6FAEA}.Release|x64.ActiveCfg = Release|x64
		{7C102F89-907B-6620-B98F-E4150CA6FAEA}.Release|x64.Build.0 = Release|x64
		{AA3B3CDD-9403-2A47-9991-EFAA0C6F37A8}.Debug(StaticCRT)|Win32.ActiveCfg = Debug(StaticCRT)|Win32
		{AA3B3CDD-9403-2A47-9991-EFAA0C6F37A8}.Debug(StaticCRT)|Win32.Build.0 = Debug(StaticCRT)|Win32
		{AA3B3CDD-9403-2A47-9991-EFAA0C6F37A8}.Debug(StaticCRT)|x64.ActiveCfg = Debug(StaticCRT)|x64
		{AA3B3CDD-9403-2A47-9991-EFAA0C6F37A8}.Debug(StaticCRT)|x64.Build.0 = Debug(StaticCRT)|x64
		{AA3B3CDD-9403-2A47-9991-EFAA0C6F37A8}.Debug|Win32.ActiveCfg = Debug|Win32
		{AA3B3CDD-9403-2A47-9991-EFAA0C6F37A8}.Debug|Win32.Build.0 = Debug|Win32
		{AA3B3CDD-9403-2A47-9991-EFAA0C6F37A8}.Debug|x64.ActiveCfg = Debug|x64
		{AA3B3CDD-9403-2A47-9991-EFAA0C6F37A8}.Debug|x64.Build.0 = Debug|x64
		{AA3B3CDD-9403-2A47-9991-EFAA0C6F37A8}.Profile(StaticCRT)_EnableAsserts|Win32.ActiveCfg = Profile(StaticCRT)_EnableAsserts|Win32
		{AA3B3CDD-9403-2A47-9991-EFAA0C6F37A8}.Profile(StaticCRT)_EnableAsserts|Win32.Build.0 = Profile(StaticCRT)_EnableAsserts|Win32
		{AA3B3CDD-9403-2A47-9991-EFAA0C6F37A8}.Profile(StaticCRT)_EnableAsserts|x64.ActiveCfg = Profile(StaticCRT)_EnableAsserts|x64
		{AA3B3CDD-9403-2A47-9991-EFAA0C6F37A8}.Profile(StaticCRT)_EnableAsserts|x64.Build.0 = Profile(StaticCRT)_EnableAsserts|x64
		{AA3B3CDD-9403-2A47-9991-EFAA0C6F37A8}.Profile(StaticCRT)|Win32.ActiveCfg = Profile(StaticCRT)|Win32
		{AA3B3CDD-9403-2A47-9991-EFAA0C6F37A8}.Profile(StaticCRT)|Win32.Build.0 = Profile(StaticCRT)|Win32
		{AA3B3CDD-9403-2A47-9991-EFAA0C6F37A8}.Profile(StaticCRT)|x64.ActiveCfg = Profile(StaticCRT)|x64
		{AA3B3CDD-9403-2A47-9991-EFAA0C6F37A8}.Profile(StaticCRT)|x64.Build.0 = Profile(StaticCRT)|x64
		{AA3B3CDD-9403-2A47-9991-EFAA0C6F37A8}.Profile_EnableAsserts|Win32.ActiveCfg = Profile_EnableAsserts|Win32
		{AA3B3CDD-9403-2A47-9991-EFAA0C6F37A8}.Profile_EnableAsserts|Win32.Build.0 = Profile_EnableAsserts|Win32
		{AA3B3CDD-9403-2A47-9991-EFAA0C6F37A8}.Profile_EnableAsserts|x64.ActiveCfg = Profile_EnableAsserts|x64
		{AA3B3CDD-9403-2A47-9991-EFAA0C6F37A8}.Profile_EnableAsserts|x64.Build.0 = Profile_EnableAsserts|x64
		{AA3B3CDD-9403-2A47-9991-EFAA0C6F37A8}.Profile|Win32.ActiveCfg = Profile|Win32
		{AA3B3CDD-9403-2A47-9991-EFAA0C6F37A8}.Profile|Win32.Build.0 = Profile|Win32
		{AA3B3CDD-9403-2A47-9991-EFAA0C6F37A8}.Profile|x64.ActiveCfg = Profile|x64
		{AA3B3CDD-9403-2A47-9991-EFAA0C6F37A8}.Profile|x64.Build.0 = Profile|x64
		{AA3B3CDD-9403-2A47-9991-EFAA0C6F37A8}.Release(StaticCRT)|Win32.ActiveCfg = Release(StaticCRT)|Win32
		{AA3B3CDD-9403-2A47-9991-EFAA0C6F37A8}.Release(StaticCRT)|Win32.Build.0 = Release(StaticCRT)|Win32
		{AA3B3CDD-9403-2A47-9991-EFAA0C6F37A8}.Release(StaticCRT)|x64.ActiveCfg = Release(StaticCRT)|x64
		{AA3B3CDD-9403-2A47-9991-EFAA0C6F37A8}.Release(StaticCRT)|x64.Build.0 = Release(StaticCRT)|x64
		{AA3B3CDD-9403-2A47-9991-EFAA0C6F37A8}.Release|Win32.ActiveCfg = Release|Win32
		{AA3B3CDD-9403-2A47-9991-EFAA0C6F37A8}.Release|Win32.Build.0 = Release|Win32
		{AA3B3CDD-9403-2A47-9991-EFAA0C6F37A8}.Release|x64.ActiveCfg = Release|x64
		{AA3B3CDD-9403-2A47-9991-EFAA0C6F37A8}.Release|x64.Build.0 = Release|x64
		{F52F6DB3-8891-5276-5B6F-7B15A478DA46}.Debug(StaticCRT)|Win32.ActiveCfg = Debug(StaticCRT)|Win32
		{F52F6DB3-8891-5276-5B6F-7B15A478DA46}.Debug(StaticCRT)|Win32.Build.0 = Debug(StaticCRT)|Win32
		{F52F6DB3-8891-5276-5B6F-7B15A478DA46}.Debug(StaticCRT)|x64.ActiveCfg = Debug(StaticCRT)|x64
		{F52F6DB3-8891-5276-5B6F-7B15A478DA46}.Debug(StaticCRT)|x64.Build.0 = Debug(StaticCRT)|x64
		{F52F6DB3-8891-5276-5B6F-7B15A478DA46}.Debug|Win32.ActiveCfg = Debug|Win32
		{F52F6DB3-8891-5276-5B6F-7B15A478DA46}.Debug|Win32.Build.0 = Debug|Win32
		{F52F6DB3-8891-5276-5B6F-7B15A478DA46}.Debug|x64.ActiveCfg = Debug|x64
		{F52F6DB3-8891-5276-5B6F-7B15A478DA46}.Debug|x64.Build.0 = Debug|x64
		{F52F6DB3-8891-5276-5B6F-7B15A478DA46}.Profile(StaticCRT)_EnableAsserts|Win32.ActiveCfg = Profile(StaticCRT)_EnableAsserts|Win32
		{F52F6DB3-8891-5276-5B6F-7B15A478DA46}.Profile(StaticCRT)_EnableAsserts|Win32.Build.0 = Profile(StaticCRT)_EnableAsserts|Win32
		{F52F6DB3-8891-5276-5B6F-7B15A478DA46}.Profile(StaticCRT)_EnableAsserts|x64.ActiveCfg = Profile(StaticCRT)_EnableAsserts|x64
		{F52F6DB3-8891-5276-5B6F-7B15A478DA46}.Profile(StaticCRT)_EnableAsserts|x64.Build.0 = Profile(StaticCRT)_EnableAsserts|x64
		{F52F6DB3-8891-5276-5B6F-7B15A478DA46}.Profile(StaticCRT)|Win32.ActiveCfg = Profile(StaticCRT)|Win32
		{F52F6DB3-8891-5276-5B6F-7B15A478DA46}.Profile(StaticCRT)|Win32.Build.0 = Profile(StaticCRT)|Win32
		{F52F6DB3-8891-5276-5B6F-7B15A478DA46}.Profile(StaticCRT)|x64.ActiveCfg = Profile(StaticCRT)|x64
		{F52F6DB3-8891-5276-5B6F-7B15A478DA46}.Profile(StaticCRT)|x64.Build.0 = Profile(StaticCRT)|x64
		{F52F6DB3-8891-5276-5B6F-7B15A478DA46}.Profile_EnableAsserts|Win32.ActiveCfg = Profile_EnableAsserts|Win32
		{F52F6DB3-8891-5276-5B6F-7B15A478DA46}.Profile_EnableAsserts|Win32.Build.0 = Profile_EnableAsserts|Win32
		{F52F6DB3-8891-5276-5B6F-7B15A478DA46}.Profile_EnableAsserts|x64.ActiveCfg = Profile_EnableAsserts|x64
		{F52F6DB3-8891-5276-5B6F-7B15A478DA46}.Profile_EnableAsserts|x64.Build.0 = Profile_EnableAsserts|x64
		{F52F6DB3-8891-5276-5B6F-7B15A478DA46}.Profile|Win32.ActiveCfg = Profile|Win32
		{F52F6DB3-8891-5276-5B6F-7B15A478DA46}.Profile|Win32.Build.0 = Profile|Win32
		{F52F6DB3-8891-5276-5B6F-7B15A478DA46}.Profile|x64.ActiveCfg = Profile|x64
		{F52F6DB3-8891-5276-5B6F-7B15A478DA46}.Profile|x64.Build.0 = Profile|x64
		{F52F6DB3-8891-5276-5B6F-7B15A478DA46}.Release(StaticCRT)|Win32.ActiveCfg = Release(StaticCRT)|Win32
		{F52F6DB3-8891-5276-5B6F-7B15A478DA46}.Release(StaticCRT)|Win32.Build.0 = Release(StaticCRT)|Win32
		{F52F6DB3-8891-5276-5B6F-7B15A478DA46}.Release(StaticCRT)|x64.ActiveCfg = Release(StaticCRT)|x64
		{F52F6DB3-8891-5276-5B6F-7B15A478DA46}.Release(StaticCRT)|x64.Build.0 = Release(StaticCRT)|x64
		{F52F6DB3-8891-5276-5B6F-7B15A478DA46}.Release|Win32.ActiveCfg = Release|Win32
		{F52F6DB3-8891-5276-5B6F-7B15A478DA46}.Release|Win32.Build.0 = Release|Win32
		{F52F6DB3-8891-5276-5B6F-7B15A478DA46}.Release|x64.ActiveCfg = Release|x64
		{F52F6DB3-8891-5276-5B6F-7B15A478DA46}.Release|x64.Build.0 = Release|x64
	EndGlobalSection
	GlobalSection(SolutionProperties) = preSolution
		HideSolutionNode = FALSE
	EndGlobalSection
	GlobalSection(NestedProjects) = preSolution
		{1DFD763D-8969-3238-525D-CA95BE8854A0} = {6EEF9964-DAAF-159B-A3EA-5E180F6A5A77}
		{D7238377-598E-185C-15B8-80E3001F1BEB} = {1DFD763D-8969-3238-525D-CA95BE8854A0}
		{452753D9-B188-30E7-3AF6-7699A65667A6} = {6EEF9964-DAAF-159B-A3EA-5E180F6A5A77}
		{9C9D022B-BF5D-3A23-9BEE-6C134659EF60} = {452753D9-B188-30E7-3AF6-7699A65667A6}
		{E14B3B89-4DB8-F683-16AC-8EE182D718EC} = {6EEF9964-DAAF-159B-A3EA-5E180F6A5A77}
		{7C102F89-907B-6620-B98F-E4150CA6FAEA} = {E14B3B89-4DB8-F683-16AC-8EE182D718EC}
		{AA3B3CDD-9403-2A47-9991-EFAA0C6F37A8} = {E14B3B89-4DB8-F683-16AC-8EE182D718EC}
		{F52F6DB3-8891-5276-5B6F-7B15A478DA46} = {E14B3B89-4DB8-F683-16AC-8EE182D718EC}
	EndGlobalSection
EndGlobal
