
Microsoft Visual Studio Solution File, Format Version 12.00
# Visual Studio Version 16
Project("{8BC9CEB8-8B4A-11D0-8D11-00A0C91BC942}") = "Ak3DAudioBedMixer", "Ak3DAudioBedMixer\Windows\Ak3DAudioBedMixer_vc160.vcxproj", "{B17B72A0-6E2C-04C1-F0A1-807CA5794A02}"
EndProject
Project("{8BC9CEB8-8B4A-11D0-8D11-00A0C91BC942}") = "AkAudioInput", "AkAudioInput\Windows\AkAudioInput_vc160.vcxproj", "{BF05E765-5E8E-1ED9-4054-D568152DA988}"
EndProject
Project("{8BC9CEB8-8B4A-11D0-8D11-00A0C91BC942}") = "AkCompressor", "AkCompressor\Windows\AkCompressor_vc160.vcxproj", "{A420CE77-15AB-2411-EAF1-665969293859}"
EndProject
Project("{8BC9CEB8-8B4A-11D0-8D11-00A0C91BC942}") = "AkConvolutionReverb", "AkConvolutionReverb\Windows\AkConvolutionReverb_vc160.vcxproj", "{918F1F85-3BA8-12AA-0EAD-FD51471DF2AB}"
EndProject
Project("{8BC9CEB8-8B4A-11D0-8D11-00A0C91BC942}") = "AkDelay", "AkDelay\Windows\AkDelay_vc160.vcxproj", "{B5129E92-926F-8789-B47A-B86E37D3E9E0}"
EndProject
Project("{8BC9CEB8-8B4A-11D0-8D11-00A0C91BC942}") = "AkExpander", "AkExpander\Windows\AkExpander_vc160.vcxproj", "{E651EBBA-E1B6-F53B-E45A-B4FE6F94A07E}"
EndProject
Project("{8BC9CEB8-8B4A-11D0-8D11-00A0C91BC942}") = "AkFlanger", "AkFlanger\Windows\AkFlanger_vc160.vcxproj", "{8F48B579-BCEF-D6A2-7807-8E969B8ABB27}"
EndProject
Project("{8BC9CEB8-8B4A-11D0-8D11-00A0C91BC942}") = "AkGain", "AkGain\Windows\AkGain_vc160.vcxproj", "{5B19D171-28BD-0101-2C6A-3B31AB0CCF1E}"
EndProject
Project("{8BC9CEB8-8B4A-11D0-8D11-00A0C91BC942}") = "AkGuitarDistortion", "AkGuitarDistortion\Windows\AkGuitarDistortion_vc160.vcxproj", "{553DF6D8-B0E4-1269-905B-8C7992CAD0A7}"
EndProject
Project("{8BC9CEB8-8B4A-11D0-8D11-00A0C91BC942}") = "AkHarmonizer", "AkHarmonizer\Windows\AkHarmonizer_vc160.vcxproj", "{C01988A2-A029-3A7A-47A2-2DCEC42DAF6F}"
EndProject
Project("{8BC9CEB8-8B4A-11D0-8D11-00A0C91BC942}") = "AkImpacter", "AkImpacter\Windows\AkImpacter_vc160.vcxproj", "{94853A7C-973B-75EB-95FD-BEC0B5256876}"
EndProject
Project("{8BC9CEB8-8B4A-11D0-8D11-00A0C91BC942}") = "AkMatrixReverb", "AkMatrixReverb\Windows\AkMatrixReverb_vc160.vcxproj", "{EB804620-2267-4F58-7041-CEB2AE0C5E65}"
EndProject
Project("{8BC9CEB8-8B4A-11D0-8D11-00A0C91BC942}") = "AkMotion", "AkMotion\Windows\AkMotion_vc160.vcxproj", "{7E4C5B9F-BF08-A877-AABB-2E6B272633B3}"
EndProject
Project("{8BC9CEB8-8B4A-11D0-8D11-00A0C91BC942}") = "AkParametricEQ", "AkParametricEQ\Windows\AkParametricEQ_vc160.vcxproj", "{0ABA65D7-8B4E-28EB-56CF-BCD0D7949CD4}"
EndProject
Project("{8BC9CEB8-8B4A-11D0-8D11-00A0C91BC942}") = "AkPeakLimiter", "AkPeakLimiter\Windows\AkPeakLimiter_vc160.vcxproj", "{BC220AE3-240C-D300-4BC0-3B11736443A3}"
EndProject
Project("{8BC9CEB8-8B4A-11D0-8D11-00A0C91BC942}") = "AkPitchShifter", "AkPitchShifter\Windows\AkPitchShifter_vc160.vcxproj", "{1205AD5B-BA67-AB14-9B6C-C86B3BF50311}"
EndProject
Project("{8BC9CEB8-8B4A-11D0-8D11-00A0C91BC942}") = "AkRecorder", "AkRecorder\Windows\AkRecorder_vc160.vcxproj", "{6110FEB5-AD33-67D5-8590-1C0E32A04692}"
EndProject
Project("{8BC9CEB8-8B4A-11D0-8D11-00A0C91BC942}") = "AkReflect", "AkReflect\Windows\AkReflect_vc160.vcxproj", "{1ADF451F-60AA-6C3C-9170-74DEF6286EDA}"
EndProject
Project("{8BC9CEB8-8B4A-11D0-8D11-00A0C91BC942}") = "AkRoomVerb", "AkRoomVerb\Windows\AkRoomVerb_vc160.vcxproj", "{AC0B0F09-15DF-6204-FD11-64AC909FBDF5}"
EndProject
Project("{8BC9CEB8-8B4A-11D0-8D11-00A0C91BC942}") = "AkSilenceGenerator", "AkSilenceGenerator\Windows\AkSilenceGenerator_vc160.vcxproj", "{57903A7E-2FEF-F0E8-65BF-D2ED1D6AAD20}"
EndProject
Project("{8BC9CEB8-8B4A-11D0-8D11-00A0C91BC942}") = "AkSineTone", "AkSineTone\Windows\AkSineTone_vc160.vcxproj", "{8669C294-CBCB-6C56-0E3A-D00C3A6ABF2B}"
EndProject
Project("{8BC9CEB8-8B4A-11D0-8D11-00A0C91BC942}") = "AkSoundEngineDLL", "AkSoundEngineDLL\Win32\AkSoundEngineDLL_vc160.vcxproj", "{EDCA673F-127B-4EA2-CD5E-2A892C5AB44F}"
EndProject
Project("{8BC9CEB8-8B4A-11D0-8D11-00A0C91BC942}") = "AkSoundSeedAir", "AkSoundSeedAir\Windows\AkSoundSeedAir_vc160.vcxproj", "{D4F4AB80-3FD8-501D-4004-A3AA5D490D02}"
EndProject
Project("{8BC9CEB8-8B4A-11D0-8D11-00A0C91BC942}") = "AkSoundSeedGrain", "AkSoundSeedGrain\Windows\AkSoundSeedGrain_vc160.vcxproj", "{EC0750CE-5569-1F11-4956-71D5EAD5F328}"
EndProject
Project("{8BC9CEB8-8B4A-11D0-8D11-00A0C91BC942}") = "AkStereoDelay", "AkStereoDelay\Windows\AkStereoDelay_vc160.vcxproj", "{7ACCD404-BF93-50E3-C4DC-311B80A9EC9C}"
EndProject
Project("{8BC9CEB8-8B4A-11D0-8D11-00A0C91BC942}") = "AkSynthOne", "AkSynthOne\Windows\AkSynthOne_vc160.vcxproj", "{8E28A89E-1EE2-645E-7462-D82A603E9E65}"
EndProject
Project("{8BC9CEB8-8B4A-11D0-8D11-00A0C91BC942}") = "AkTimeStretch", "AkTimeStretch\Windows\AkTimeStretch_vc160.vcxproj", "{98872F66-C8CF-E05E-8A94-6C2F30C94BC4}"
EndProject
Project("{8BC9CEB8-8B4A-11D0-8D11-00A0C91BC942}") = "AkToneGen", "AkToneGen\Windows\AkToneGen_vc160.vcxproj", "{8C4751B4-6C2D-6C47-F0E9-1D649D08D089}"
EndProject
Project("{8BC9CEB8-8B4A-11D0-8D11-00A0C91BC942}") = "AkTremolo", "AkTremolo\Windows\AkTremolo_vc160.vcxproj", "{B1D43F1F-77F1-FFB9-2A22-AA8574180226}"
EndProject
Project("{8BC9CEB8-8B4A-11D0-8D11-00A0C91BC942}") = "Auro", "Auro\Windows\Auro_vc160.vcxproj", "{B6C76450-6DDF-A168-C2E2-8C492BED995A}"
EndProject
Project("{8BC9CEB8-8B4A-11D0-8D11-00A0C91BC942}") = "DLLDemo", "DLLDemo\Windows\DLLDemo_Windows_vc160.vcxproj", "{963CAFA3-4FA3-C5A3-D3B5-A949C93F18C3}"
	ProjectSection(ProjectDependencies) = postProject
		{EDCA673F-127B-4EA2-CD5E-2A892C5AB44F} = {EDCA673F-127B-4EA2-CD5E-2A892C5AB44F}
	EndProjectSection
EndProject
Project("{8BC9CEB8-8B4A-11D0-8D11-00A0C91BC942}") = "MasteringSuite", "MasteringSuite\Windows\MasteringSuite_vc160.vcxproj", "{51D015EF-71B4-9638-8E0A-F476788F9181}"
EndProject
Project("{8BC9CEB8-8B4A-11D0-8D11-00A0C91BC942}") = "McDSP", "McDSP\Windows\McDSP_vc160.vcxproj", "{CBE29B06-A8C4-CADB-296B-C08F28F19860}"
EndProject
Project("{8BC9CEB8-8B4A-11D0-8D11-00A0C91BC942}") = "iZotope", "iZotope\Windows\iZotope_vc160.vcxproj", "{D1137835-1E76-3C3C-0168-B0B150A6D40D}"
EndProject
Global
	GlobalSection(SolutionConfigurationPlatforms) = preSolution
		Debug|Win32 = Debug|Win32
		Debug|x64 = Debug|x64
		Profile|Win32 = Profile|Win32
		Profile|x64 = Profile|x64
		Release|Win32 = Release|Win32
		Release|x64 = Release|x64
	EndGlobalSection
	GlobalSection(ProjectConfigurationPlatforms) = postSolution
		{B17B72A0-6E2C-04C1-F0A1-807CA5794A02}.Debug|Win32.ActiveCfg = Debug|Win32
		{B17B72A0-6E2C-04C1-F0A1-807CA5794A02}.Debug|Win32.Build.0 = Debug|Win32
		{B17B72A0-6E2C-04C1-F0A1-807CA5794A02}.Debug|x64.ActiveCfg = Debug|x64
		{B17B72A0-6E2C-04C1-F0A1-807CA5794A02}.Debug|x64.Build.0 = Debug|x64
		{B17B72A0-6E2C-04C1-F0A1-807CA5794A02}.Profile|Win32.ActiveCfg = Profile|Win32
		{B17B72A0-6E2C-04C1-F0A1-807CA5794A02}.Profile|Win32.Build.0 = Profile|Win32
		{B17B72A0-6E2C-04C1-F0A1-807CA5794A02}.Profile|x64.ActiveCfg = Profile|x64
		{B17B72A0-6E2C-04C1-F0A1-807CA5794A02}.Profile|x64.Build.0 = Profile|x64
		{B17B72A0-6E2C-04C1-F0A1-807CA5794A02}.Release|Win32.ActiveCfg = Release|Win32
		{B17B72A0-6E2C-04C1-F0A1-807CA5794A02}.Release|Win32.Build.0 = Release|Win32
		{B17B72A0-6E2C-04C1-F0A1-807CA5794A02}.Release|x64.ActiveCfg = Release|x64
		{B17B72A0-6E2C-04C1-F0A1-807CA5794A02}.Release|x64.Build.0 = Release|x64
		{BF05E765-5E8E-1ED9-4054-D568152DA988}.Debug|Win32.ActiveCfg = Debug|Win32
		{BF05E765-5E8E-1ED9-4054-D568152DA988}.Debug|Win32.Build.0 = Debug|Win32
		{BF05E765-5E8E-1ED9-4054-D568152DA988}.Debug|x64.ActiveCfg = Debug|x64
		{BF05E765-5E8E-1ED9-4054-D568152DA988}.Debug|x64.Build.0 = Debug|x64
		{BF05E765-5E8E-1ED9-4054-D568152DA988}.Profile|Win32.ActiveCfg = Profile|Win32
		{BF05E765-5E8E-1ED9-4054-D568152DA988}.Profile|Win32.Build.0 = Profile|Win32
		{BF05E765-5E8E-1ED9-4054-D568152DA988}.Profile|x64.ActiveCfg = Profile|x64
		{BF05E765-5E8E-1ED9-4054-D568152DA988}.Profile|x64.Build.0 = Profile|x64
		{BF05E765-5E8E-1ED9-4054-D568152DA988}.Release|Win32.ActiveCfg = Release|Win32
		{BF05E765-5E8E-1ED9-4054-D568152DA988}.Release|Win32.Build.0 = Release|Win32
		{BF05E765-5E8E-1ED9-4054-D568152DA988}.Release|x64.ActiveCfg = Release|x64
		{BF05E765-5E8E-1ED9-4054-D568152DA988}.Release|x64.Build.0 = Release|x64
		{A420CE77-15AB-2411-EAF1-665969293859}.Debug|Win32.ActiveCfg = Debug|Win32
		{A420CE77-15AB-2411-EAF1-665969293859}.Debug|Win32.Build.0 = Debug|Win32
		{A420CE77-15AB-2411-EAF1-665969293859}.Debug|x64.ActiveCfg = Debug|x64
		{A420CE77-15AB-2411-EAF1-665969293859}.Debug|x64.Build.0 = Debug|x64
		{A420CE77-15AB-2411-EAF1-665969293859}.Profile|Win32.ActiveCfg = Profile|Win32
		{A420CE77-15AB-2411-EAF1-665969293859}.Profile|Win32.Build.0 = Profile|Win32
		{A420CE77-15AB-2411-EAF1-665969293859}.Profile|x64.ActiveCfg = Profile|x64
		{A420CE77-15AB-2411-EAF1-665969293859}.Profile|x64.Build.0 = Profile|x64
		{A420CE77-15AB-2411-EAF1-665969293859}.Release|Win32.ActiveCfg = Release|Win32
		{A420CE77-15AB-2411-EAF1-665969293859}.Release|Win32.Build.0 = Release|Win32
		{A420CE77-15AB-2411-EAF1-665969293859}.Release|x64.ActiveCfg = Release|x64
		{A420CE77-15AB-2411-EAF1-665969293859}.Release|x64.Build.0 = Release|x64
		{918F1F85-3BA8-12AA-0EAD-FD51471DF2AB}.Debug|Win32.ActiveCfg = Debug|Win32
		{918F1F85-3BA8-12AA-0EAD-FD51471DF2AB}.Debug|Win32.Build.0 = Debug|Win32
		{918F1F85-3BA8-12AA-0EAD-FD51471DF2AB}.Debug|x64.ActiveCfg = Debug|x64
		{918F1F85-3BA8-12AA-0EAD-FD51471DF2AB}.Debug|x64.Build.0 = Debug|x64
		{918F1F85-3BA8-12AA-0EAD-FD51471DF2AB}.Profile|Win32.ActiveCfg = Profile|Win32
		{918F1F85-3BA8-12AA-0EAD-FD51471DF2AB}.Profile|Win32.Build.0 = Profile|Win32
		{918F1F85-3BA8-12AA-0EAD-FD51471DF2AB}.Profile|x64.ActiveCfg = Profile|x64
		{918F1F85-3BA8-12AA-0EAD-FD51471DF2AB}.Profile|x64.Build.0 = Profile|x64
		{918F1F85-3BA8-12AA-0EAD-FD51471DF2AB}.Release|Win32.ActiveCfg = Release|Win32
		{918F1F85-3BA8-12AA-0EAD-FD51471DF2AB}.Release|Win32.Build.0 = Release|Win32
		{918F1F85-3BA8-12AA-0EAD-FD51471DF2AB}.Release|x64.ActiveCfg = Release|x64
		{918F1F85-3BA8-12AA-0EAD-FD51471DF2AB}.Release|x64.Build.0 = Release|x64
		{B5129E92-926F-8789-B47A-B86E37D3E9E0}.Debug|Win32.ActiveCfg = Debug|Win32
		{B5129E92-926F-8789-B47A-B86E37D3E9E0}.Debug|Win32.Build.0 = Debug|Win32
		{B5129E92-926F-8789-B47A-B86E37D3E9E0}.Debug|x64.ActiveCfg = Debug|x64
		{B5129E92-926F-8789-B47A-B86E37D3E9E0}.Debug|x64.Build.0 = Debug|x64
		{B5129E92-926F-8789-B47A-B86E37D3E9E0}.Profile|Win32.ActiveCfg = Profile|Win32
		{B5129E92-926F-8789-B47A-B86E37D3E9E0}.Profile|Win32.Build.0 = Profile|Win32
		{B5129E92-926F-8789-B47A-B86E37D3E9E0}.Profile|x64.ActiveCfg = Profile|x64
		{B5129E92-926F-8789-B47A-B86E37D3E9E0}.Profile|x64.Build.0 = Profile|x64
		{B5129E92-926F-8789-B47A-B86E37D3E9E0}.Release|Win32.ActiveCfg = Release|Win32
		{B5129E92-926F-8789-B47A-B86E37D3E9E0}.Release|Win32.Build.0 = Release|Win32
		{B5129E92-926F-8789-B47A-B86E37D3E9E0}.Release|x64.ActiveCfg = Release|x64
		{B5129E92-926F-8789-B47A-B86E37D3E9E0}.Release|x64.Build.0 = Release|x64
		{E651EBBA-E1B6-F53B-E45A-B4FE6F94A07E}.Debug|Win32.ActiveCfg = Debug|Win32
		{E651EBBA-E1B6-F53B-E45A-B4FE6F94A07E}.Debug|Win32.Build.0 = Debug|Win32
		{E651EBBA-E1B6-F53B-E45A-B4FE6F94A07E}.Debug|x64.ActiveCfg = Debug|x64
		{E651EBBA-E1B6-F53B-E45A-B4FE6F94A07E}.Debug|x64.Build.0 = Debug|x64
		{E651EBBA-E1B6-F53B-E45A-B4FE6F94A07E}.Profile|Win32.ActiveCfg = Profile|Win32
		{E651EBBA-E1B6-F53B-E45A-B4FE6F94A07E}.Profile|Win32.Build.0 = Profile|Win32
		{E651EBBA-E1B6-F53B-E45A-B4FE6F94A07E}.Profile|x64.ActiveCfg = Profile|x64
		{E651EBBA-E1B6-F53B-E45A-B4FE6F94A07E}.Profile|x64.Build.0 = Profile|x64
		{E651EBBA-E1B6-F53B-E45A-B4FE6F94A07E}.Release|Win32.ActiveCfg = Release|Win32
		{E651EBBA-E1B6-F53B-E45A-B4FE6F94A07E}.Release|Win32.Build.0 = Release|Win32
		{E651EBBA-E1B6-F53B-E45A-B4FE6F94A07E}.Release|x64.ActiveCfg = Release|x64
		{E651EBBA-E1B6-F53B-E45A-B4FE6F94A07E}.Release|x64.Build.0 = Release|x64
		{8F48B579-BCEF-D6A2-7807-8E969B8ABB27}.Debug|Win32.ActiveCfg = Debug|Win32
		{8F48B579-BCEF-D6A2-7807-8E969B8ABB27}.Debug|Win32.Build.0 = Debug|Win32
		{8F48B579-BCEF-D6A2-7807-8E969B8ABB27}.Debug|x64.ActiveCfg = Debug|x64
		{8F48B579-BCEF-D6A2-7807-8E969B8ABB27}.Debug|x64.Build.0 = Debug|x64
		{8F48B579-BCEF-D6A2-7807-8E969B8ABB27}.Profile|Win32.ActiveCfg = Profile|Win32
		{8F48B579-BCEF-D6A2-7807-8E969B8ABB27}.Profile|Win32.Build.0 = Profile|Win32
		{8F48B579-BCEF-D6A2-7807-8E969B8ABB27}.Profile|x64.ActiveCfg = Profile|x64
		{8F48B579-BCEF-D6A2-7807-8E969B8ABB27}.Profile|x64.Build.0 = Profile|x64
		{8F48B579-BCEF-D6A2-7807-8E969B8ABB27}.Release|Win32.ActiveCfg = Release|Win32
		{8F48B579-BCEF-D6A2-7807-8E969B8ABB27}.Release|Win32.Build.0 = Release|Win32
		{8F48B579-BCEF-D6A2-7807-8E969B8ABB27}.Release|x64.ActiveCfg = Release|x64
		{8F48B579-BCEF-D6A2-7807-8E969B8ABB27}.Release|x64.Build.0 = Release|x64
		{5B19D171-28BD-0101-2C6A-3B31AB0CCF1E}.Debug|Win32.ActiveCfg = Debug|Win32
		{5B19D171-28BD-0101-2C6A-3B31AB0CCF1E}.Debug|Win32.Build.0 = Debug|Win32
		{5B19D171-28BD-0101-2C6A-3B31AB0CCF1E}.Debug|x64.ActiveCfg = Debug|x64
		{5B19D171-28BD-0101-2C6A-3B31AB0CCF1E}.Debug|x64.Build.0 = Debug|x64
		{5B19D171-28BD-0101-2C6A-3B31AB0CCF1E}.Profile|Win32.ActiveCfg = Profile|Win32
		{5B19D171-28BD-0101-2C6A-3B31AB0CCF1E}.Profile|Win32.Build.0 = Profile|Win32
		{5B19D171-28BD-0101-2C6A-3B31AB0CCF1E}.Profile|x64.ActiveCfg = Profile|x64
		{5B19D171-28BD-0101-2C6A-3B31AB0CCF1E}.Profile|x64.Build.0 = Profile|x64
		{5B19D171-28BD-0101-2C6A-3B31AB0CCF1E}.Release|Win32.ActiveCfg = Release|Win32
		{5B19D171-28BD-0101-2C6A-3B31AB0CCF1E}.Release|Win32.Build.0 = Release|Win32
		{5B19D171-28BD-0101-2C6A-3B31AB0CCF1E}.Release|x64.ActiveCfg = Release|x64
		{5B19D171-28BD-0101-2C6A-3B31AB0CCF1E}.Release|x64.Build.0 = Release|x64
		{553DF6D8-B0E4-1269-905B-8C7992CAD0A7}.Debug|Win32.ActiveCfg = Debug|Win32
		{553DF6D8-B0E4-1269-905B-8C7992CAD0A7}.Debug|Win32.Build.0 = Debug|Win32
		{553DF6D8-B0E4-1269-905B-8C7992CAD0A7}.Debug|x64.ActiveCfg = Debug|x64
		{553DF6D8-B0E4-1269-905B-8C7992CAD0A7}.Debug|x64.Build.0 = Debug|x64
		{553DF6D8-B0E4-1269-905B-8C7992CAD0A7}.Profile|Win32.ActiveCfg = Profile|Win32
		{553DF6D8-B0E4-1269-905B-8C7992CAD0A7}.Profile|Win32.Build.0 = Profile|Win32
		{553DF6D8-B0E4-1269-905B-8C7992CAD0A7}.Profile|x64.ActiveCfg = Profile|x64
		{553DF6D8-B0E4-1269-905B-8C7992CAD0A7}.Profile|x64.Build.0 = Profile|x64
		{553DF6D8-B0E4-1269-905B-8C7992CAD0A7}.Release|Win32.ActiveCfg = Release|Win32
		{553DF6D8-B0E4-1269-905B-8C7992CAD0A7}.Release|Win32.Build.0 = Release|Win32
		{553DF6D8-B0E4-1269-905B-8C7992CAD0A7}.Release|x64.ActiveCfg = Release|x64
		{553DF6D8-B0E4-1269-905B-8C7992CAD0A7}.Release|x64.Build.0 = Release|x64
		{C01988A2-A029-3A7A-47A2-2DCEC42DAF6F}.Debug|Win32.ActiveCfg = Debug|Win32
		{C01988A2-A029-3A7A-47A2-2DCEC42DAF6F}.Debug|Win32.Build.0 = Debug|Win32
		{C01988A2-A029-3A7A-47A2-2DCEC42DAF6F}.Debug|x64.ActiveCfg = Debug|x64
		{C01988A2-A029-3A7A-47A2-2DCEC42DAF6F}.Debug|x64.Build.0 = Debug|x64
		{C01988A2-A029-3A7A-47A2-2DCEC42DAF6F}.Profile|Win32.ActiveCfg = Profile|Win32
		{C01988A2-A029-3A7A-47A2-2DCEC42DAF6F}.Profile|Win32.Build.0 = Profile|Win32
		{C01988A2-A029-3A7A-47A2-2DCEC42DAF6F}.Profile|x64.ActiveCfg = Profile|x64
		{C01988A2-A029-3A7A-47A2-2DCEC42DAF6F}.Profile|x64.Build.0 = Profile|x64
		{C01988A2-A029-3A7A-47A2-2DCEC42DAF6F}.Release|Win32.ActiveCfg = Release|Win32
		{C01988A2-A029-3A7A-47A2-2DCEC42DAF6F}.Release|Win32.Build.0 = Release|Win32
		{C01988A2-A029-3A7A-47A2-2DCEC42DAF6F}.Release|x64.ActiveCfg = Release|x64
		{C01988A2-A029-3A7A-47A2-2DCEC42DAF6F}.Release|x64.Build.0 = Release|x64
		{94853A7C-973B-75EB-95FD-BEC0B5256876}.Debug|Win32.ActiveCfg = Debug|Win32
		{94853A7C-973B-75EB-95FD-BEC0B5256876}.Debug|Win32.Build.0 = Debug|Win32
		{94853A7C-973B-75EB-95FD-BEC0B5256876}.Debug|x64.ActiveCfg = Debug|x64
		{94853A7C-973B-75EB-95FD-BEC0B5256876}.Debug|x64.Build.0 = Debug|x64
		{94853A7C-973B-75EB-95FD-BEC0B5256876}.Profile|Win32.ActiveCfg = Profile|Win32
		{94853A7C-973B-75EB-95FD-BEC0B5256876}.Profile|Win32.Build.0 = Profile|Win32
		{94853A7C-973B-75EB-95FD-BEC0B5256876}.Profile|x64.ActiveCfg = Profile|x64
		{94853A7C-973B-75EB-95FD-BEC0B5256876}.Profile|x64.Build.0 = Profile|x64
		{94853A7C-973B-75EB-95FD-BEC0B5256876}.Release|Win32.ActiveCfg = Release|Win32
		{94853A7C-973B-75EB-95FD-BEC0B5256876}.Release|Win32.Build.0 = Release|Win32
		{94853A7C-973B-75EB-95FD-BEC0B5256876}.Release|x64.ActiveCfg = Release|x64
		{94853A7C-973B-75EB-95FD-BEC0B5256876}.Release|x64.Build.0 = Release|x64
		{EB804620-2267-4F58-7041-CEB2AE0C5E65}.Debug|Win32.ActiveCfg = Debug|Win32
		{EB804620-2267-4F58-7041-CEB2AE0C5E65}.Debug|Win32.Build.0 = Debug|Win32
		{EB804620-2267-4F58-7041-CEB2AE0C5E65}.Debug|x64.ActiveCfg = Debug|x64
		{EB804620-2267-4F58-7041-CEB2AE0C5E65}.Debug|x64.Build.0 = Debug|x64
		{EB804620-2267-4F58-7041-CEB2AE0C5E65}.Profile|Win32.ActiveCfg = Profile|Win32
		{EB804620-2267-4F58-7041-CEB2AE0C5E65}.Profile|Win32.Build.0 = Profile|Win32
		{EB804620-2267-4F58-7041-CEB2AE0C5E65}.Profile|x64.ActiveCfg = Profile|x64
		{EB804620-2267-4F58-7041-CEB2AE0C5E65}.Profile|x64.Build.0 = Profile|x64
		{EB804620-2267-4F58-7041-CEB2AE0C5E65}.Release|Win32.ActiveCfg = Release|Win32
		{EB804620-2267-4F58-7041-CEB2AE0C5E65}.Release|Win32.Build.0 = Release|Win32
		{EB804620-2267-4F58-7041-CEB2AE0C5E65}.Release|x64.ActiveCfg = Release|x64
		{EB804620-2267-4F58-7041-CEB2AE0C5E65}.Release|x64.Build.0 = Release|x64
		{7E4C5B9F-BF08-A877-AABB-2E6B272633B3}.Debug|Win32.ActiveCfg = Debug|Win32
		{7E4C5B9F-BF08-A877-AABB-2E6B272633B3}.Debug|Win32.Build.0 = Debug|Win32
		{7E4C5B9F-BF08-A877-AABB-2E6B272633B3}.Debug|x64.ActiveCfg = Debug|x64
		{7E4C5B9F-BF08-A877-AABB-2E6B272633B3}.Debug|x64.Build.0 = Debug|x64
		{7E4C5B9F-BF08-A877-AABB-2E6B272633B3}.Profile|Win32.ActiveCfg = Profile|Win32
		{7E4C5B9F-BF08-A877-AABB-2E6B272633B3}.Profile|Win32.Build.0 = Profile|Win32
		{7E4C5B9F-BF08-A877-AABB-2E6B272633B3}.Profile|x64.ActiveCfg = Profile|x64
		{7E4C5B9F-BF08-A877-AABB-2E6B272633B3}.Profile|x64.Build.0 = Profile|x64
		{7E4C5B9F-BF08-A877-AABB-2E6B272633B3}.Release|Win32.ActiveCfg = Release|Win32
		{7E4C5B9F-BF08-A877-AABB-2E6B272633B3}.Release|Win32.Build.0 = Release|Win32
		{7E4C5B9F-BF08-A877-AABB-2E6B272633B3}.Release|x64.ActiveCfg = Release|x64
		{7E4C5B9F-BF08-A877-AABB-2E6B272633B3}.Release|x64.Build.0 = Release|x64
		{0ABA65D7-8B4E-28EB-56CF-BCD0D7949CD4}.Debug|Win32.ActiveCfg = Debug|Win32
		{0ABA65D7-8B4E-28EB-56CF-BCD0D7949CD4}.Debug|Win32.Build.0 = Debug|Win32
		{0ABA65D7-8B4E-28EB-56CF-BCD0D7949CD4}.Debug|x64.ActiveCfg = Debug|x64
		{0ABA65D7-8B4E-28EB-56CF-BCD0D7949CD4}.Debug|x64.Build.0 = Debug|x64
		{0ABA65D7-8B4E-28EB-56CF-BCD0D7949CD4}.Profile|Win32.ActiveCfg = Profile|Win32
		{0ABA65D7-8B4E-28EB-56CF-BCD0D7949CD4}.Profile|Win32.Build.0 = Profile|Win32
		{0ABA65D7-8B4E-28EB-56CF-BCD0D7949CD4}.Profile|x64.ActiveCfg = Profile|x64
		{0ABA65D7-8B4E-28EB-56CF-BCD0D7949CD4}.Profile|x64.Build.0 = Profile|x64
		{0ABA65D7-8B4E-28EB-56CF-BCD0D7949CD4}.Release|Win32.ActiveCfg = Release|Win32
		{0ABA65D7-8B4E-28EB-56CF-BCD0D7949CD4}.Release|Win32.Build.0 = Release|Win32
		{0ABA65D7-8B4E-28EB-56CF-BCD0D7949CD4}.Release|x64.ActiveCfg = Release|x64
		{0ABA65D7-8B4E-28EB-56CF-BCD0D7949CD4}.Release|x64.Build.0 = Release|x64
		{BC220AE3-240C-D300-4BC0-3B11736443A3}.Debug|Win32.ActiveCfg = Debug|Win32
		{BC220AE3-240C-D300-4BC0-3B11736443A3}.Debug|Win32.Build.0 = Debug|Win32
		{BC220AE3-240C-D300-4BC0-3B11736443A3}.Debug|x64.ActiveCfg = Debug|x64
		{BC220AE3-240C-D300-4BC0-3B11736443A3}.Debug|x64.Build.0 = Debug|x64
		{BC220AE3-240C-D300-4BC0-3B11736443A3}.Profile|Win32.ActiveCfg = Profile|Win32
		{BC220AE3-240C-D300-4BC0-3B11736443A3}.Profile|Win32.Build.0 = Profile|Win32
		{BC220AE3-240C-D300-4BC0-3B11736443A3}.Profile|x64.ActiveCfg = Profile|x64
		{BC220AE3-240C-D300-4BC0-3B11736443A3}.Profile|x64.Build.0 = Profile|x64
		{BC220AE3-240C-D300-4BC0-3B11736443A3}.Release|Win32.ActiveCfg = Release|Win32
		{BC220AE3-240C-D300-4BC0-3B11736443A3}.Release|Win32.Build.0 = Release|Win32
		{BC220AE3-240C-D300-4BC0-3B11736443A3}.Release|x64.ActiveCfg = Release|x64
		{BC220AE3-240C-D300-4BC0-3B11736443A3}.Release|x64.Build.0 = Release|x64
		{1205AD5B-BA67-AB14-9B6C-C86B3BF50311}.Debug|Win32.ActiveCfg = Debug|Win32
		{1205AD5B-BA67-AB14-9B6C-C86B3BF50311}.Debug|Win32.Build.0 = Debug|Win32
		{1205AD5B-BA67-AB14-9B6C-C86B3BF50311}.Debug|x64.ActiveCfg = Debug|x64
		{1205AD5B-BA67-AB14-9B6C-C86B3BF50311}.Debug|x64.Build.0 = Debug|x64
		{1205AD5B-BA67-AB14-9B6C-C86B3BF50311}.Profile|Win32.ActiveCfg = Profile|Win32
		{1205AD5B-BA67-AB14-9B6C-C86B3BF50311}.Profile|Win32.Build.0 = Profile|Win32
		{1205AD5B-BA67-AB14-9B6C-C86B3BF50311}.Profile|x64.ActiveCfg = Profile|x64
		{1205AD5B-BA67-AB14-9B6C-C86B3BF50311}.Profile|x64.Build.0 = Profile|x64
		{1205AD5B-BA67-AB14-9B6C-C86B3BF50311}.Release|Win32.ActiveCfg = Release|Win32
		{1205AD5B-BA67-AB14-9B6C-C86B3BF50311}.Release|Win32.Build.0 = Release|Win32
		{1205AD5B-BA67-AB14-9B6C-C86B3BF50311}.Release|x64.ActiveCfg = Release|x64
		{1205AD5B-BA67-AB14-9B6C-C86B3BF50311}.Release|x64.Build.0 = Release|x64
		{6110FEB5-AD33-67D5-8590-1C0E32A04692}.Debug|Win32.ActiveCfg = Debug|Win32
		{6110FEB5-AD33-67D5-8590-1C0E32A04692}.Debug|Win32.Build.0 = Debug|Win32
		{6110FEB5-AD33-67D5-8590-1C0E32A04692}.Debug|x64.ActiveCfg = Debug|x64
		{6110FEB5-AD33-67D5-8590-1C0E32A04692}.Debug|x64.Build.0 = Debug|x64
		{6110FEB5-AD33-67D5-8590-1C0E32A04692}.Profile|Win32.ActiveCfg = Profile|Win32
		{6110FEB5-AD33-67D5-8590-1C0E32A04692}.Profile|Win32.Build.0 = Profile|Win32
		{6110FEB5-AD33-67D5-8590-1C0E32A04692}.Profile|x64.ActiveCfg = Profile|x64
		{6110FEB5-AD33-67D5-8590-1C0E32A04692}.Profile|x64.Build.0 = Profile|x64
		{6110FEB5-AD33-67D5-8590-1C0E32A04692}.Release|Win32.ActiveCfg = Release|Win32
		{6110FEB5-AD33-67D5-8590-1C0E32A04692}.Release|Win32.Build.0 = Release|Win32
		{6110FEB5-AD33-67D5-8590-1C0E32A04692}.Release|x64.ActiveCfg = Release|x64
		{6110FEB5-AD33-67D5-8590-1C0E32A04692}.Release|x64.Build.0 = Release|x64
		{1ADF451F-60AA-6C3C-9170-74DEF6286EDA}.Debug|Win32.ActiveCfg = Debug|Win32
		{1ADF451F-60AA-6C3C-9170-74DEF6286EDA}.Debug|Win32.Build.0 = Debug|Win32
		{1ADF451F-60AA-6C3C-9170-74DEF6286EDA}.Debug|x64.ActiveCfg = Debug|x64
		{1ADF451F-60AA-6C3C-9170-74DEF6286EDA}.Debug|x64.Build.0 = Debug|x64
		{1ADF451F-60AA-6C3C-9170-74DEF6286EDA}.Profile|Win32.ActiveCfg = Profile|Win32
		{1ADF451F-60AA-6C3C-9170-74DEF6286EDA}.Profile|Win32.Build.0 = Profile|Win32
		{1ADF451F-60AA-6C3C-9170-74DEF6286EDA}.Profile|x64.ActiveCfg = Profile|x64
		{1ADF451F-60AA-6C3C-9170-74DEF6286EDA}.Profile|x64.Build.0 = Profile|x64
		{1ADF451F-60AA-6C3C-9170-74DEF6286EDA}.Release|Win32.ActiveCfg = Release|Win32
		{1ADF451F-60AA-6C3C-9170-74DEF6286EDA}.Release|Win32.Build.0 = Release|Win32
		{1ADF451F-60AA-6C3C-9170-74DEF6286EDA}.Release|x64.ActiveCfg = Release|x64
		{1ADF451F-60AA-6C3C-9170-74DEF6286EDA}.Release|x64.Build.0 = Release|x64
		{AC0B0F09-15DF-6204-FD11-64AC909FBDF5}.Debug|Win32.ActiveCfg = Debug|Win32
		{AC0B0F09-15DF-6204-FD11-64AC909FBDF5}.Debug|Win32.Build.0 = Debug|Win32
		{AC0B0F09-15DF-6204-FD11-64AC909FBDF5}.Debug|x64.ActiveCfg = Debug|x64
		{AC0B0F09-15DF-6204-FD11-64AC909FBDF5}.Debug|x64.Build.0 = Debug|x64
		{AC0B0F09-15DF-6204-FD11-64AC909FBDF5}.Profile|Win32.ActiveCfg = Profile|Win32
		{AC0B0F09-15DF-6204-FD11-64AC909FBDF5}.Profile|Win32.Build.0 = Profile|Win32
		{AC0B0F09-15DF-6204-FD11-64AC909FBDF5}.Profile|x64.ActiveCfg = Profile|x64
		{AC0B0F09-15DF-6204-FD11-64AC909FBDF5}.Profile|x64.Build.0 = Profile|x64
		{AC0B0F09-15DF-6204-FD11-64AC909FBDF5}.Release|Win32.ActiveCfg = Release|Win32
		{AC0B0F09-15DF-6204-FD11-64AC909FBDF5}.Release|Win32.Build.0 = Release|Win32
		{AC0B0F09-15DF-6204-FD11-64AC909FBDF5}.Release|x64.ActiveCfg = Release|x64
		{AC0B0F09-15DF-6204-FD11-64AC909FBDF5}.Release|x64.Build.0 = Release|x64
		{57903A7E-2FEF-F0E8-65BF-D2ED1D6AAD20}.Debug|Win32.ActiveCfg = Debug|Win32
		{57903A7E-2FEF-F0E8-65BF-D2ED1D6AAD20}.Debug|Win32.Build.0 = Debug|Win32
		{57903A7E-2FEF-F0E8-65BF-D2ED1D6AAD20}.Debug|x64.ActiveCfg = Debug|x64
		{57903A7E-2FEF-F0E8-65BF-D2ED1D6AAD20}.Debug|x64.Build.0 = Debug|x64
		{57903A7E-2FEF-F0E8-65BF-D2ED1D6AAD20}.Profile|Win32.ActiveCfg = Profile|Win32
		{57903A7E-2FEF-F0E8-65BF-D2ED1D6AAD20}.Profile|Win32.Build.0 = Profile|Win32
		{57903A7E-2FEF-F0E8-65BF-D2ED1D6AAD20}.Profile|x64.ActiveCfg = Profile|x64
		{57903A7E-2FEF-F0E8-65BF-D2ED1D6AAD20}.Profile|x64.Build.0 = Profile|x64
		{57903A7E-2FEF-F0E8-65BF-D2ED1D6AAD20}.Release|Win32.ActiveCfg = Release|Win32
		{57903A7E-2FEF-F0E8-65BF-D2ED1D6AAD20}.Release|Win32.Build.0 = Release|Win32
		{57903A7E-2FEF-F0E8-65BF-D2ED1D6AAD20}.Release|x64.ActiveCfg = Release|x64
		{57903A7E-2FEF-F0E8-65BF-D2ED1D6AAD20}.Release|x64.Build.0 = Release|x64
		{8669C294-CBCB-6C56-0E3A-D00C3A6ABF2B}.Debug|Win32.ActiveCfg = Debug|Win32
		{8669C294-CBCB-6C56-0E3A-D00C3A6ABF2B}.Debug|Win32.Build.0 = Debug|Win32
		{8669C294-CBCB-6C56-0E3A-D00C3A6ABF2B}.Debug|x64.ActiveCfg = Debug|x64
		{8669C294-CBCB-6C56-0E3A-D00C3A6ABF2B}.Debug|x64.Build.0 = Debug|x64
		{8669C294-CBCB-6C56-0E3A-D00C3A6ABF2B}.Profile|Win32.ActiveCfg = Profile|Win32
		{8669C294-CBCB-6C56-0E3A-D00C3A6ABF2B}.Profile|Win32.Build.0 = Profile|Win32
		{8669C294-CBCB-6C56-0E3A-D00C3A6ABF2B}.Profile|x64.ActiveCfg = Profile|x64
		{8669C294-CBCB-6C56-0E3A-D00C3A6ABF2B}.Profile|x64.Build.0 = Profile|x64
		{8669C294-CBCB-6C56-0E3A-D00C3A6ABF2B}.Release|Win32.ActiveCfg = Release|Win32
		{8669C294-CBCB-6C56-0E3A-D00C3A6ABF2B}.Release|Win32.Build.0 = Release|Win32
		{8669C294-CBCB-6C56-0E3A-D00C3A6ABF2B}.Release|x64.ActiveCfg = Release|x64
		{8669C294-CBCB-6C56-0E3A-D00C3A6ABF2B}.Release|x64.Build.0 = Release|x64
		{EDCA673F-127B-4EA2-CD5E-2A892C5AB44F}.Debug|Win32.ActiveCfg = Debug|Win32
		{EDCA673F-127B-4EA2-CD5E-2A892C5AB44F}.Debug|Win32.Build.0 = Debug|Win32
		{EDCA673F-127B-4EA2-CD5E-2A892C5AB44F}.Debug|x64.ActiveCfg = Debug|x64
		{EDCA673F-127B-4EA2-CD5E-2A892C5AB44F}.Debug|x64.Build.0 = Debug|x64
		{EDCA673F-127B-4EA2-CD5E-2A892C5AB44F}.Profile|Win32.ActiveCfg = Profile|Win32
		{EDCA673F-127B-4EA2-CD5E-2A892C5AB44F}.Profile|Win32.Build.0 = Profile|Win32
		{EDCA673F-127B-4EA2-CD5E-2A892C5AB44F}.Profile|x64.ActiveCfg = Profile|x64
		{EDCA673F-127B-4EA2-CD5E-2A892C5AB44F}.Profile|x64.Build.0 = Profile|x64
		{EDCA673F-127B-4EA2-CD5E-2A892C5AB44F}.Release|Win32.ActiveCfg = Release|Win32
		{EDCA673F-127B-4EA2-CD5E-2A892C5AB44F}.Release|Win32.Build.0 = Release|Win32
		{EDCA673F-127B-4EA2-CD5E-2A892C5AB44F}.Release|x64.ActiveCfg = Release|x64
		{EDCA673F-127B-4EA2-CD5E-2A892C5AB44F}.Release|x64.Build.0 = Release|x64
		{D4F4AB80-3FD8-501D-4004-A3AA5D490D02}.Debug|Win32.ActiveCfg = Debug|Win32
		{D4F4AB80-3FD8-501D-4004-A3AA5D490D02}.Debug|Win32.Build.0 = Debug|Win32
		{D4F4AB80-3FD8-501D-4004-A3AA5D490D02}.Debug|x64.ActiveCfg = Debug|x64
		{D4F4AB80-3FD8-501D-4004-A3AA5D490D02}.Debug|x64.Build.0 = Debug|x64
		{D4F4AB80-3FD8-501D-4004-A3AA5D490D02}.Profile|Win32.ActiveCfg = Profile|Win32
		{D4F4AB80-3FD8-501D-4004-A3AA5D490D02}.Profile|Win32.Build.0 = Profile|Win32
		{D4F4AB80-3FD8-501D-4004-A3AA5D490D02}.Profile|x64.ActiveCfg = Profile|x64
		{D4F4AB80-3FD8-501D-4004-A3AA5D490D02}.Profile|x64.Build.0 = Profile|x64
		{D4F4AB80-3FD8-501D-4004-A3AA5D490D02}.Release|Win32.ActiveCfg = Release|Win32
		{D4F4AB80-3FD8-501D-4004-A3AA5D490D02}.Release|Win32.Build.0 = Release|Win32
		{D4F4AB80-3FD8-501D-4004-A3AA5D490D02}.Release|x64.ActiveCfg = Release|x64
		{D4F4AB80-3FD8-501D-4004-A3AA5D490D02}.Release|x64.Build.0 = Release|x64
		{EC0750CE-5569-1F11-4956-71D5EAD5F328}.Debug|Win32.ActiveCfg = Debug|Win32
		{EC0750CE-5569-1F11-4956-71D5EAD5F328}.Debug|Win32.Build.0 = Debug|Win32
		{EC0750CE-5569-1F11-4956-71D5EAD5F328}.Debug|x64.ActiveCfg = Debug|x64
		{EC0750CE-5569-1F11-4956-71D5EAD5F328}.Debug|x64.Build.0 = Debug|x64
		{EC0750CE-5569-1F11-4956-71D5EAD5F328}.Profile|Win32.ActiveCfg = Profile|Win32
		{EC0750CE-5569-1F11-4956-71D5EAD5F328}.Profile|Win32.Build.0 = Profile|Win32
		{EC0750CE-5569-1F11-4956-71D5EAD5F328}.Profile|x64.ActiveCfg = Profile|x64
		{EC0750CE-5569-1F11-4956-71D5EAD5F328}.Profile|x64.Build.0 = Profile|x64
		{EC0750CE-5569-1F11-4956-71D5EAD5F328}.Release|Win32.ActiveCfg = Release|Win32
		{EC0750CE-5569-1F11-4956-71D5EAD5F328}.Release|Win32.Build.0 = Release|Win32
		{EC0750CE-5569-1F11-4956-71D5EAD5F328}.Release|x64.ActiveCfg = Release|x64
		{EC0750CE-5569-1F11-4956-71D5EAD5F328}.Release|x64.Build.0 = Release|x64
		{7ACCD404-BF93-50E3-C4DC-311B80A9EC9C}.Debug|Win32.ActiveCfg = Debug|Win32
		{7ACCD404-BF93-50E3-C4DC-311B80A9EC9C}.Debug|Win32.Build.0 = Debug|Win32
		{7ACCD404-BF93-50E3-C4DC-311B80A9EC9C}.Debug|x64.ActiveCfg = Debug|x64
		{7ACCD404-BF93-50E3-C4DC-311B80A9EC9C}.Debug|x64.Build.0 = Debug|x64
		{7ACCD404-BF93-50E3-C4DC-311B80A9EC9C}.Profile|Win32.ActiveCfg = Profile|Win32
		{7ACCD404-BF93-50E3-C4DC-311B80A9EC9C}.Profile|Win32.Build.0 = Profile|Win32
		{7ACCD404-BF93-50E3-C4DC-311B80A9EC9C}.Profile|x64.ActiveCfg = Profile|x64
		{7ACCD404-BF93-50E3-C4DC-311B80A9EC9C}.Profile|x64.Build.0 = Profile|x64
		{7ACCD404-BF93-50E3-C4DC-311B80A9EC9C}.Release|Win32.ActiveCfg = Release|Win32
		{7ACCD404-BF93-50E3-C4DC-311B80A9EC9C}.Release|Win32.Build.0 = Release|Win32
		{7ACCD404-BF93-50E3-C4DC-311B80A9EC9C}.Release|x64.ActiveCfg = Release|x64
		{7ACCD404-BF93-50E3-C4DC-311B80A9EC9C}.Release|x64.Build.0 = Release|x64
		{8E28A89E-1EE2-645E-7462-D82A603E9E65}.Debug|Win32.ActiveCfg = Debug|Win32
		{8E28A89E-1EE2-645E-7462-D82A603E9E65}.Debug|Win32.Build.0 = Debug|Win32
		{8E28A89E-1EE2-645E-7462-D82A603E9E65}.Debug|x64.ActiveCfg = Debug|x64
		{8E28A89E-1EE2-645E-7462-D82A603E9E65}.Debug|x64.Build.0 = Debug|x64
		{8E28A89E-1EE2-645E-7462-D82A603E9E65}.Profile|Win32.ActiveCfg = Profile|Win32
		{8E28A89E-1EE2-645E-7462-D82A603E9E65}.Profile|Win32.Build.0 = Profile|Win32
		{8E28A89E-1EE2-645E-7462-D82A603E9E65}.Profile|x64.ActiveCfg = Profile|x64
		{8E28A89E-1EE2-645E-7462-D82A603E9E65}.Profile|x64.Build.0 = Profile|x64
		{8E28A89E-1EE2-645E-7462-D82A603E9E65}.Release|Win32.ActiveCfg = Release|Win32
		{8E28A89E-1EE2-645E-7462-D82A603E9E65}.Release|Win32.Build.0 = Release|Win32
		{8E28A89E-1EE2-645E-7462-D82A603E9E65}.Release|x64.ActiveCfg = Release|x64
		{8E28A89E-1EE2-645E-7462-D82A603E9E65}.Release|x64.Build.0 = Release|x64
		{98872F66-C8CF-E05E-8A94-6C2F30C94BC4}.Debug|Win32.ActiveCfg = Debug|Win32
		{98872F66-C8CF-E05E-8A94-6C2F30C94BC4}.Debug|Win32.Build.0 = Debug|Win32
		{98872F66-C8CF-E05E-8A94-6C2F30C94BC4}.Debug|x64.ActiveCfg = Debug|x64
		{98872F66-C8CF-E05E-8A94-6C2F30C94BC4}.Debug|x64.Build.0 = Debug|x64
		{98872F66-C8CF-E05E-8A94-6C2F30C94BC4}.Profile|Win32.ActiveCfg = Profile|Win32
		{98872F66-C8CF-E05E-8A94-6C2F30C94BC4}.Profile|Win32.Build.0 = Profile|Win32
		{98872F66-C8CF-E05E-8A94-6C2F30C94BC4}.Profile|x64.ActiveCfg = Profile|x64
		{98872F66-C8CF-E05E-8A94-6C2F30C94BC4}.Profile|x64.Build.0 = Profile|x64
		{98872F66-C8CF-E05E-8A94-6C2F30C94BC4}.Release|Win32.ActiveCfg = Release|Win32
		{98872F66-C8CF-E05E-8A94-6C2F30C94BC4}.Release|Win32.Build.0 = Release|Win32
		{98872F66-C8CF-E05E-8A94-6C2F30C94BC4}.Release|x64.ActiveCfg = Release|x64
		{98872F66-C8CF-E05E-8A94-6C2F30C94BC4}.Release|x64.Build.0 = Release|x64
		{8C4751B4-6C2D-6C47-F0E9-1D649D08D089}.Debug|Win32.ActiveCfg = Debug|Win32
		{8C4751B4-6C2D-6C47-F0E9-1D649D08D089}.Debug|Win32.Build.0 = Debug|Win32
		{8C4751B4-6C2D-6C47-F0E9-1D649D08D089}.Debug|x64.ActiveCfg = Debug|x64
		{8C4751B4-6C2D-6C47-F0E9-1D649D08D089}.Debug|x64.Build.0 = Debug|x64
		{8C4751B4-6C2D-6C47-F0E9-1D649D08D089}.Profile|Win32.ActiveCfg = Profile|Win32
		{8C4751B4-6C2D-6C47-F0E9-1D649D08D089}.Profile|Win32.Build.0 = Profile|Win32
		{8C4751B4-6C2D-6C47-F0E9-1D649D08D089}.Profile|x64.ActiveCfg = Profile|x64
		{8C4751B4-6C2D-6C47-F0E9-1D649D08D089}.Profile|x64.Build.0 = Profile|x64
		{8C4751B4-6C2D-6C47-F0E9-1D649D08D089}.Release|Win32.ActiveCfg = Release|Win32
		{8C4751B4-6C2D-6C47-F0E9-1D649D08D089}.Release|Win32.Build.0 = Release|Win32
		{8C4751B4-6C2D-6C47-F0E9-1D649D08D089}.Release|x64.ActiveCfg = Release|x64
		{8C4751B4-6C2D-6C47-F0E9-1D649D08D089}.Release|x64.Build.0 = Release|x64
		{B1D43F1F-77F1-FFB9-2A22-AA8574180226}.Debug|Win32.ActiveCfg = Debug|Win32
		{B1D43F1F-77F1-FFB9-2A22-AA8574180226}.Debug|Win32.Build.0 = Debug|Win32
		{B1D43F1F-77F1-FFB9-2A22-AA8574180226}.Debug|x64.ActiveCfg = Debug|x64
		{B1D43F1F-77F1-FFB9-2A22-AA8574180226}.Debug|x64.Build.0 = Debug|x64
		{B1D43F1F-77F1-FFB9-2A22-AA8574180226}.Profile|Win32.ActiveCfg = Profile|Win32
		{B1D43F1F-77F1-FFB9-2A22-AA8574180226}.Profile|Win32.Build.0 = Profile|Win32
		{B1D43F1F-77F1-FFB9-2A22-AA8574180226}.Profile|x64.ActiveCfg = Profile|x64
		{B1D43F1F-77F1-FFB9-2A22-AA8574180226}.Profile|x64.Build.0 = Profile|x64
		{B1D43F1F-77F1-FFB9-2A22-AA8574180226}.Release|Win32.ActiveCfg = Release|Win32
		{B1D43F1F-77F1-FFB9-2A22-AA8574180226}.Release|Win32.Build.0 = Release|Win32
		{B1D43F1F-77F1-FFB9-2A22-AA8574180226}.Release|x64.ActiveCfg = Release|x64
		{B1D43F1F-77F1-FFB9-2A22-AA8574180226}.Release|x64.Build.0 = Release|x64
		{B6C76450-6DDF-A168-C2E2-8C492BED995A}.Debug|Win32.ActiveCfg = Debug|Win32
		{B6C76450-6DDF-A168-C2E2-8C492BED995A}.Debug|Win32.Build.0 = Debug|Win32
		{B6C76450-6DDF-A168-C2E2-8C492BED995A}.Debug|x64.ActiveCfg = Debug|x64
		{B6C76450-6DDF-A168-C2E2-8C492BED995A}.Debug|x64.Build.0 = Debug|x64
		{B6C76450-6DDF-A168-C2E2-8C492BED995A}.Profile|Win32.ActiveCfg = Profile|Win32
		{B6C76450-6DDF-A168-C2E2-8C492BED995A}.Profile|Win32.Build.0 = Profile|Win32
		{B6C76450-6DDF-A168-C2E2-8C492BED995A}.Profile|x64.ActiveCfg = Profile|x64
		{B6C76450-6DDF-A168-C2E2-8C492BED995A}.Profile|x64.Build.0 = Profile|x64
		{B6C76450-6DDF-A168-C2E2-8C492BED995A}.Release|Win32.ActiveCfg = Release|Win32
		{B6C76450-6DDF-A168-C2E2-8C492BED995A}.Release|Win32.Build.0 = Release|Win32
		{B6C76450-6DDF-A168-C2E2-8C492BED995A}.Release|x64.ActiveCfg = Release|x64
		{B6C76450-6DDF-A168-C2E2-8C492BED995A}.Release|x64.Build.0 = Release|x64
		{963CAFA3-4FA3-C5A3-D3B5-A949C93F18C3}.Debug|Win32.ActiveCfg = Debug|Win32
		{963CAFA3-4FA3-C5A3-D3B5-A949C93F18C3}.Debug|Win32.Build.0 = Debug|Win32
		{963CAFA3-4FA3-C5A3-D3B5-A949C93F18C3}.Debug|Win32.Deploy.0 = Debug|Win32
		{963CAFA3-4FA3-C5A3-D3B5-A949C93F18C3}.Debug|x64.ActiveCfg = Debug|x64
		{963CAFA3-4FA3-C5A3-D3B5-A949C93F18C3}.Debug|x64.Build.0 = Debug|x64
		{963CAFA3-4FA3-C5A3-D3B5-A949C93F18C3}.Debug|x64.Deploy.0 = Debug|x64
		{963CAFA3-4FA3-C5A3-D3B5-A949C93F18C3}.Profile|Win32.ActiveCfg = Profile|Win32
		{963CAFA3-4FA3-C5A3-D3B5-A949C93F18C3}.Profile|Win32.Build.0 = Profile|Win32
		{963CAFA3-4FA3-C5A3-D3B5-A949C93F18C3}.Profile|Win32.Deploy.0 = Profile|Win32
		{963CAFA3-4FA3-C5A3-D3B5-A949C93F18C3}.Profile|x64.ActiveCfg = Profile|x64
		{963CAFA3-4FA3-C5A3-D3B5-A949C93F18C3}.Profile|x64.Build.0 = Profile|x64
		{963CAFA3-4FA3-C5A3-D3B5-A949C93F18C3}.Profile|x64.Deploy.0 = Profile|x64
		{963CAFA3-4FA3-C5A3-D3B5-A949C93F18C3}.Release|Win32.ActiveCfg = Release|Win32
		{963CAFA3-4FA3-C5A3-D3B5-A949C93F18C3}.Release|Win32.Build.0 = Release|Win32
		{963CAFA3-4FA3-C5A3-D3B5-A949C93F18C3}.Release|Win32.Deploy.0 = Release|Win32
		{963CAFA3-4FA3-C5A3-D3B5-A949C93F18C3}.Release|x64.ActiveCfg = Release|x64
		{963CAFA3-4FA3-C5A3-D3B5-A949C93F18C3}.Release|x64.Build.0 = Release|x64
		{963CAFA3-4FA3-C5A3-D3B5-A949C93F18C3}.Release|x64.Deploy.0 = Release|x64
		{51D015EF-71B4-9638-8E0A-F476788F9181}.Debug|Win32.ActiveCfg = Debug|Win32
		{51D015EF-71B4-9638-8E0A-F476788F9181}.Debug|Win32.Build.0 = Debug|Win32
		{51D015EF-71B4-9638-8E0A-F476788F9181}.Debug|x64.ActiveCfg = Debug|x64
		{51D015EF-71B4-9638-8E0A-F476788F9181}.Debug|x64.Build.0 = Debug|x64
		{51D015EF-71B4-9638-8E0A-F476788F9181}.Profile|Win32.ActiveCfg = Profile|Win32
		{51D015EF-71B4-9638-8E0A-F476788F9181}.Profile|Win32.Build.0 = Profile|Win32
		{51D015EF-71B4-9638-8E0A-F476788F9181}.Profile|x64.ActiveCfg = Profile|x64
		{51D015EF-71B4-9638-8E0A-F476788F9181}.Profile|x64.Build.0 = Profile|x64
		{51D015EF-71B4-9638-8E0A-F476788F9181}.Release|Win32.ActiveCfg = Release|Win32
		{51D015EF-71B4-9638-8E0A-F476788F9181}.Release|Win32.Build.0 = Release|Win32
		{51D015EF-71B4-9638-8E0A-F476788F9181}.Release|x64.ActiveCfg = Release|x64
		{51D015EF-71B4-9638-8E0A-F476788F9181}.Release|x64.Build.0 = Release|x64
		{CBE29B06-A8C4-CADB-296B-C08F28F19860}.Debug|Win32.ActiveCfg = Debug|Win32
		{CBE29B06-A8C4-CADB-296B-C08F28F19860}.Debug|Win32.Build.0 = Debug|Win32
		{CBE29B06-A8C4-CADB-296B-C08F28F19860}.Debug|x64.ActiveCfg = Debug|x64
		{CBE29B06-A8C4-CADB-296B-C08F28F19860}.Debug|x64.Build.0 = Debug|x64
		{CBE29B06-A8C4-CADB-296B-C08F28F19860}.Profile|Win32.ActiveCfg = Profile|Win32
		{CBE29B06-A8C4-CADB-296B-C08F28F19860}.Profile|Win32.Build.0 = Profile|Win32
		{CBE29B06-A8C4-CADB-296B-C08F28F19860}.Profile|x64.ActiveCfg = Profile|x64
		{CBE29B06-A8C4-CADB-296B-C08F28F19860}.Profile|x64.Build.0 = Profile|x64
		{CBE29B06-A8C4-CADB-296B-C08F28F19860}.Release|Win32.ActiveCfg = Release|Win32
		{CBE29B06-A8C4-CADB-296B-C08F28F19860}.Release|Win32.Build.0 = Release|Win32
		{CBE29B06-A8C4-CADB-296B-C08F28F19860}.Release|x64.ActiveCfg = Release|x64
		{CBE29B06-A8C4-CADB-296B-C08F28F19860}.Release|x64.Build.0 = Release|x64
		{D1137835-1E76-3C3C-0168-B0B150A6D40D}.Debug|Win32.ActiveCfg = Debug|Win32
		{D1137835-1E76-3C3C-0168-B0B150A6D40D}.Debug|Win32.Build.0 = Debug|Win32
		{D1137835-1E76-3C3C-0168-B0B150A6D40D}.Debug|x64.ActiveCfg = Debug|x64
		{D1137835-1E76-3C3C-0168-B0B150A6D40D}.Debug|x64.Build.0 = Debug|x64
		{D1137835-1E76-3C3C-0168-B0B150A6D40D}.Profile|Win32.ActiveCfg = Profile|Win32
		{D1137835-1E76-3C3C-0168-B0B150A6D40D}.Profile|Win32.Build.0 = Profile|Win32
		{D1137835-1E76-3C3C-0168-B0B150A6D40D}.Profile|x64.ActiveCfg = Profile|x64
		{D1137835-1E76-3C3C-0168-B0B150A6D40D}.Profile|x64.Build.0 = Profile|x64
		{D1137835-1E76-3C3C-0168-B0B150A6D40D}.Release|Win32.ActiveCfg = Release|Win32
		{D1137835-1E76-3C3C-0168-B0B150A6D40D}.Release|Win32.Build.0 = Release|Win32
		{D1137835-1E76-3C3C-0168-B0B150A6D40D}.Release|x64.ActiveCfg = Release|x64
		{D1137835-1E76-3C3C-0168-B0B150A6D40D}.Release|x64.Build.0 = Release|x64
	EndGlobalSection
	GlobalSection(SolutionProperties) = preSolution
		HideSolutionNode = FALSE
	EndGlobalSection
EndGlobal
