
Microsoft Visual Studio Solution File, Format Version 12.00
# Visual Studio Version 17
Project("{8BC9CEB8-8B4A-11D0-8D11-00A0C91BC942}") = "Ak3DAudioBedMixer", "Ak3DAudioBedMixer\Windows\Ak3DAudioBedMixer_vc170.vcxproj", "{7063654B-3A66-8D59-2B88-9908A81C50A6}"
EndProject
Project("{8BC9CEB8-8B4A-11D0-8D11-00A0C91BC942}") = "AkAudioInput", "AkAudioInput\Windows\AkAudioInput_vc170.vcxproj", "{530FF70C-1007-5954-52D7-50A909435ACE}"
EndProject
Project("{8BC9CEB8-8B4A-11D0-8D11-00A0C91BC942}") = "AkCompressor", "AkCompressor\Windows\AkCompressor_vc170.vcxproj", "{E03DD864-1FD4-9CD2-8928-C2CC3852AE48}"
EndProject
Project("{8BC9CEB8-8B4A-11D0-8D11-00A0C91BC942}") = "AkConvolutionReverb", "AkConvolutionReverb\Windows\AkConvolutionReverb_vc170.vcxproj", "{18E7F064-AF5C-04C3-FEEA-FB1714A5855E}"
EndProject
Project("{8BC9CEB8-8B4A-11D0-8D11-00A0C91BC942}") = "AkDelay", "AkDelay\Windows\AkDelay_vc170.vcxproj", "{3BA5F720-EC1F-0D04-F634-1EA0C887A7DA}"
EndProject
Project("{8BC9CEB8-8B4A-11D0-8D11-00A0C91BC942}") = "AkExpander", "AkExpander\Windows\AkExpander_vc170.vcxproj", "{22D3282C-71A5-4299-AE27-B556DABB1334}"
EndProject
Project("{8BC9CEB8-8B4A-11D0-8D11-00A0C91BC942}") = "AkFlanger", "AkFlanger\Windows\AkFlanger_vc170.vcxproj", "{EB841064-1B39-3A80-B28D-44CB1FC3B8DA}"
EndProject
Project("{8BC9CEB8-8B4A-11D0-8D11-00A0C91BC942}") = "AkGain", "AkGain\Windows\AkGain_vc170.vcxproj", "{404AA5DC-83AB-B034-AA0C-82F654A5683B}"
EndProject
Project("{8BC9CEB8-8B4A-11D0-8D11-00A0C91BC942}") = "AkGuitarDistortion", "AkGuitarDistortion\Windows\AkGuitarDistortion_vc170.vcxproj", "{E0AAC6D4-6D4B-36AF-E98A-37F0266BA668}"
EndProject
Project("{8BC9CEB8-8B4A-11D0-8D11-00A0C91BC942}") = "AkHarmonizer", "AkHarmonizer\Windows\AkHarmonizer_vc170.vcxproj", "{D8910EF5-4341-B4F3-2884-86EA34FCD2E8}"
EndProject
Project("{8BC9CEB8-8B4A-11D0-8D11-00A0C91BC942}") = "AkImpacter", "AkImpacter\Windows\AkImpacter_vc170.vcxproj", "{C4D45B05-A6E8-28F7-7922-218E5F2BA9EC}"
EndProject
Project("{8BC9CEB8-8B4A-11D0-8D11-00A0C91BC942}") = "AkMatrixReverb", "AkMatrixReverb\Windows\AkMatrixReverb_vc170.vcxproj", "{37F9FCC8-B47C-546B-8935-F18529DCBCC1}"
EndProject
Project("{8BC9CEB8-8B4A-11D0-8D11-00A0C91BC942}") = "AkMotion", "AkMotion\Windows\AkMotion_vc170.vcxproj", "{01BE2247-397F-53E1-72C5-366D21989026}"
EndProject
Project("{8BC9CEB8-8B4A-11D0-8D11-00A0C91BC942}") = "AkParametricEQ", "AkParametricEQ\Windows\AkParametricEQ_vc170.vcxproj", "{9D46EC0E-709C-E101-9551-4B289BD79F5F}"
EndProject
Project("{8BC9CEB8-8B4A-11D0-8D11-00A0C91BC942}") = "AkPeakLimiter", "AkPeakLimiter\Windows\AkPeakLimiter_vc170.vcxproj", "{2D8BD8B5-C313-5A71-DD33-1E899F0C7D92}"
EndProject
Project("{8BC9CEB8-8B4A-11D0-8D11-00A0C91BC942}") = "AkPitchShifter", "AkPitchShifter\Windows\AkPitchShifter_vc170.vcxproj", "{BC7CBCC5-83AA-BF20-D8E7-45A361FBC546}"
EndProject
Project("{8BC9CEB8-8B4A-11D0-8D11-00A0C91BC942}") = "AkRecorder", "AkRecorder\Windows\AkRecorder_vc170.vcxproj", "{0FBAE164-7DF4-267A-6E6E-7513082A0EA7}"
EndProject
Project("{8BC9CEB8-8B4A-11D0-8D11-00A0C91BC942}") = "AkReflect", "AkReflect\Windows\AkReflect_vc170.vcxproj", "{6162E64E-1AD3-64A3-EEF6-F3BEDE67F9EF}"
EndProject
Project("{8BC9CEB8-8B4A-11D0-8D11-00A0C91BC942}") = "AkRoomVerb", "AkRoomVerb\Windows\AkRoomVerb_vc170.vcxproj", "{CE97280E-02DB-A91C-FDE5-C96F49F78762}"
EndProject
Project("{8BC9CEB8-8B4A-11D0-8D11-00A0C91BC942}") = "AkSilenceGenerator", "AkSilenceGenerator\Windows\AkSilenceGenerator_vc170.vcxproj", "{11AA3AFE-0992-E144-4130-D155811C6C76}"
EndProject
Project("{8BC9CEB8-8B4A-11D0-8D11-00A0C91BC942}") = "AkSineTone", "AkSineTone\Windows\AkSineTone_vc170.vcxproj", "{8351D652-4293-542A-1D33-E74014C3A5AD}"
EndProject
Project("{8BC9CEB8-8B4A-11D0-8D11-00A0C91BC942}") = "AkSoundEngineDLL", "AkSoundEngineDLL\Win32\AkSoundEngineDLL_vc170.vcxproj", "{38209775-31C6-F648-9F8F-7A3F4973D15B}"
EndProject
Project("{8BC9CEB8-8B4A-11D0-8D11-00A0C91BC942}") = "AkSoundSeedAir", "AkSoundSeedAir\Windows\AkSoundSeedAir_vc170.vcxproj", "{D5E3B468-E732-4C3A-8CD2-755D0C2C2006}"
EndProject
Project("{8BC9CEB8-8B4A-11D0-8D11-00A0C91BC942}") = "AkSoundSeedGrain", "AkSoundSeedGrain\Windows\AkSoundSeedGrain_vc170.vcxproj", "{FA49FE12-CDCB-44DD-E689-CC1772ECAAC8}"
EndProject
Project("{8BC9CEB8-8B4A-11D0-8D11-00A0C91BC942}") = "AkStereoDelay", "AkStereoDelay\Windows\AkStereoDelay_vc170.vcxproj", "{136AB8C2-E2EF-70F4-062A-9ECC4A0A8CC8}"
EndProject
Project("{8BC9CEB8-8B4A-11D0-8D11-00A0C91BC942}") = "AkSynthOne", "AkSynthOne\Windows\AkSynthOne_vc170.vcxproj", "{C157D4B3-BF14-0509-DD13-C16F7EADB2DC}"
EndProject
Project("{8BC9CEB8-8B4A-11D0-8D11-00A0C91BC942}") = "AkTimeStretch", "AkTimeStretch\Windows\AkTimeStretch_vc170.vcxproj", "{01158C3B-C208-7518-5C29-FB2E9CC781A0}"
EndProject
Project("{8BC9CEB8-8B4A-11D0-8D11-00A0C91BC942}") = "AkToneGen", "AkToneGen\Windows\AkToneGen_vc170.vcxproj", "{A3B60B71-091C-DAEF-60AF-0D9AD3B31061}"
EndProject
Project("{8BC9CEB8-8B4A-11D0-8D11-00A0C91BC942}") = "AkTremolo", "AkTremolo\Windows\AkTremolo_vc170.vcxproj", "{8910A3C1-5E1C-3B24-5A35-18577C486F08}"
EndProject
Project("{8BC9CEB8-8B4A-11D0-8D11-00A0C91BC942}") = "Auro", "Auro\Windows\Auro_vc170.vcxproj", "{AA48A5A7-98B8-2732-D9BB-E40A2AAA287F}"
EndProject
Project("{8BC9CEB8-8B4A-11D0-8D11-00A0C91BC942}") = "DLLDemo", "DLLDemo\Windows\DLLDemo_Windows_vc170.vcxproj", "{E2D0153E-9BCE-AFBD-5388-492F8CDBE129}"
	ProjectSection(ProjectDependencies) = postProject
		{38209775-31C6-F648-9F8F-7A3F4973D15B} = {38209775-31C6-F648-9F8F-7A3F4973D15B}
	EndProjectSection
EndProject
Project("{8BC9CEB8-8B4A-11D0-8D11-00A0C91BC942}") = "MasteringSuite", "MasteringSuite\Windows\MasteringSuite_vc170.vcxproj", "{6C48D959-BC1D-259B-B3F9-950BC1923C3E}"
EndProject
Project("{8BC9CEB8-8B4A-11D0-8D11-00A0C91BC942}") = "McDSP", "McDSP\Windows\McDSP_vc170.vcxproj", "{37F4A39D-8EC1-6511-2949-F41B66B29121}"
EndProject
Project("{8BC9CEB8-8B4A-11D0-8D11-00A0C91BC942}") = "iZotope", "iZotope\Windows\iZotope_vc170.vcxproj", "{150AE6A4-9142-4FCE-4272-1F2CC044B319}"
EndProject
Global
	GlobalSection(SolutionConfigurationPlatforms) = preSolution
		Debug|Win32 = Debug|Win32
		Debug|x64 = Debug|x64
		Profile|Win32 = Profile|Win32
		Profile|x64 = Profile|x64
		Release|Win32 = Release|Win32
		Release|x64 = Release|x64
	EndGlobalSection
	GlobalSection(ProjectConfigurationPlatforms) = postSolution
		{7063654B-3A66-8D59-2B88-9908A81C50A6}.Debug|Win32.ActiveCfg = Debug|Win32
		{7063654B-3A66-8D59-2B88-9908A81C50A6}.Debug|Win32.Build.0 = Debug|Win32
		{7063654B-3A66-8D59-2B88-9908A81C50A6}.Debug|x64.ActiveCfg = Debug|x64
		{7063654B-3A66-8D59-2B88-9908A81C50A6}.Debug|x64.Build.0 = Debug|x64
		{7063654B-3A66-8D59-2B88-9908A81C50A6}.Profile|Win32.ActiveCfg = Profile|Win32
		{7063654B-3A66-8D59-2B88-9908A81C50A6}.Profile|Win32.Build.0 = Profile|Win32
		{7063654B-3A66-8D59-2B88-9908A81C50A6}.Profile|x64.ActiveCfg = Profile|x64
		{7063654B-3A66-8D59-2B88-9908A81C50A6}.Profile|x64.Build.0 = Profile|x64
		{7063654B-3A66-8D59-2B88-9908A81C50A6}.Release|Win32.ActiveCfg = Release|Win32
		{7063654B-3A66-8D59-2B88-9908A81C50A6}.Release|Win32.Build.0 = Release|Win32
		{7063654B-3A66-8D59-2B88-9908A81C50A6}.Release|x64.ActiveCfg = Release|x64
		{7063654B-3A66-8D59-2B88-9908A81C50A6}.Release|x64.Build.0 = Release|x64
		{530FF70C-1007-5954-52D7-50A909435ACE}.Debug|Win32.ActiveCfg = Debug|Win32
		{530FF70C-1007-5954-52D7-50A909435ACE}.Debug|Win32.Build.0 = Debug|Win32
		{530FF70C-1007-5954-52D7-50A909435ACE}.Debug|x64.ActiveCfg = Debug|x64
		{530FF70C-1007-5954-52D7-50A909435ACE}.Debug|x64.Build.0 = Debug|x64
		{530FF70C-1007-5954-52D7-50A909435ACE}.Profile|Win32.ActiveCfg = Profile|Win32
		{530FF70C-1007-5954-52D7-50A909435ACE}.Profile|Win32.Build.0 = Profile|Win32
		{530FF70C-1007-5954-52D7-50A909435ACE}.Profile|x64.ActiveCfg = Profile|x64
		{530FF70C-1007-5954-52D7-50A909435ACE}.Profile|x64.Build.0 = Profile|x64
		{530FF70C-1007-5954-52D7-50A909435ACE}.Release|Win32.ActiveCfg = Release|Win32
		{530FF70C-1007-5954-52D7-50A909435ACE}.Release|Win32.Build.0 = Release|Win32
		{530FF70C-1007-5954-52D7-50A909435ACE}.Release|x64.ActiveCfg = Release|x64
		{530FF70C-1007-5954-52D7-50A909435ACE}.Release|x64.Build.0 = Release|x64
		{E03DD864-1FD4-9CD2-8928-C2CC3852AE48}.Debug|Win32.ActiveCfg = Debug|Win32
		{E03DD864-1FD4-9CD2-8928-C2CC3852AE48}.Debug|Win32.Build.0 = Debug|Win32
		{E03DD864-1FD4-9CD2-8928-C2CC3852AE48}.Debug|x64.ActiveCfg = Debug|x64
		{E03DD864-1FD4-9CD2-8928-C2CC3852AE48}.Debug|x64.Build.0 = Debug|x64
		{E03DD864-1FD4-9CD2-8928-C2CC3852AE48}.Profile|Win32.ActiveCfg = Profile|Win32
		{E03DD864-1FD4-9CD2-8928-C2CC3852AE48}.Profile|Win32.Build.0 = Profile|Win32
		{E03DD864-1FD4-9CD2-8928-C2CC3852AE48}.Profile|x64.ActiveCfg = Profile|x64
		{E03DD864-1FD4-9CD2-8928-C2CC3852AE48}.Profile|x64.Build.0 = Profile|x64
		{E03DD864-1FD4-9CD2-8928-C2CC3852AE48}.Release|Win32.ActiveCfg = Release|Win32
		{E03DD864-1FD4-9CD2-8928-C2CC3852AE48}.Release|Win32.Build.0 = Release|Win32
		{E03DD864-1FD4-9CD2-8928-C2CC3852AE48}.Release|x64.ActiveCfg = Release|x64
		{E03DD864-1FD4-9CD2-8928-C2CC3852AE48}.Release|x64.Build.0 = Release|x64
		{18E7F064-AF5C-04C3-FEEA-FB1714A5855E}.Debug|Win32.ActiveCfg = Debug|Win32
		{18E7F064-AF5C-04C3-FEEA-FB1714A5855E}.Debug|Win32.Build.0 = Debug|Win32
		{18E7F064-AF5C-04C3-FEEA-FB1714A5855E}.Debug|x64.ActiveCfg = Debug|x64
		{18E7F064-AF5C-04C3-FEEA-FB1714A5855E}.Debug|x64.Build.0 = Debug|x64
		{18E7F064-AF5C-04C3-FEEA-FB1714A5855E}.Profile|Win32.ActiveCfg = Profile|Win32
		{18E7F064-AF5C-04C3-FEEA-FB1714A5855E}.Profile|Win32.Build.0 = Profile|Win32
		{18E7F064-AF5C-04C3-FEEA-FB1714A5855E}.Profile|x64.ActiveCfg = Profile|x64
		{18E7F064-AF5C-04C3-FEEA-FB1714A5855E}.Profile|x64.Build.0 = Profile|x64
		{18E7F064-AF5C-04C3-FEEA-FB1714A5855E}.Release|Win32.ActiveCfg = Release|Win32
		{18E7F064-AF5C-04C3-FEEA-FB1714A5855E}.Release|Win32.Build.0 = Release|Win32
		{18E7F064-AF5C-04C3-FEEA-FB1714A5855E}.Release|x64.ActiveCfg = Release|x64
		{18E7F064-AF5C-04C3-FEEA-FB1714A5855E}.Release|x64.Build.0 = Release|x64
		{3BA5F720-EC1F-0D04-F634-1EA0C887A7DA}.Debug|Win32.ActiveCfg = Debug|Win32
		{3BA5F720-EC1F-0D04-F634-1EA0C887A7DA}.Debug|Win32.Build.0 = Debug|Win32
		{3BA5F720-EC1F-0D04-F634-1EA0C887A7DA}.Debug|x64.ActiveCfg = Debug|x64
		{3BA5F720-EC1F-0D04-F634-1EA0C887A7DA}.Debug|x64.Build.0 = Debug|x64
		{3BA5F720-EC1F-0D04-F634-1EA0C887A7DA}.Profile|Win32.ActiveCfg = Profile|Win32
		{3BA5F720-EC1F-0D04-F634-1EA0C887A7DA}.Profile|Win32.Build.0 = Profile|Win32
		{3BA5F720-EC1F-0D04-F634-1EA0C887A7DA}.Profile|x64.ActiveCfg = Profile|x64
		{3BA5F720-EC1F-0D04-F634-1EA0C887A7DA}.Profile|x64.Build.0 = Profile|x64
		{3BA5F720-EC1F-0D04-F634-1EA0C887A7DA}.Release|Win32.ActiveCfg = Release|Win32
		{3BA5F720-EC1F-0D04-F634-1EA0C887A7DA}.Release|Win32.Build.0 = Release|Win32
		{3BA5F720-EC1F-0D04-F634-1EA0C887A7DA}.Release|x64.ActiveCfg = Release|x64
		{3BA5F720-EC1F-0D04-F634-1EA0C887A7DA}.Release|x64.Build.0 = Release|x64
		{22D3282C-71A5-4299-AE27-B556DABB1334}.Debug|Win32.ActiveCfg = Debug|Win32
		{22D3282C-71A5-4299-AE27-B556DABB1334}.Debug|Win32.Build.0 = Debug|Win32
		{22D3282C-71A5-4299-AE27-B556DABB1334}.Debug|x64.ActiveCfg = Debug|x64
		{22D3282C-71A5-4299-AE27-B556DABB1334}.Debug|x64.Build.0 = Debug|x64
		{22D3282C-71A5-4299-AE27-B556DABB1334}.Profile|Win32.ActiveCfg = Profile|Win32
		{22D3282C-71A5-4299-AE27-B556DABB1334}.Profile|Win32.Build.0 = Profile|Win32
		{22D3282C-71A5-4299-AE27-B556DABB1334}.Profile|x64.ActiveCfg = Profile|x64
		{22D3282C-71A5-4299-AE27-B556DABB1334}.Profile|x64.Build.0 = Profile|x64
		{22D3282C-71A5-4299-AE27-B556DABB1334}.Release|Win32.ActiveCfg = Release|Win32
		{22D3282C-71A5-4299-AE27-B556DABB1334}.Release|Win32.Build.0 = Release|Win32
		{22D3282C-71A5-4299-AE27-B556DABB1334}.Release|x64.ActiveCfg = Release|x64
		{22D3282C-71A5-4299-AE27-B556DABB1334}.Release|x64.Build.0 = Release|x64
		{EB841064-1B39-3A80-B28D-44CB1FC3B8DA}.Debug|Win32.ActiveCfg = Debug|Win32
		{EB841064-1B39-3A80-B28D-44CB1FC3B8DA}.Debug|Win32.Build.0 = Debug|Win32
		{EB841064-1B39-3A80-B28D-44CB1FC3B8DA}.Debug|x64.ActiveCfg = Debug|x64
		{EB841064-1B39-3A80-B28D-44CB1FC3B8DA}.Debug|x64.Build.0 = Debug|x64
		{EB841064-1B39-3A80-B28D-44CB1FC3B8DA}.Profile|Win32.ActiveCfg = Profile|Win32
		{EB841064-1B39-3A80-B28D-44CB1FC3B8DA}.Profile|Win32.Build.0 = Profile|Win32
		{EB841064-1B39-3A80-B28D-44CB1FC3B8DA}.Profile|x64.ActiveCfg = Profile|x64
		{EB841064-1B39-3A80-B28D-44CB1FC3B8DA}.Profile|x64.Build.0 = Profile|x64
		{EB841064-1B39-3A80-B28D-44CB1FC3B8DA}.Release|Win32.ActiveCfg = Release|Win32
		{EB841064-1B39-3A80-B28D-44CB1FC3B8DA}.Release|Win32.Build.0 = Release|Win32
		{EB841064-1B39-3A80-B28D-44CB1FC3B8DA}.Release|x64.ActiveCfg = Release|x64
		{EB841064-1B39-3A80-B28D-44CB1FC3B8DA}.Release|x64.Build.0 = Release|x64
		{404AA5DC-83AB-B034-AA0C-82F654A5683B}.Debug|Win32.ActiveCfg = Debug|Win32
		{404AA5DC-83AB-B034-AA0C-82F654A5683B}.Debug|Win32.Build.0 = Debug|Win32
		{404AA5DC-83AB-B034-AA0C-82F654A5683B}.Debug|x64.ActiveCfg = Debug|x64
		{404AA5DC-83AB-B034-AA0C-82F654A5683B}.Debug|x64.Build.0 = Debug|x64
		{404AA5DC-83AB-B034-AA0C-82F654A5683B}.Profile|Win32.ActiveCfg = Profile|Win32
		{404AA5DC-83AB-B034-AA0C-82F654A5683B}.Profile|Win32.Build.0 = Profile|Win32
		{404AA5DC-83AB-B034-AA0C-82F654A5683B}.Profile|x64.ActiveCfg = Profile|x64
		{404AA5DC-83AB-B034-AA0C-82F654A5683B}.Profile|x64.Build.0 = Profile|x64
		{404AA5DC-83AB-B034-AA0C-82F654A5683B}.Release|Win32.ActiveCfg = Release|Win32
		{404AA5DC-83AB-B034-AA0C-82F654A5683B}.Release|Win32.Build.0 = Release|Win32
		{404AA5DC-83AB-B034-AA0C-82F654A5683B}.Release|x64.ActiveCfg = Release|x64
		{404AA5DC-83AB-B034-AA0C-82F654A5683B}.Release|x64.Build.0 = Release|x64
		{E0AAC6D4-6D4B-36AF-E98A-37F0266BA668}.Debug|Win32.ActiveCfg = Debug|Win32
		{E0AAC6D4-6D4B-36AF-E98A-37F0266BA668}.Debug|Win32.Build.0 = Debug|Win32
		{E0AAC6D4-6D4B-36AF-E98A-37F0266BA668}.Debug|x64.ActiveCfg = Debug|x64
		{E0AAC6D4-6D4B-36AF-E98A-37F0266BA668}.Debug|x64.Build.0 = Debug|x64
		{E0AAC6D4-6D4B-36AF-E98A-37F0266BA668}.Profile|Win32.ActiveCfg = Profile|Win32
		{E0AAC6D4-6D4B-36AF-E98A-37F0266BA668}.Profile|Win32.Build.0 = Profile|Win32
		{E0AAC6D4-6D4B-36AF-E98A-37F0266BA668}.Profile|x64.ActiveCfg = Profile|x64
		{E0AAC6D4-6D4B-36AF-E98A-37F0266BA668}.Profile|x64.Build.0 = Profile|x64
		{E0AAC6D4-6D4B-36AF-E98A-37F0266BA668}.Release|Win32.ActiveCfg = Release|Win32
		{E0AAC6D4-6D4B-36AF-E98A-37F0266BA668}.Release|Win32.Build.0 = Release|Win32
		{E0AAC6D4-6D4B-36AF-E98A-37F0266BA668}.Release|x64.ActiveCfg = Release|x64
		{E0AAC6D4-6D4B-36AF-E98A-37F0266BA668}.Release|x64.Build.0 = Release|x64
		{D8910EF5-4341-B4F3-2884-86EA34FCD2E8}.Debug|Win32.ActiveCfg = Debug|Win32
		{D8910EF5-4341-B4F3-2884-86EA34FCD2E8}.Debug|Win32.Build.0 = Debug|Win32
		{D8910EF5-4341-B4F3-2884-86EA34FCD2E8}.Debug|x64.ActiveCfg = Debug|x64
		{D8910EF5-4341-B4F3-2884-86EA34FCD2E8}.Debug|x64.Build.0 = Debug|x64
		{D8910EF5-4341-B4F3-2884-86EA34FCD2E8}.Profile|Win32.ActiveCfg = Profile|Win32
		{D8910EF5-4341-B4F3-2884-86EA34FCD2E8}.Profile|Win32.Build.0 = Profile|Win32
		{D8910EF5-4341-B4F3-2884-86EA34FCD2E8}.Profile|x64.ActiveCfg = Profile|x64
		{D8910EF5-4341-B4F3-2884-86EA34FCD2E8}.Profile|x64.Build.0 = Profile|x64
		{D8910EF5-4341-B4F3-2884-86EA34FCD2E8}.Release|Win32.ActiveCfg = Release|Win32
		{D8910EF5-4341-B4F3-2884-86EA34FCD2E8}.Release|Win32.Build.0 = Release|Win32
		{D8910EF5-4341-B4F3-2884-86EA34FCD2E8}.Release|x64.ActiveCfg = Release|x64
		{D8910EF5-4341-B4F3-2884-86EA34FCD2E8}.Release|x64.Build.0 = Release|x64
		{C4D45B05-A6E8-28F7-7922-218E5F2BA9EC}.Debug|Win32.ActiveCfg = Debug|Win32
		{C4D45B05-A6E8-28F7-7922-218E5F2BA9EC}.Debug|Win32.Build.0 = Debug|Win32
		{C4D45B05-A6E8-28F7-7922-218E5F2BA9EC}.Debug|x64.ActiveCfg = Debug|x64
		{C4D45B05-A6E8-28F7-7922-218E5F2BA9EC}.Debug|x64.Build.0 = Debug|x64
		{C4D45B05-A6E8-28F7-7922-218E5F2BA9EC}.Profile|Win32.ActiveCfg = Profile|Win32
		{C4D45B05-A6E8-28F7-7922-218E5F2BA9EC}.Profile|Win32.Build.0 = Profile|Win32
		{C4D45B05-A6E8-28F7-7922-218E5F2BA9EC}.Profile|x64.ActiveCfg = Profile|x64
		{C4D45B05-A6E8-28F7-7922-218E5F2BA9EC}.Profile|x64.Build.0 = Profile|x64
		{C4D45B05-A6E8-28F7-7922-218E5F2BA9EC}.Release|Win32.ActiveCfg = Release|Win32
		{C4D45B05-A6E8-28F7-7922-218E5F2BA9EC}.Release|Win32.Build.0 = Release|Win32
		{C4D45B05-A6E8-28F7-7922-218E5F2BA9EC}.Release|x64.ActiveCfg = Release|x64
		{C4D45B05-A6E8-28F7-7922-218E5F2BA9EC}.Release|x64.Build.0 = Release|x64
		{37F9FCC8-B47C-546B-8935-F18529DCBCC1}.Debug|Win32.ActiveCfg = Debug|Win32
		{37F9FCC8-B47C-546B-8935-F18529DCBCC1}.Debug|Win32.Build.0 = Debug|Win32
		{37F9FCC8-B47C-546B-8935-F18529DCBCC1}.Debug|x64.ActiveCfg = Debug|x64
		{37F9FCC8-B47C-546B-8935-F18529DCBCC1}.Debug|x64.Build.0 = Debug|x64
		{37F9FCC8-B47C-546B-8935-F18529DCBCC1}.Profile|Win32.ActiveCfg = Profile|Win32
		{37F9FCC8-B47C-546B-8935-F18529DCBCC1}.Profile|Win32.Build.0 = Profile|Win32
		{37F9FCC8-B47C-546B-8935-F18529DCBCC1}.Profile|x64.ActiveCfg = Profile|x64
		{37F9FCC8-B47C-546B-8935-F18529DCBCC1}.Profile|x64.Build.0 = Profile|x64
		{37F9FCC8-B47C-546B-8935-F18529DCBCC1}.Release|Win32.ActiveCfg = Release|Win32
		{37F9FCC8-B47C-546B-8935-F18529DCBCC1}.Release|Win32.Build.0 = Release|Win32
		{37F9FCC8-B47C-546B-8935-F18529DCBCC1}.Release|x64.ActiveCfg = Release|x64
		{37F9FCC8-B47C-546B-8935-F18529DCBCC1}.Release|x64.Build.0 = Release|x64
		{01BE2247-397F-53E1-72C5-366D21989026}.Debug|Win32.ActiveCfg = Debug|Win32
		{01BE2247-397F-53E1-72C5-366D21989026}.Debug|Win32.Build.0 = Debug|Win32
		{01BE2247-397F-53E1-72C5-366D21989026}.Debug|x64.ActiveCfg = Debug|x64
		{01BE2247-397F-53E1-72C5-366D21989026}.Debug|x64.Build.0 = Debug|x64
		{01BE2247-397F-53E1-72C5-366D21989026}.Profile|Win32.ActiveCfg = Profile|Win32
		{01BE2247-397F-53E1-72C5-366D21989026}.Profile|Win32.Build.0 = Profile|Win32
		{01BE2247-397F-53E1-72C5-366D21989026}.Profile|x64.ActiveCfg = Profile|x64
		{01BE2247-397F-53E1-72C5-366D21989026}.Profile|x64.Build.0 = Profile|x64
		{01BE2247-397F-53E1-72C5-366D21989026}.Release|Win32.ActiveCfg = Release|Win32
		{01BE2247-397F-53E1-72C5-366D21989026}.Release|Win32.Build.0 = Release|Win32
		{01BE2247-397F-53E1-72C5-366D21989026}.Release|x64.ActiveCfg = Release|x64
		{01BE2247-397F-53E1-72C5-366D21989026}.Release|x64.Build.0 = Release|x64
		{9D46EC0E-709C-E101-9551-4B289BD79F5F}.Debug|Win32.ActiveCfg = Debug|Win32
		{9D46EC0E-709C-E101-9551-4B289BD79F5F}.Debug|Win32.Build.0 = Debug|Win32
		{9D46EC0E-709C-E101-9551-4B289BD79F5F}.Debug|x64.ActiveCfg = Debug|x64
		{9D46EC0E-709C-E101-9551-4B289BD79F5F}.Debug|x64.Build.0 = Debug|x64
		{9D46EC0E-709C-E101-9551-4B289BD79F5F}.Profile|Win32.ActiveCfg = Profile|Win32
		{9D46EC0E-709C-E101-9551-4B289BD79F5F}.Profile|Win32.Build.0 = Profile|Win32
		{9D46EC0E-709C-E101-9551-4B289BD79F5F}.Profile|x64.ActiveCfg = Profile|x64
		{9D46EC0E-709C-E101-9551-4B289BD79F5F}.Profile|x64.Build.0 = Profile|x64
		{9D46EC0E-709C-E101-9551-4B289BD79F5F}.Release|Win32.ActiveCfg = Release|Win32
		{9D46EC0E-709C-E101-9551-4B289BD79F5F}.Release|Win32.Build.0 = Release|Win32
		{9D46EC0E-709C-E101-9551-4B289BD79F5F}.Release|x64.ActiveCfg = Release|x64
		{9D46EC0E-709C-E101-9551-4B289BD79F5F}.Release|x64.Build.0 = Release|x64
		{2D8BD8B5-C313-5A71-DD33-1E899F0C7D92}.Debug|Win32.ActiveCfg = Debug|Win32
		{2D8BD8B5-C313-5A71-DD33-1E899F0C7D92}.Debug|Win32.Build.0 = Debug|Win32
		{2D8BD8B5-C313-5A71-DD33-1E899F0C7D92}.Debug|x64.ActiveCfg = Debug|x64
		{2D8BD8B5-C313-5A71-DD33-1E899F0C7D92}.Debug|x64.Build.0 = Debug|x64
		{2D8BD8B5-C313-5A71-DD33-1E899F0C7D92}.Profile|Win32.ActiveCfg = Profile|Win32
		{2D8BD8B5-C313-5A71-DD33-1E899F0C7D92}.Profile|Win32.Build.0 = Profile|Win32
		{2D8BD8B5-C313-5A71-DD33-1E899F0C7D92}.Profile|x64.ActiveCfg = Profile|x64
		{2D8BD8B5-C313-5A71-DD33-1E899F0C7D92}.Profile|x64.Build.0 = Profile|x64
		{2D8BD8B5-C313-5A71-DD33-1E899F0C7D92}.Release|Win32.ActiveCfg = Release|Win32
		{2D8BD8B5-C313-5A71-DD33-1E899F0C7D92}.Release|Win32.Build.0 = Release|Win32
		{2D8BD8B5-C313-5A71-DD33-1E899F0C7D92}.Release|x64.ActiveCfg = Release|x64
		{2D8BD8B5-C313-5A71-DD33-1E899F0C7D92}.Release|x64.Build.0 = Release|x64
		{BC7CBCC5-83AA-BF20-D8E7-45A361FBC546}.Debug|Win32.ActiveCfg = Debug|Win32
		{BC7CBCC5-83AA-BF20-D8E7-45A361FBC546}.Debug|Win32.Build.0 = Debug|Win32
		{BC7CBCC5-83AA-BF20-D8E7-45A361FBC546}.Debug|x64.ActiveCfg = Debug|x64
		{BC7CBCC5-83AA-BF20-D8E7-45A361FBC546}.Debug|x64.Build.0 = Debug|x64
		{BC7CBCC5-83AA-BF20-D8E7-45A361FBC546}.Profile|Win32.ActiveCfg = Profile|Win32
		{BC7CBCC5-83AA-BF20-D8E7-45A361FBC546}.Profile|Win32.Build.0 = Profile|Win32
		{BC7CBCC5-83AA-BF20-D8E7-45A361FBC546}.Profile|x64.ActiveCfg = Profile|x64
		{BC7CBCC5-83AA-BF20-D8E7-45A361FBC546}.Profile|x64.Build.0 = Profile|x64
		{BC7CBCC5-83AA-BF20-D8E7-45A361FBC546}.Release|Win32.ActiveCfg = Release|Win32
		{BC7CBCC5-83AA-BF20-D8E7-45A361FBC546}.Release|Win32.Build.0 = Release|Win32
		{BC7CBCC5-83AA-BF20-D8E7-45A361FBC546}.Release|x64.ActiveCfg = Release|x64
		{BC7CBCC5-83AA-BF20-D8E7-45A361FBC546}.Release|x64.Build.0 = Release|x64
		{0FBAE164-7DF4-267A-6E6E-7513082A0EA7}.Debug|Win32.ActiveCfg = Debug|Win32
		{0FBAE164-7DF4-267A-6E6E-7513082A0EA7}.Debug|Win32.Build.0 = Debug|Win32
		{0FBAE164-7DF4-267A-6E6E-7513082A0EA7}.Debug|x64.ActiveCfg = Debug|x64
		{0FBAE164-7DF4-267A-6E6E-7513082A0EA7}.Debug|x64.Build.0 = Debug|x64
		{0FBAE164-7DF4-267A-6E6E-7513082A0EA7}.Profile|Win32.ActiveCfg = Profile|Win32
		{0FBAE164-7DF4-267A-6E6E-7513082A0EA7}.Profile|Win32.Build.0 = Profile|Win32
		{0FBAE164-7DF4-267A-6E6E-7513082A0EA7}.Profile|x64.ActiveCfg = Profile|x64
		{0FBAE164-7DF4-267A-6E6E-7513082A0EA7}.Profile|x64.Build.0 = Profile|x64
		{0FBAE164-7DF4-267A-6E6E-7513082A0EA7}.Release|Win32.ActiveCfg = Release|Win32
		{0FBAE164-7DF4-267A-6E6E-7513082A0EA7}.Release|Win32.Build.0 = Release|Win32
		{0FBAE164-7DF4-267A-6E6E-7513082A0EA7}.Release|x64.ActiveCfg = Release|x64
		{0FBAE164-7DF4-267A-6E6E-7513082A0EA7}.Release|x64.Build.0 = Release|x64
		{6162E64E-1AD3-64A3-EEF6-F3BEDE67F9EF}.Debug|Win32.ActiveCfg = Debug|Win32
		{6162E64E-1AD3-64A3-EEF6-F3BEDE67F9EF}.Debug|Win32.Build.0 = Debug|Win32
		{6162E64E-1AD3-64A3-EEF6-F3BEDE67F9EF}.Debug|x64.ActiveCfg = Debug|x64
		{6162E64E-1AD3-64A3-EEF6-F3BEDE67F9EF}.Debug|x64.Build.0 = Debug|x64
		{6162E64E-1AD3-64A3-EEF6-F3BEDE67F9EF}.Profile|Win32.ActiveCfg = Profile|Win32
		{6162E64E-1AD3-64A3-EEF6-F3BEDE67F9EF}.Profile|Win32.Build.0 = Profile|Win32
		{6162E64E-1AD3-64A3-EEF6-F3BEDE67F9EF}.Profile|x64.ActiveCfg = Profile|x64
		{6162E64E-1AD3-64A3-EEF6-F3BEDE67F9EF}.Profile|x64.Build.0 = Profile|x64
		{6162E64E-1AD3-64A3-EEF6-F3BEDE67F9EF}.Release|Win32.ActiveCfg = Release|Win32
		{6162E64E-1AD3-64A3-EEF6-F3BEDE67F9EF}.Release|Win32.Build.0 = Release|Win32
		{6162E64E-1AD3-64A3-EEF6-F3BEDE67F9EF}.Release|x64.ActiveCfg = Release|x64
		{6162E64E-1AD3-64A3-EEF6-F3BEDE67F9EF}.Release|x64.Build.0 = Release|x64
		{CE97280E-02DB-A91C-FDE5-C96F49F78762}.Debug|Win32.ActiveCfg = Debug|Win32
		{CE97280E-02DB-A91C-FDE5-C96F49F78762}.Debug|Win32.Build.0 = Debug|Win32
		{CE97280E-02DB-A91C-FDE5-C96F49F78762}.Debug|x64.ActiveCfg = Debug|x64
		{CE97280E-02DB-A91C-FDE5-C96F49F78762}.Debug|x64.Build.0 = Debug|x64
		{CE97280E-02DB-A91C-FDE5-C96F49F78762}.Profile|Win32.ActiveCfg = Profile|Win32
		{CE97280E-02DB-A91C-FDE5-C96F49F78762}.Profile|Win32.Build.0 = Profile|Win32
		{CE97280E-02DB-A91C-FDE5-C96F49F78762}.Profile|x64.ActiveCfg = Profile|x64
		{CE97280E-02DB-A91C-FDE5-C96F49F78762}.Profile|x64.Build.0 = Profile|x64
		{CE97280E-02DB-A91C-FDE5-C96F49F78762}.Release|Win32.ActiveCfg = Release|Win32
		{CE97280E-02DB-A91C-FDE5-C96F49F78762}.Release|Win32.Build.0 = Release|Win32
		{CE97280E-02DB-A91C-FDE5-C96F49F78762}.Release|x64.ActiveCfg = Release|x64
		{CE97280E-02DB-A91C-FDE5-C96F49F78762}.Release|x64.Build.0 = Release|x64
		{11AA3AFE-0992-E144-4130-D155811C6C76}.Debug|Win32.ActiveCfg = Debug|Win32
		{11AA3AFE-0992-E144-4130-D155811C6C76}.Debug|Win32.Build.0 = Debug|Win32
		{11AA3AFE-0992-E144-4130-D155811C6C76}.Debug|x64.ActiveCfg = Debug|x64
		{11AA3AFE-0992-E144-4130-D155811C6C76}.Debug|x64.Build.0 = Debug|x64
		{11AA3AFE-0992-E144-4130-D155811C6C76}.Profile|Win32.ActiveCfg = Profile|Win32
		{11AA3AFE-0992-E144-4130-D155811C6C76}.Profile|Win32.Build.0 = Profile|Win32
		{11AA3AFE-0992-E144-4130-D155811C6C76}.Profile|x64.ActiveCfg = Profile|x64
		{11AA3AFE-0992-E144-4130-D155811C6C76}.Profile|x64.Build.0 = Profile|x64
		{11AA3AFE-0992-E144-4130-D155811C6C76}.Release|Win32.ActiveCfg = Release|Win32
		{11AA3AFE-0992-E144-4130-D155811C6C76}.Release|Win32.Build.0 = Release|Win32
		{11AA3AFE-0992-E144-4130-D155811C6C76}.Release|x64.ActiveCfg = Release|x64
		{11AA3AFE-0992-E144-4130-D155811C6C76}.Release|x64.Build.0 = Release|x64
		{8351D652-4293-542A-1D33-E74014C3A5AD}.Debug|Win32.ActiveCfg = Debug|Win32
		{8351D652-4293-542A-1D33-E74014C3A5AD}.Debug|Win32.Build.0 = Debug|Win32
		{8351D652-4293-542A-1D33-E74014C3A5AD}.Debug|x64.ActiveCfg = Debug|x64
		{8351D652-4293-542A-1D33-E74014C3A5AD}.Debug|x64.Build.0 = Debug|x64
		{8351D652-4293-542A-1D33-E74014C3A5AD}.Profile|Win32.ActiveCfg = Profile|Win32
		{8351D652-4293-542A-1D33-E74014C3A5AD}.Profile|Win32.Build.0 = Profile|Win32
		{8351D652-4293-542A-1D33-E74014C3A5AD}.Profile|x64.ActiveCfg = Profile|x64
		{8351D652-4293-542A-1D33-E74014C3A5AD}.Profile|x64.Build.0 = Profile|x64
		{8351D652-4293-542A-1D33-E74014C3A5AD}.Release|Win32.ActiveCfg = Release|Win32
		{8351D652-4293-542A-1D33-E74014C3A5AD}.Release|Win32.Build.0 = Release|Win32
		{8351D652-4293-542A-1D33-E74014C3A5AD}.Release|x64.ActiveCfg = Release|x64
		{8351D652-4293-542A-1D33-E74014C3A5AD}.Release|x64.Build.0 = Release|x64
		{38209775-31C6-F648-9F8F-7A3F4973D15B}.Debug|Win32.ActiveCfg = Debug|Win32
		{38209775-31C6-F648-9F8F-7A3F4973D15B}.Debug|Win32.Build.0 = Debug|Win32
		{38209775-31C6-F648-9F8F-7A3F4973D15B}.Debug|x64.ActiveCfg = Debug|x64
		{38209775-31C6-F648-9F8F-7A3F4973D15B}.Debug|x64.Build.0 = Debug|x64
		{38209775-31C6-F648-9F8F-7A3F4973D15B}.Profile|Win32.ActiveCfg = Profile|Win32
		{38209775-31C6-F648-9F8F-7A3F4973D15B}.Profile|Win32.Build.0 = Profile|Win32
		{38209775-31C6-F648-9F8F-7A3F4973D15B}.Profile|x64.ActiveCfg = Profile|x64
		{38209775-31C6-F648-9F8F-7A3F4973D15B}.Profile|x64.Build.0 = Profile|x64
		{38209775-31C6-F648-9F8F-7A3F4973D15B}.Release|Win32.ActiveCfg = Release|Win32
		{38209775-31C6-F648-9F8F-7A3F4973D15B}.Release|Win32.Build.0 = Release|Win32
		{38209775-31C6-F648-9F8F-7A3F4973D15B}.Release|x64.ActiveCfg = Release|x64
		{38209775-31C6-F648-9F8F-7A3F4973D15B}.Release|x64.Build.0 = Release|x64
		{D5E3B468-E732-4C3A-8CD2-755D0C2C2006}.Debug|Win32.ActiveCfg = Debug|Win32
		{D5E3B468-E732-4C3A-8CD2-755D0C2C2006}.Debug|Win32.Build.0 = Debug|Win32
		{D5E3B468-E732-4C3A-8CD2-755D0C2C2006}.Debug|x64.ActiveCfg = Debug|x64
		{D5E3B468-E732-4C3A-8CD2-755D0C2C2006}.Debug|x64.Build.0 = Debug|x64
		{D5E3B468-E732-4C3A-8CD2-755D0C2C2006}.Profile|Win32.ActiveCfg = Profile|Win32
		{D5E3B468-E732-4C3A-8CD2-755D0C2C2006}.Profile|Win32.Build.0 = Profile|Win32
		{D5E3B468-E732-4C3A-8CD2-755D0C2C2006}.Profile|x64.ActiveCfg = Profile|x64
		{D5E3B468-E732-4C3A-8CD2-755D0C2C2006}.Profile|x64.Build.0 = Profile|x64
		{D5E3B468-E732-4C3A-8CD2-755D0C2C2006}.Release|Win32.ActiveCfg = Release|Win32
		{D5E3B468-E732-4C3A-8CD2-755D0C2C2006}.Release|Win32.Build.0 = Release|Win32
		{D5E3B468-E732-4C3A-8CD2-755D0C2C2006}.Release|x64.ActiveCfg = Release|x64
		{D5E3B468-E732-4C3A-8CD2-755D0C2C2006}.Release|x64.Build.0 = Release|x64
		{FA49FE12-CDCB-44DD-E689-CC1772ECAAC8}.Debug|Win32.ActiveCfg = Debug|Win32
		{FA49FE12-CDCB-44DD-E689-CC1772ECAAC8}.Debug|Win32.Build.0 = Debug|Win32
		{FA49FE12-CDCB-44DD-E689-CC1772ECAAC8}.Debug|x64.ActiveCfg = Debug|x64
		{FA49FE12-CDCB-44DD-E689-CC1772ECAAC8}.Debug|x64.Build.0 = Debug|x64
		{FA49FE12-CDCB-44DD-E689-CC1772ECAAC8}.Profile|Win32.ActiveCfg = Profile|Win32
		{FA49FE12-CDCB-44DD-E689-CC1772ECAAC8}.Profile|Win32.Build.0 = Profile|Win32
		{FA49FE12-CDCB-44DD-E689-CC1772ECAAC8}.Profile|x64.ActiveCfg = Profile|x64
		{FA49FE12-CDCB-44DD-E689-CC1772ECAAC8}.Profile|x64.Build.0 = Profile|x64
		{FA49FE12-CDCB-44DD-E689-CC1772ECAAC8}.Release|Win32.ActiveCfg = Release|Win32
		{FA49FE12-CDCB-44DD-E689-CC1772ECAAC8}.Release|Win32.Build.0 = Release|Win32
		{FA49FE12-CDCB-44DD-E689-CC1772ECAAC8}.Release|x64.ActiveCfg = Release|x64
		{FA49FE12-CDCB-44DD-E689-CC1772ECAAC8}.Release|x64.Build.0 = Release|x64
		{136AB8C2-E2EF-70F4-062A-9ECC4A0A8CC8}.Debug|Win32.ActiveCfg = Debug|Win32
		{136AB8C2-E2EF-70F4-062A-9ECC4A0A8CC8}.Debug|Win32.Build.0 = Debug|Win32
		{136AB8C2-E2EF-70F4-062A-9ECC4A0A8CC8}.Debug|x64.ActiveCfg = Debug|x64
		{136AB8C2-E2EF-70F4-062A-9ECC4A0A8CC8}.Debug|x64.Build.0 = Debug|x64
		{136AB8C2-E2EF-70F4-062A-9ECC4A0A8CC8}.Profile|Win32.ActiveCfg = Profile|Win32
		{136AB8C2-E2EF-70F4-062A-9ECC4A0A8CC8}.Profile|Win32.Build.0 = Profile|Win32
		{136AB8C2-E2EF-70F4-062A-9ECC4A0A8CC8}.Profile|x64.ActiveCfg = Profile|x64
		{136AB8C2-E2EF-70F4-062A-9ECC4A0A8CC8}.Profile|x64.Build.0 = Profile|x64
		{136AB8C2-E2EF-70F4-062A-9ECC4A0A8CC8}.Release|Win32.ActiveCfg = Release|Win32
		{136AB8C2-E2EF-70F4-062A-9ECC4A0A8CC8}.Release|Win32.Build.0 = Release|Win32
		{136AB8C2-E2EF-70F4-062A-9ECC4A0A8CC8}.Release|x64.ActiveCfg = Release|x64
		{136AB8C2-E2EF-70F4-062A-9ECC4A0A8CC8}.Release|x64.Build.0 = Release|x64
		{C157D4B3-BF14-0509-DD13-C16F7EADB2DC}.Debug|Win32.ActiveCfg = Debug|Win32
		{C157D4B3-BF14-0509-DD13-C16F7EADB2DC}.Debug|Win32.Build.0 = Debug|Win32
		{C157D4B3-BF14-0509-DD13-C16F7EADB2DC}.Debug|x64.ActiveCfg = Debug|x64
		{C157D4B3-BF14-0509-DD13-C16F7EADB2DC}.Debug|x64.Build.0 = Debug|x64
		{C157D4B3-BF14-0509-DD13-C16F7EADB2DC}.Profile|Win32.ActiveCfg = Profile|Win32
		{C157D4B3-BF14-0509-DD13-C16F7EADB2DC}.Profile|Win32.Build.0 = Profile|Win32
		{C157D4B3-BF14-0509-DD13-C16F7EADB2DC}.Profile|x64.ActiveCfg = Profile|x64
		{C157D4B3-BF14-0509-DD13-C16F7EADB2DC}.Profile|x64.Build.0 = Profile|x64
		{C157D4B3-BF14-0509-DD13-C16F7EADB2DC}.Release|Win32.ActiveCfg = Release|Win32
		{C157D4B3-BF14-0509-DD13-C16F7EADB2DC}.Release|Win32.Build.0 = Release|Win32
		{C157D4B3-BF14-0509-DD13-C16F7EADB2DC}.Release|x64.ActiveCfg = Release|x64
		{C157D4B3-BF14-0509-DD13-C16F7EADB2DC}.Release|x64.Build.0 = Release|x64
		{01158C3B-C208-7518-5C29-FB2E9CC781A0}.Debug|Win32.ActiveCfg = Debug|Win32
		{01158C3B-C208-7518-5C29-FB2E9CC781A0}.Debug|Win32.Build.0 = Debug|Win32
		{01158C3B-C208-7518-5C29-FB2E9CC781A0}.Debug|x64.ActiveCfg = Debug|x64
		{01158C3B-C208-7518-5C29-FB2E9CC781A0}.Debug|x64.Build.0 = Debug|x64
		{01158C3B-C208-7518-5C29-FB2E9CC781A0}.Profile|Win32.ActiveCfg = Profile|Win32
		{01158C3B-C208-7518-5C29-FB2E9CC781A0}.Profile|Win32.Build.0 = Profile|Win32
		{01158C3B-C208-7518-5C29-FB2E9CC781A0}.Profile|x64.ActiveCfg = Profile|x64
		{01158C3B-C208-7518-5C29-FB2E9CC781A0}.Profile|x64.Build.0 = Profile|x64
		{01158C3B-C208-7518-5C29-FB2E9CC781A0}.Release|Win32.ActiveCfg = Release|Win32
		{01158C3B-C208-7518-5C29-FB2E9CC781A0}.Release|Win32.Build.0 = Release|Win32
		{01158C3B-C208-7518-5C29-FB2E9CC781A0}.Release|x64.ActiveCfg = Release|x64
		{01158C3B-C208-7518-5C29-FB2E9CC781A0}.Release|x64.Build.0 = Release|x64
		{A3B60B71-091C-DAEF-60AF-0D9AD3B31061}.Debug|Win32.ActiveCfg = Debug|Win32
		{A3B60B71-091C-DAEF-60AF-0D9AD3B31061}.Debug|Win32.Build.0 = Debug|Win32
		{A3B60B71-091C-DAEF-60AF-0D9AD3B31061}.Debug|x64.ActiveCfg = Debug|x64
		{A3B60B71-091C-DAEF-60AF-0D9AD3B31061}.Debug|x64.Build.0 = Debug|x64
		{A3B60B71-091C-DAEF-60AF-0D9AD3B31061}.Profile|Win32.ActiveCfg = Profile|Win32
		{A3B60B71-091C-DAEF-60AF-0D9AD3B31061}.Profile|Win32.Build.0 = Profile|Win32
		{A3B60B71-091C-DAEF-60AF-0D9AD3B31061}.Profile|x64.ActiveCfg = Profile|x64
		{A3B60B71-091C-DAEF-60AF-0D9AD3B31061}.Profile|x64.Build.0 = Profile|x64
		{A3B60B71-091C-DAEF-60AF-0D9AD3B31061}.Release|Win32.ActiveCfg = Release|Win32
		{A3B60B71-091C-DAEF-60AF-0D9AD3B31061}.Release|Win32.Build.0 = Release|Win32
		{A3B60B71-091C-DAEF-60AF-0D9AD3B31061}.Release|x64.ActiveCfg = Release|x64
		{A3B60B71-091C-DAEF-60AF-0D9AD3B31061}.Release|x64.Build.0 = Release|x64
		{8910A3C1-5E1C-3B24-5A35-18577C486F08}.Debug|Win32.ActiveCfg = Debug|Win32
		{8910A3C1-5E1C-3B24-5A35-18577C486F08}.Debug|Win32.Build.0 = Debug|Win32
		{8910A3C1-5E1C-3B24-5A35-18577C486F08}.Debug|x64.ActiveCfg = Debug|x64
		{8910A3C1-5E1C-3B24-5A35-18577C486F08}.Debug|x64.Build.0 = Debug|x64
		{8910A3C1-5E1C-3B24-5A35-18577C486F08}.Profile|Win32.ActiveCfg = Profile|Win32
		{8910A3C1-5E1C-3B24-5A35-18577C486F08}.Profile|Win32.Build.0 = Profile|Win32
		{8910A3C1-5E1C-3B24-5A35-18577C486F08}.Profile|x64.ActiveCfg = Profile|x64
		{8910A3C1-5E1C-3B24-5A35-18577C486F08}.Profile|x64.Build.0 = Profile|x64
		{8910A3C1-5E1C-3B24-5A35-18577C486F08}.Release|Win32.ActiveCfg = Release|Win32
		{8910A3C1-5E1C-3B24-5A35-18577C486F08}.Release|Win32.Build.0 = Release|Win32
		{8910A3C1-5E1C-3B24-5A35-18577C486F08}.Release|x64.ActiveCfg = Release|x64
		{8910A3C1-5E1C-3B24-5A35-18577C486F08}.Release|x64.Build.0 = Release|x64
		{AA48A5A7-98B8-2732-D9BB-E40A2AAA287F}.Debug|Win32.ActiveCfg = Debug|Win32
		{AA48A5A7-98B8-2732-D9BB-E40A2AAA287F}.Debug|Win32.Build.0 = Debug|Win32
		{AA48A5A7-98B8-2732-D9BB-E40A2AAA287F}.Debug|x64.ActiveCfg = Debug|x64
		{AA48A5A7-98B8-2732-D9BB-E40A2AAA287F}.Debug|x64.Build.0 = Debug|x64
		{AA48A5A7-98B8-2732-D9BB-E40A2AAA287F}.Profile|Win32.ActiveCfg = Profile|Win32
		{AA48A5A7-98B8-2732-D9BB-E40A2AAA287F}.Profile|Win32.Build.0 = Profile|Win32
		{AA48A5A7-98B8-2732-D9BB-E40A2AAA287F}.Profile|x64.ActiveCfg = Profile|x64
		{AA48A5A7-98B8-2732-D9BB-E40A2AAA287F}.Profile|x64.Build.0 = Profile|x64
		{AA48A5A7-98B8-2732-D9BB-E40A2AAA287F}.Release|Win32.ActiveCfg = Release|Win32
		{AA48A5A7-98B8-2732-D9BB-E40A2AAA287F}.Release|Win32.Build.0 = Release|Win32
		{AA48A5A7-98B8-2732-D9BB-E40A2AAA287F}.Release|x64.ActiveCfg = Release|x64
		{AA48A5A7-98B8-2732-D9BB-E40A2AAA287F}.Release|x64.Build.0 = Release|x64
		{E2D0153E-9BCE-AFBD-5388-492F8CDBE129}.Debug|Win32.ActiveCfg = Debug|Win32
		{E2D0153E-9BCE-AFBD-5388-492F8CDBE129}.Debug|Win32.Build.0 = Debug|Win32
		{E2D0153E-9BCE-AFBD-5388-492F8CDBE129}.Debug|Win32.Deploy.0 = Debug|Win32
		{E2D0153E-9BCE-AFBD-5388-492F8CDBE129}.Debug|x64.ActiveCfg = Debug|x64
		{E2D0153E-9BCE-AFBD-5388-492F8CDBE129}.Debug|x64.Build.0 = Debug|x64
		{E2D0153E-9BCE-AFBD-5388-492F8CDBE129}.Debug|x64.Deploy.0 = Debug|x64
		{E2D0153E-9BCE-AFBD-5388-492F8CDBE129}.Profile|Win32.ActiveCfg = Profile|Win32
		{E2D0153E-9BCE-AFBD-5388-492F8CDBE129}.Profile|Win32.Build.0 = Profile|Win32
		{E2D0153E-9BCE-AFBD-5388-492F8CDBE129}.Profile|Win32.Deploy.0 = Profile|Win32
		{E2D0153E-9BCE-AFBD-5388-492F8CDBE129}.Profile|x64.ActiveCfg = Profile|x64
		{E2D0153E-9BCE-AFBD-5388-492F8CDBE129}.Profile|x64.Build.0 = Profile|x64
		{E2D0153E-9BCE-AFBD-5388-492F8CDBE129}.Profile|x64.Deploy.0 = Profile|x64
		{E2D0153E-9BCE-AFBD-5388-492F8CDBE129}.Release|Win32.ActiveCfg = Release|Win32
		{E2D0153E-9BCE-AFBD-5388-492F8CDBE129}.Release|Win32.Build.0 = Release|Win32
		{E2D0153E-9BCE-AFBD-5388-492F8CDBE129}.Release|Win32.Deploy.0 = Release|Win32
		{E2D0153E-9BCE-AFBD-5388-492F8CDBE129}.Release|x64.ActiveCfg = Release|x64
		{E2D0153E-9BCE-AFBD-5388-492F8CDBE129}.Release|x64.Build.0 = Release|x64
		{E2D0153E-9BCE-AFBD-5388-492F8CDBE129}.Release|x64.Deploy.0 = Release|x64
		{6C48D959-BC1D-259B-B3F9-950BC1923C3E}.Debug|Win32.ActiveCfg = Debug|Win32
		{6C48D959-BC1D-259B-B3F9-950BC1923C3E}.Debug|Win32.Build.0 = Debug|Win32
		{6C48D959-BC1D-259B-B3F9-950BC1923C3E}.Debug|x64.ActiveCfg = Debug|x64
		{6C48D959-BC1D-259B-B3F9-950BC1923C3E}.Debug|x64.Build.0 = Debug|x64
		{6C48D959-BC1D-259B-B3F9-950BC1923C3E}.Profile|Win32.ActiveCfg = Profile|Win32
		{6C48D959-BC1D-259B-B3F9-950BC1923C3E}.Profile|Win32.Build.0 = Profile|Win32
		{6C48D959-BC1D-259B-B3F9-950BC1923C3E}.Profile|x64.ActiveCfg = Profile|x64
		{6C48D959-BC1D-259B-B3F9-950BC1923C3E}.Profile|x64.Build.0 = Profile|x64
		{6C48D959-BC1D-259B-B3F9-950BC1923C3E}.Release|Win32.ActiveCfg = Release|Win32
		{6C48D959-BC1D-259B-B3F9-950BC1923C3E}.Release|Win32.Build.0 = Release|Win32
		{6C48D959-BC1D-259B-B3F9-950BC1923C3E}.Release|x64.ActiveCfg = Release|x64
		{6C48D959-BC1D-259B-B3F9-950BC1923C3E}.Release|x64.Build.0 = Release|x64
		{37F4A39D-8EC1-6511-2949-F41B66B29121}.Debug|Win32.ActiveCfg = Debug|Win32
		{37F4A39D-8EC1-6511-2949-F41B66B29121}.Debug|Win32.Build.0 = Debug|Win32
		{37F4A39D-8EC1-6511-2949-F41B66B29121}.Debug|x64.ActiveCfg = Debug|x64
		{37F4A39D-8EC1-6511-2949-F41B66B29121}.Debug|x64.Build.0 = Debug|x64
		{37F4A39D-8EC1-6511-2949-F41B66B29121}.Profile|Win32.ActiveCfg = Profile|Win32
		{37F4A39D-8EC1-6511-2949-F41B66B29121}.Profile|Win32.Build.0 = Profile|Win32
		{37F4A39D-8EC1-6511-2949-F41B66B29121}.Profile|x64.ActiveCfg = Profile|x64
		{37F4A39D-8EC1-6511-2949-F41B66B29121}.Profile|x64.Build.0 = Profile|x64
		{37F4A39D-8EC1-6511-2949-F41B66B29121}.Release|Win32.ActiveCfg = Release|Win32
		{37F4A39D-8EC1-6511-2949-F41B66B29121}.Release|Win32.Build.0 = Release|Win32
		{37F4A39D-8EC1-6511-2949-F41B66B29121}.Release|x64.ActiveCfg = Release|x64
		{37F4A39D-8EC1-6511-2949-F41B66B29121}.Release|x64.Build.0 = Release|x64
		{150AE6A4-9142-4FCE-4272-1F2CC044B319}.Debug|Win32.ActiveCfg = Debug|Win32
		{150AE6A4-9142-4FCE-4272-1F2CC044B319}.Debug|Win32.Build.0 = Debug|Win32
		{150AE6A4-9142-4FCE-4272-1F2CC044B319}.Debug|x64.ActiveCfg = Debug|x64
		{150AE6A4-9142-4FCE-4272-1F2CC044B319}.Debug|x64.Build.0 = Debug|x64
		{150AE6A4-9142-4FCE-4272-1F2CC044B319}.Profile|Win32.ActiveCfg = Profile|Win32
		{150AE6A4-9142-4FCE-4272-1F2CC044B319}.Profile|Win32.Build.0 = Profile|Win32
		{150AE6A4-9142-4FCE-4272-1F2CC044B319}.Profile|x64.ActiveCfg = Profile|x64
		{150AE6A4-9142-4FCE-4272-1F2CC044B319}.Profile|x64.Build.0 = Profile|x64
		{150AE6A4-9142-4FCE-4272-1F2CC044B319}.Release|Win32.ActiveCfg = Release|Win32
		{150AE6A4-9142-4FCE-4272-1F2CC044B319}.Release|Win32.Build.0 = Release|Win32
		{150AE6A4-9142-4FCE-4272-1F2CC044B319}.Release|x64.ActiveCfg = Release|x64
		{150AE6A4-9142-4FCE-4272-1F2CC044B319}.Release|x64.Build.0 = Release|x64
	EndGlobalSection
	GlobalSection(SolutionProperties) = preSolution
		HideSolutionNode = FALSE
	EndGlobalSection
EndGlobal
